{
  "version": 4,
  "terraform_version": "1.14.9",
  "serial": 229,
  "lineage": "d070c8d7-6017-cbd8-d377-a8059775347b",
  "outputs": {
    "agent_memory_arn": {
      "value": "arn:aws:bedrock-agentcore:us-east-1:689069515280:memory/supply_chain_agent_memory-MMg0wk4t4a",
      "type": "string"
    },
    "evaluators_api_url": {
      "value": "https://21kdihygq1.execute-api.us-east-1.amazonaws.com",
      "type": "string"
    },
    "evaluators_lambda_arn": {
      "value": "arn:aws:lambda:us-east-1:689069515280:function:acvals-su-chain-demo-evaluators",
      "type": "string"
    },
    "mcp_ecr_repository_url": {
      "value": "689069515280.dkr.ecr.us-east-1.amazonaws.com/acvals-su-chain-demo-mcp-tools",
      "type": "string"
    },
    "mcp_runtime_arn": {
      "value": "arn:aws:bedrock-agentcore:us-east-1:689069515280:runtime/mcp_tools_server-KgOcEvD4pi",
      "type": "string"
    },
    "northstar_retail_analytics_url": {
      "value": "https://88qvmszd3i.execute-api.us-east-1.amazonaws.com/dev/analytics",
      "type": "string"
    },
    "northstar_retail_api_url": {
      "value": "https://88qvmszd3i.execute-api.us-east-1.amazonaws.com/dev",
      "type": "string"
    },
    "northstar_retail_distribution_url": {
      "value": "https://88qvmszd3i.execute-api.us-east-1.amazonaws.com/dev/distribution",
      "type": "string"
    },
    "northstar_retail_optimization_url": {
      "value": "https://88qvmszd3i.execute-api.us-east-1.amazonaws.com/dev/optimization",
      "type": "string"
    },
    "northstar_retail_routing_url": {
      "value": "https://88qvmszd3i.execute-api.us-east-1.amazonaws.com/dev/routing",
      "type": "string"
    },
    "runtime_security_group_id": {
      "value": "sg-0fac7937a3f25a585",
      "type": "string"
    },
    "runtime_subnet_ids": {
      "value": [
        "subnet-02cbd0f750a899b2d",
        "subnet-0db09e39c4b62f49c"
      ],
      "type": [
        "list",
        "string"
      ]
    },
    "supply_chain_arn": {
      "value": "arn:aws:bedrock-agentcore:us-east-1:689069515280:runtime/supply_chain_orchestrator_agent-YK657xBNWi",
      "type": "string"
    },
    "supply_chain_ecr_repository_url": {
      "value": "689069515280.dkr.ecr.us-east-1.amazonaws.com/acvals-su-chain-demo-supply-chain-agent",
      "type": "string"
    },
    "vpc_endpoint_ids": {
      "value": {
        "bedrock_agentcore": "vpce-0e22e686b096d00c8",
        "bedrock_runtime": "vpce-01c72056a0150e8a1",
        "ecr_api": "vpce-083248216de271f4c",
        "ecr_dkr": "vpce-02415939b45b3532a",
        "logs": "vpce-01b12b7d250dee3a3",
        "s3": "vpce-0ff92623f48b01313",
        "sts": "vpce-08930e662246245a3",
        "xray": "vpce-0392b7093b6ad773c"
      },
      "type": [
        "object",
        {
          "bedrock_agentcore": "string",
          "bedrock_runtime": "string",
          "ecr_api": "string",
          "ecr_dkr": "string",
          "logs": "string",
          "s3": "string",
          "sts": "string",
          "xray": "string"
        }
      ]
    },
    "vpc_endpoints_security_group_id": {
      "value": "sg-073d2390cf11e8ab1",
      "type": "string"
    }
  },
  "resources": [
    {
      "mode": "data",
      "type": "archive_file",
      "name": "evaluators_source",
      "provider": "provider[\"registry.terraform.io/hashicorp/archive\"]",
      "instances": [
        {
          "schema_version": 0,
          "attributes": {
            "exclude_symlink_directories": null,
            "excludes": null,
            "id": "70be33cf9a9dd18ff68e52b3b79fb9dc74807f96",
            "output_base64sha256": "JLWZuZhWsLl5K240M4MJglpPulNrXoYewUgJ2AeR+zI=",
            "output_base64sha512": "7n+Y2kS0vGb8cmBNzdo/SjkYpfPeu+H+b/467RF8TxtKaLDejrwziYt7I/j3Ktj0JZK5s366wjXy+LIvDgBpMQ==",
            "output_file_mode": null,
            "output_md5": "acf9539a8cbe49644b6ec69bd2c5bbf7",
            "output_path": "./.terraform/evaluators-lambda.zip",
            "output_sha": "70be33cf9a9dd18ff68e52b3b79fb9dc74807f96",
            "output_sha256": "24b599b99856b0b9792b6e34338309825a4fba536b5e861ec14809d80791fb32",
            "output_sha512": "ee7f98da44b4bc66fc72604dcdda3f4a3918a5f3debbe1fe6ffe3aed117c4f1b4a68b0de8ebc33898b7b23f8f72ad8f42592b9b37ebac235f2f8b22f0e006931",
            "output_size": 6407,
            "source": [],
            "source_content": null,
            "source_content_filename": null,
            "source_dir": "./../evaluators/lambda",
            "source_file": null,
            "type": "zip"
          },
          "sensitive_attributes": [],
          "identity_schema_version": 0
        }
      ]
    },
    {
      "mode": "data",
      "type": "archive_file",
      "name": "mcp_source",
      "provider": "provider[\"registry.terraform.io/hashicorp/archive\"]",
      "instances": [
        {
          "schema_version": 0,
          "attributes": {
            "exclude_symlink_directories": null,
            "excludes": null,
            "id": "fb36ab172ac86825ec0c91789ed3879668ca82ff",
            "output_base64sha256": "7jyL7eblRDmPhOEohghb42HVzhRB/cepKdcHvR93aLU=",
            "output_base64sha512": "Nsdsp1Xs2gUp0FNuwDEqQj2/1Ljye7jBQzagS7hLej44qHHdDGrc3pvXUSA7bb2WRAKSrLxgiMDvUEJMEA/X6A==",
            "output_file_mode": null,
            "output_md5": "f18220a8aa0717eadad8ed12144d1d82",
            "output_path": "./.terraform/mcp-source.zip",
            "output_sha": "fb36ab172ac86825ec0c91789ed3879668ca82ff",
            "output_sha256": "ee3c8bede6e544398f84e12886085be361d5ce1441fdc7a929d707bd1f7768b5",
            "output_sha512": "36c76ca755ecda0529d0536ec0312a423dbfd4b8f27bb8c14336a04bb84b7a3e38a871dd0c6adcde9bd751203b6dbd96440292acbc6088c0ef50424c100fd7e8",
            "output_size": 2698,
            "source": [],
            "source_content": null,
            "source_content_filename": null,
            "source_dir": "./../mcp",
            "source_file": null,
            "type": "zip"
          },
          "sensitive_attributes": [],
          "identity_schema_version": 0
        }
      ]
    },
    {
      "mode": "data",
      "type": "archive_file",
      "name": "northstar_retail",
      "provider": "provider[\"registry.terraform.io/hashicorp/archive\"]",
      "instances": [
        {
          "index_key": "analytics",
          "schema_version": 0,
          "attributes": {
            "exclude_symlink_directories": null,
            "excludes": null,
            "id": "c1c8ea3705ab891044b03446f7537dab82936bc0",
            "output_base64sha256": "YsEmypdNFJM+XHRnRQ2++lkniQqMH6GxH8Aae7ZV5xE=",
            "output_base64sha512": "Mhi2tOfTz9EjZzyE/fEK672xIOnbtKYR5MJUzClbzNuGs8T+6szh1/uGJ73z7QfRrvron5BnPv4sQYtmjNI3GA==",
            "output_file_mode": null,
            "output_md5": "ee126951b77878e2b91fe64d1effdf65",
            "output_path": "./.terraform/northstar-retail-analytics.zip",
            "output_sha": "c1c8ea3705ab891044b03446f7537dab82936bc0",
            "output_sha256": "62c126ca974d14933e5c7467450dbefa5927890a8c1fa1b11fc01a7bb655e711",
            "output_sha512": "3218b6b4e7d3cfd123673c84fdf10aebbdb120e9dbb4a611e4c254cc295bccdb86b3c4feeacce1d7fb8627bdf3ed07d1aefae89f90673efe2c418b668cd23718",
            "output_size": 2220,
            "source": [],
            "source_content": null,
            "source_content_filename": null,
            "source_dir": "./../northstar_retail/analytics",
            "source_file": null,
            "type": "zip"
          },
          "sensitive_attributes": [],
          "identity_schema_version": 0
        },
        {
          "index_key": "distribution",
          "schema_version": 0,
          "attributes": {
            "exclude_symlink_directories": null,
            "excludes": null,
            "id": "86a98daef9777b7322c4bb98bc2f83c5bda7becb",
            "output_base64sha256": "1KaCNn5adnV3+de3yzfKRhgngma9Qk4j73uMcW1m5tU=",
            "output_base64sha512": "aXu5dB+v+x160ZZy7MNyMZmrDTm91DKrMaFqVdF7gi8aX1Co70BFMwXJ38HtTEAHmT9jciRcMflOMs2VC46XYw==",
            "output_file_mode": null,
            "output_md5": "9665be234d0b1b8617e2edb9db963a3e",
            "output_path": "./.terraform/northstar-retail-distribution.zip",
            "output_sha": "86a98daef9777b7322c4bb98bc2f83c5bda7becb",
            "output_sha256": "d4a682367e5a767577f9d7b7cb37ca4618278266bd424e23ef7b8c716d66e6d5",
            "output_sha512": "697bb9741faffb1d7ad19672ecc3723199ab0d39bdd432ab31a16a55d17b822f1a5f50a8ef40453305c9dfc1ed4c4007993f6372245c31f94e32cd950b8e9763",
            "output_size": 2106,
            "source": [],
            "source_content": null,
            "source_content_filename": null,
            "source_dir": "./../northstar_retail/distribution",
            "source_file": null,
            "type": "zip"
          },
          "sensitive_attributes": [],
          "identity_schema_version": 0
        },
        {
          "index_key": "optimization",
          "schema_version": 0,
          "attributes": {
            "exclude_symlink_directories": null,
            "excludes": null,
            "id": "bbfdcb15e044612960dae461e242ac2b922b519e",
            "output_base64sha256": "wA9Z4Erd9Jd9v1U4SIYzKMfrnMtZ5ZoEdnMAIlpyPKc=",
            "output_base64sha512": "zgzn6w/LpcyE8ms4ZjsEA2FNjfQTqSKCDPJbfuU0eOGMPrzGFnyJshZ/CZJXxeiIM1PPkppkr6mzGjYT2F6P0A==",
            "output_file_mode": null,
            "output_md5": "7970af88fd7ab6d78fd8fe1409115130",
            "output_path": "./.terraform/northstar-retail-optimization.zip",
            "output_sha": "bbfdcb15e044612960dae461e242ac2b922b519e",
            "output_sha256": "c00f59e04addf4977dbf553848863328c7eb9ccb59e59a04767300225a723ca7",
            "output_sha512": "ce0ce7eb0fcba5cc84f26b38663b0403614d8df413a922820cf25b7ee53478e18c3ebcc6167c89b2167f099257c5e8883353cf929a64afa9b31a3613d85e8fd0",
            "output_size": 2210,
            "source": [],
            "source_content": null,
            "source_content_filename": null,
            "source_dir": "./../northstar_retail/optimization",
            "source_file": null,
            "type": "zip"
          },
          "sensitive_attributes": [],
          "identity_schema_version": 0
        },
        {
          "index_key": "routing",
          "schema_version": 0,
          "attributes": {
            "exclude_symlink_directories": null,
            "excludes": null,
            "id": "c5e151537cbb0081d5908f89833256cae6b44273",
            "output_base64sha256": "McF7/bjefFHSyZRx2BQA/8JOlbXw7y/7/Np4rBsr9as=",
            "output_base64sha512": "lHyOrCLERsXbcHCBxtU2sjVCrpXX7/9qjgvxDXQy9aulxOZflbiuCfqsqQ9Fl3a8ArjgQ3vVzqiw66AL4Yw2+w==",
            "output_file_mode": null,
            "output_md5": "cac32021d7de0a50046fd52931438b4d",
            "output_path": "./.terraform/northstar-retail-routing.zip",
            "output_sha": "c5e151537cbb0081d5908f89833256cae6b44273",
            "output_sha256": "31c17bfdb8de7c51d2c99471d81400ffc24e95b5f0ef2ffbfcda78ac1b2bf5ab",
            "output_sha512": "947c8eac22c446c5db707081c6d536b23542ae95d7efff6a8e0bf10d7432f5aba5c4e65f95b8ae09faaca90f459776bc02b8e0437bd5cea8b0eba00be18c36fb",
            "output_size": 2165,
            "source": [],
            "source_content": null,
            "source_content_filename": null,
            "source_dir": "./../northstar_retail/routing",
            "source_file": null,
            "type": "zip"
          },
          "sensitive_attributes": [],
          "identity_schema_version": 0
        }
      ]
    },
    {
      "mode": "data",
      "type": "archive_file",
      "name": "supply_chain_mock_layer",
      "provider": "provider[\"registry.terraform.io/hashicorp/archive\"]",
      "instances": [
        {
          "schema_version": 0,
          "attributes": {
            "exclude_symlink_directories": null,
            "excludes": null,
            "id": "7fdf07cd668b8c159da0af6bbf975d9ee30f6f64",
            "output_base64sha256": "8N5M/EylBjD/k0fYTz1FdbkmyrjrfnJA3qV6s+r4Ji0=",
            "output_base64sha512": "8RGJzc3HL0n9OrAsy0CiEc98+3J7313K++k2/MjAWcc5nNi/ktcNS19IzPdm12W+qr+hfbK3OdD+Te7ddg6cDQ==",
            "output_file_mode": null,
            "output_md5": "dfc99e62863daf7a86494b0d41d94db8",
            "output_path": "./.terraform/supply-chain-mock-layer.zip",
            "output_sha": "7fdf07cd668b8c159da0af6bbf975d9ee30f6f64",
            "output_sha256": "f0de4cfc4ca50630ff9347d84f3d4575b926cab8eb7e7240dea57ab3eaf8262d",
            "output_sha512": "f11189cdcdc72f49fd3ab02ccb40a211cf7cfb727bdf5dcafbe936fcc8c059c7399cd8bf92d70d4b5f48ccf766d765beaabfa17db2b739d0fe4deedd760e9c0d",
            "output_size": 4566,
            "source": [
              {
                "content": "\"\"\"Canned response data for mock supply chain API endpoints.\"\"\"\r\n\r\nfrom decimal import Decimal\r\n\r\nfrom supply_chain_mock.schema import (\r\n    AnalyticsResponse,\r\n    DistributionResponse,\r\n    Location,\r\n    LocationType,\r\n    OptimizationConstraints,\r\n    OptimizationResponse,\r\n    RebalancingSuggestion,\r\n    RouteOption,\r\n    RoutingResponse,\r\n)\r\n\r\n# --- Shared location fixtures (9 locations) ---\r\n\r\nLOCATION_FC_EAST = Location(\r\n    location_id=\"loc-fc-east\",\r\n    name=\"East Fulfillment Center\",\r\n    location_type=LocationType.FULFILLMENT_CENTER,\r\n    region=\"us-east-1\",\r\n)\r\n\r\nLOCATION_FC_WEST = Location(\r\n    location_id=\"loc-fc-west\",\r\n    name=\"West Fulfillment Center\",\r\n    location_type=LocationType.FULFILLMENT_CENTER,\r\n    region=\"us-west-2\",\r\n)\r\n\r\nLOCATION_STORE_NYC = Location(\r\n    location_id=\"loc-store-nyc\",\r\n    name=\"NYC Flagship Store\",\r\n    location_type=LocationType.STORE,\r\n    region=\"us-east-1\",\r\n)\r\n\r\nLOCATION_DIGITAL = Location(\r\n    location_id=\"loc-digital-main\",\r\n    name=\"Main Digital Channel\",\r\n    location_type=LocationType.DIGITAL_CHANNEL,\r\n    region=\"us-east-1\",\r\n)\r\n\r\nLOCATION_FC_CENTRAL = Location(\r\n    location_id=\"loc-fc-central\",\r\n    name=\"Central Fulfillment Center\",\r\n    location_type=LocationType.FULFILLMENT_CENTER,\r\n    region=\"us-central-1\",\r\n)\r\n\r\nLOCATION_STORE_LA = Location(\r\n    location_id=\"loc-store-la\",\r\n    name=\"Los Angeles Store\",\r\n    location_type=LocationType.STORE,\r\n    region=\"us-west-2\",\r\n)\r\n\r\nLOCATION_STORE_CHI = Location(\r\n    location_id=\"loc-store-chi\",\r\n    name=\"Chicago Store\",\r\n    location_type=LocationType.STORE,\r\n    region=\"us-central-1\",\r\n)\r\n\r\nLOCATION_DC_SOUTH = Location(\r\n    location_id=\"loc-dc-south\",\r\n    name=\"Southern Distribution Center\",\r\n    location_type=LocationType.FULFILLMENT_CENTER,\r\n    region=\"us-south-1\",\r\n)\r\n\r\nLOCATION_DIGITAL_INTL = Location(\r\n    location_id=\"loc-digital-intl\",\r\n    name=\"International Digital Channel\",\r\n    location_type=LocationType.DIGITAL_CHANNEL,\r\n    region=\"eu-west-1\",\r\n)\r\n\r\n\r\n# --- Optimization canned responses keyed by product_id (10 records) ---\r\n\r\nOPTIMIZATION_RESPONSES: dict[str, OptimizationResponse] = {\r\n    \"prod-001\": OptimizationResponse(\r\n        product_id=\"prod-001\",\r\n        location=LOCATION_FC_EAST,\r\n        time_horizon=\"30d\",\r\n        demand_forecast=1200,\r\n        recommended_inventory_level=1500,\r\n        confidence=0.87,\r\n        constraints=OptimizationConstraints(\r\n            budget_limit=Decimal(\"50000.00\"),\r\n            budget_used=Decimal(\"32500.00\"),\r\n            warehouse_capacity=5000,\r\n            warehouse_utilization=3200,\r\n            inventory_holding_cost=Decimal(\"2.50\"),\r\n        ),\r\n    ),\r\n    \"prod-002\": OptimizationResponse(\r\n        product_id=\"prod-002\",\r\n        location=LOCATION_FC_WEST,\r\n        time_horizon=\"30d\",\r\n        demand_forecast=800,\r\n        recommended_inventory_level=1000,\r\n        confidence=0.92,\r\n        constraints=OptimizationConstraints(\r\n            budget_limit=Decimal(\"30000.00\"),\r\n            budget_used=Decimal(\"21000.00\"),\r\n            warehouse_capacity=3000,\r\n            warehouse_utilization=2100,\r\n            inventory_holding_cost=Decimal(\"1.80\"),\r\n        ),\r\n    ),\r\n    \"prod-003\": OptimizationResponse(\r\n        product_id=\"prod-003\",\r\n        location=LOCATION_FC_EAST,\r\n        time_horizon=\"30d\",\r\n        demand_forecast=3500,\r\n        recommended_inventory_level=4000,\r\n        confidence=0.79,\r\n        constraints=OptimizationConstraints(\r\n            budget_limit=Decimal(\"100000.00\"),\r\n            budget_used=Decimal(\"78000.00\"),\r\n            warehouse_capacity=10000,\r\n            warehouse_utilization=8500,\r\n            inventory_holding_cost=Decimal(\"3.20\"),\r\n        ),\r\n    ),\r\n    \"prod-004\": OptimizationResponse(\r\n        product_id=\"prod-004\",\r\n        location=LOCATION_FC_CENTRAL,\r\n        time_horizon=\"30d\",\r\n        demand_forecast=2200,\r\n        recommended_inventory_level=2600,\r\n        confidence=0.84,\r\n        constraints=OptimizationConstraints(\r\n            budget_limit=Decimal(\"75000.00\"),\r\n            budget_used=Decimal(\"45000.00\"),\r\n            warehouse_capacity=7000,\r\n            warehouse_utilization=4800,\r\n            inventory_holding_cost=Decimal(\"2.10\"),\r\n        ),\r\n    ),\r\n    \"prod-005\": OptimizationResponse(\r\n        product_id=\"prod-005\",\r\n        location=LOCATION_DC_SOUTH,\r\n        time_horizon=\"30d\",\r\n        demand_forecast=450,\r\n        recommended_inventory_level=600,\r\n        confidence=0.91,\r\n        constraints=OptimizationConstraints(\r\n            budget_limit=Decimal(\"20000.00\"),\r\n            budget_used=Decimal(\"12000.00\"),\r\n            warehouse_capacity=2000,\r\n            warehouse_utilization=1100,\r\n            inventory_holding_cost=Decimal(\"4.50\"),\r\n        ),\r\n    ),\r\n    \"prod-006\": OptimizationResponse(\r\n        product_id=\"prod-006\",\r\n        location=LOCATION_FC_WEST,\r\n        time_horizon=\"30d\",\r\n        demand_forecast=5000,\r\n        recommended_inventory_level=5800,\r\n        confidence=0.76,\r\n        constraints=OptimizationConstraints(\r\n            budget_limit=Decimal(\"150000.00\"),\r\n            budget_used=Decimal(\"120000.00\"),\r\n            warehouse_capacity=12000,\r\n            warehouse_utilization=10200,\r\n            inventory_holding_cost=Decimal(\"1.50\"),\r\n        ),\r\n    ),\r\n    \"prod-007\": OptimizationResponse(\r\n        product_id=\"prod-007\",\r\n        location=LOCATION_FC_EAST,\r\n        time_horizon=\"30d\",\r\n        demand_forecast=1800,\r\n        recommended_inventory_level=2100,\r\n        confidence=0.88,\r\n        constraints=OptimizationConstraints(\r\n            budget_limit=Decimal(\"60000.00\"),\r\n            budget_used=Decimal(\"38000.00\"),\r\n            warehouse_capacity=6000,\r\n            warehouse_utilization=3900,\r\n            inventory_holding_cost=Decimal(\"2.80\"),\r\n        ),\r\n    ),\r\n    \"prod-008\": OptimizationResponse(\r\n        product_id=\"prod-008\",\r\n        location=LOCATION_FC_CENTRAL,\r\n        time_horizon=\"30d\",\r\n        demand_forecast=950,\r\n        recommended_inventory_level=1200,\r\n        confidence=0.93,\r\n        constraints=OptimizationConstraints(\r\n            budget_limit=Decimal(\"35000.00\"),\r\n            budget_used=Decimal(\"18000.00\"),\r\n            warehouse_capacity=4000,\r\n            warehouse_utilization=2200,\r\n            inventory_holding_cost=Decimal(\"3.00\"),\r\n        ),\r\n    ),\r\n}\r\n\r\n\r\n# --- Distribution canned responses keyed by product_id (10 records) ---\r\n\r\nDISTRIBUTION_RESPONSES: dict[str, DistributionResponse] = {\r\n    \"prod-001\": DistributionResponse(\r\n        product_id=\"prod-001\",\r\n        suggestions=[\r\n            RebalancingSuggestion(\r\n                source_location=LOCATION_FC_EAST,\r\n                destination_location=LOCATION_STORE_NYC,\r\n                product_id=\"prod-001\",\r\n                transfer_quantity=200,\r\n            ),\r\n            RebalancingSuggestion(\r\n                source_location=LOCATION_FC_EAST,\r\n                destination_location=LOCATION_DIGITAL,\r\n                product_id=\"prod-001\",\r\n                transfer_quantity=100,\r\n            ),\r\n        ],\r\n    ),\r\n    \"prod-002\": DistributionResponse(\r\n        product_id=\"prod-002\",\r\n        suggestions=[\r\n            RebalancingSuggestion(\r\n                source_location=LOCATION_FC_WEST,\r\n                destination_location=LOCATION_FC_EAST,\r\n                product_id=\"prod-002\",\r\n                transfer_quantity=350,\r\n            ),\r\n        ],\r\n    ),\r\n    \"prod-003\": DistributionResponse(\r\n        product_id=\"prod-003\",\r\n        suggestions=[\r\n            RebalancingSuggestion(\r\n                source_location=LOCATION_FC_EAST,\r\n                destination_location=LOCATION_FC_WEST,\r\n                product_id=\"prod-003\",\r\n                transfer_quantity=500,\r\n            ),\r\n            RebalancingSuggestion(\r\n                source_location=LOCATION_FC_WEST,\r\n                destination_location=LOCATION_STORE_NYC,\r\n                product_id=\"prod-003\",\r\n                transfer_quantity=150,\r\n            ),\r\n        ],\r\n    ),\r\n    \"prod-004\": DistributionResponse(\r\n        product_id=\"prod-004\",\r\n        suggestions=[\r\n            RebalancingSuggestion(\r\n                source_location=LOCATION_FC_CENTRAL,\r\n                destination_location=LOCATION_STORE_CHI,\r\n                product_id=\"prod-004\",\r\n                transfer_quantity=400,\r\n            ),\r\n            RebalancingSuggestion(\r\n                source_location=LOCATION_FC_CENTRAL,\r\n                destination_location=LOCATION_STORE_LA,\r\n                product_id=\"prod-004\",\r\n                transfer_quantity=250,\r\n            ),\r\n        ],\r\n    ),\r\n    \"prod-005\": DistributionResponse(\r\n        product_id=\"prod-005\",\r\n        suggestions=[\r\n            RebalancingSuggestion(\r\n                source_location=LOCATION_DC_SOUTH,\r\n                destination_location=LOCATION_FC_EAST,\r\n                product_id=\"prod-005\",\r\n                transfer_quantity=180,\r\n            ),\r\n        ],\r\n    ),\r\n    \"prod-006\": DistributionResponse(\r\n        product_id=\"prod-006\",\r\n        suggestions=[\r\n            RebalancingSuggestion(\r\n                source_location=LOCATION_FC_WEST,\r\n                destination_location=LOCATION_STORE_LA,\r\n                product_id=\"prod-006\",\r\n                transfer_quantity=600,\r\n            ),\r\n            RebalancingSuggestion(\r\n                source_location=LOCATION_FC_EAST,\r\n                destination_location=LOCATION_DIGITAL_INTL,\r\n                product_id=\"prod-006\",\r\n                transfer_quantity=300,\r\n            ),\r\n            RebalancingSuggestion(\r\n                source_location=LOCATION_FC_CENTRAL,\r\n                destination_location=LOCATION_DC_SOUTH,\r\n                product_id=\"prod-006\",\r\n                transfer_quantity=450,\r\n            ),\r\n        ],\r\n    ),\r\n    \"prod-007\": DistributionResponse(\r\n        product_id=\"prod-007\",\r\n        suggestions=[\r\n            RebalancingSuggestion(\r\n                source_location=LOCATION_DC_SOUTH,\r\n                destination_location=LOCATION_STORE_NYC,\r\n                product_id=\"prod-007\",\r\n                transfer_quantity=220,\r\n            ),\r\n            RebalancingSuggestion(\r\n                source_location=LOCATION_FC_EAST,\r\n                destination_location=LOCATION_STORE_CHI,\r\n                product_id=\"prod-007\",\r\n                transfer_quantity=180,\r\n            ),\r\n        ],\r\n    ),\r\n    \"prod-008\": DistributionResponse(\r\n        product_id=\"prod-008\",\r\n        suggestions=[\r\n            RebalancingSuggestion(\r\n                source_location=LOCATION_FC_CENTRAL,\r\n                destination_location=LOCATION_FC_WEST,\r\n                product_id=\"prod-008\",\r\n                transfer_quantity=320,\r\n            ),\r\n        ],\r\n    ),\r\n}\r\n\r\n\r\n# --- Routing canned responses keyed by (origin, destination) tuple (10 records) ---\r\n\r\nROUTING_RESPONSES: dict[tuple[str, str], RoutingResponse] = {\r\n    (\"loc-fc-east\", \"loc-store-nyc\"): RoutingResponse(\r\n        origin=\"loc-fc-east\",\r\n        destination=\"loc-store-nyc\",\r\n        options=[\r\n            RouteOption(carrier_name=\"FastShip Express\", estimated_transit_days=1, estimated_cost=Decimal(\"45.00\")),\r\n            RouteOption(carrier_name=\"EcoFreight\", estimated_transit_days=3, estimated_cost=Decimal(\"22.50\")),\r\n        ],\r\n    ),\r\n    (\"loc-fc-east\", \"loc-fc-west\"): RoutingResponse(\r\n        origin=\"loc-fc-east\",\r\n        destination=\"loc-fc-west\",\r\n        options=[\r\n            RouteOption(carrier_name=\"CrossCountry Logistics\", estimated_transit_days=5, estimated_cost=Decimal(\"120.00\")),\r\n            RouteOption(carrier_name=\"FastShip Express\", estimated_transit_days=2, estimated_cost=Decimal(\"210.00\")),\r\n        ],\r\n    ),\r\n    (\"loc-fc-west\", \"loc-store-nyc\"): RoutingResponse(\r\n        origin=\"loc-fc-west\",\r\n        destination=\"loc-store-nyc\",\r\n        options=[\r\n            RouteOption(carrier_name=\"CrossCountry Logistics\", estimated_transit_days=6, estimated_cost=Decimal(\"135.00\")),\r\n        ],\r\n    ),\r\n    (\"loc-fc-central\", \"loc-store-chi\"): RoutingResponse(\r\n        origin=\"loc-fc-central\",\r\n        destination=\"loc-store-chi\",\r\n        options=[\r\n            RouteOption(carrier_name=\"FastShip Express\", estimated_transit_days=1, estimated_cost=Decimal(\"35.00\")),\r\n            RouteOption(carrier_name=\"EcoFreight\", estimated_transit_days=2, estimated_cost=Decimal(\"18.00\")),\r\n        ],\r\n    ),\r\n    (\"loc-fc-central\", \"loc-store-la\"): RoutingResponse(\r\n        origin=\"loc-fc-central\",\r\n        destination=\"loc-store-la\",\r\n        options=[\r\n            RouteOption(carrier_name=\"CrossCountry Logistics\", estimated_transit_days=4, estimated_cost=Decimal(\"95.00\")),\r\n            RouteOption(carrier_name=\"FastShip Express\", estimated_transit_days=2, estimated_cost=Decimal(\"175.00\")),\r\n        ],\r\n    ),\r\n    (\"loc-dc-south\", \"loc-fc-east\"): RoutingResponse(\r\n        origin=\"loc-dc-south\",\r\n        destination=\"loc-fc-east\",\r\n        options=[\r\n            RouteOption(carrier_name=\"EcoFreight\", estimated_transit_days=3, estimated_cost=Decimal(\"55.00\")),\r\n            RouteOption(carrier_name=\"CrossCountry Logistics\", estimated_transit_days=4, estimated_cost=Decimal(\"42.00\")),\r\n        ],\r\n    ),\r\n    (\"loc-fc-west\", \"loc-store-la\"): RoutingResponse(\r\n        origin=\"loc-fc-west\",\r\n        destination=\"loc-store-la\",\r\n        options=[\r\n            RouteOption(carrier_name=\"FastShip Express\", estimated_transit_days=1, estimated_cost=Decimal(\"28.00\")),\r\n            RouteOption(carrier_name=\"EcoFreight\", estimated_transit_days=2, estimated_cost=Decimal(\"15.00\")),\r\n        ],\r\n    ),\r\n    (\"loc-fc-east\", \"loc-dc-south\"): RoutingResponse(\r\n        origin=\"loc-fc-east\",\r\n        destination=\"loc-dc-south\",\r\n        options=[\r\n            RouteOption(carrier_name=\"CrossCountry Logistics\", estimated_transit_days=3, estimated_cost=Decimal(\"78.00\")),\r\n            RouteOption(carrier_name=\"FastShip Express\", estimated_transit_days=1, estimated_cost=Decimal(\"145.00\")),\r\n        ],\r\n    ),\r\n    (\"loc-dc-south\", \"loc-store-nyc\"): RoutingResponse(\r\n        origin=\"loc-dc-south\",\r\n        destination=\"loc-store-nyc\",\r\n        options=[\r\n            RouteOption(carrier_name=\"FastShip Express\", estimated_transit_days=2, estimated_cost=Decimal(\"88.00\")),\r\n            RouteOption(carrier_name=\"EcoFreight\", estimated_transit_days=4, estimated_cost=Decimal(\"48.00\")),\r\n        ],\r\n    ),\r\n    (\"loc-fc-central\", \"loc-fc-east\"): RoutingResponse(\r\n        origin=\"loc-fc-central\",\r\n        destination=\"loc-fc-east\",\r\n        options=[\r\n            RouteOption(carrier_name=\"CrossCountry Logistics\", estimated_transit_days=3, estimated_cost=Decimal(\"85.00\")),\r\n            RouteOption(carrier_name=\"FastShip Express\", estimated_transit_days=1, estimated_cost=Decimal(\"160.00\")),\r\n            RouteOption(carrier_name=\"EcoFreight\", estimated_transit_days=4, estimated_cost=Decimal(\"62.00\")),\r\n        ],\r\n    ),\r\n}\r\n\r\n\r\n# --- Analytics canned responses keyed by query_type ---\r\n\r\nSUPPORTED_QUERY_TYPES = [\"inventory_turnover\", \"demand_trends\", \"shipment_performance\"]\r\n\r\nANALYTICS_RESPONSES: dict[str, AnalyticsResponse] = {\r\n    \"inventory_turnover\": AnalyticsResponse(\r\n        query_type=\"inventory_turnover\",\r\n        columns=[\"product_id\", \"location_id\", \"turnover_rate\", \"period\"],\r\n        rows=[\r\n            [\"prod-001\", \"loc-fc-east\", \"4.2\", \"2025-Q1\"],\r\n            [\"prod-002\", \"loc-fc-west\", \"3.8\", \"2025-Q1\"],\r\n            [\"prod-003\", \"loc-fc-east\", \"5.1\", \"2025-Q1\"],\r\n            [\"prod-004\", \"loc-fc-central\", \"3.5\", \"2025-Q1\"],\r\n            [\"prod-005\", \"loc-dc-south\", \"6.2\", \"2025-Q1\"],\r\n            [\"prod-006\", \"loc-fc-west\", \"2.9\", \"2025-Q1\"],\r\n            [\"prod-007\", \"loc-fc-east\", \"4.8\", \"2025-Q1\"],\r\n            [\"prod-008\", \"loc-fc-central\", \"3.1\", \"2025-Q1\"],\r\n        ],\r\n    ),\r\n    \"demand_trends\": AnalyticsResponse(\r\n        query_type=\"demand_trends\",\r\n        columns=[\"product_id\", \"month\", \"units_sold\", \"trend\"],\r\n        rows=[\r\n            [\"prod-001\", \"2025-01\", \"1100\", \"increasing\"],\r\n            [\"prod-001\", \"2025-02\", \"1250\", \"increasing\"],\r\n            [\"prod-002\", \"2025-01\", \"780\", \"stable\"],\r\n            [\"prod-003\", \"2025-01\", \"3200\", \"increasing\"],\r\n            [\"prod-003\", \"2025-02\", \"3450\", \"increasing\"],\r\n            [\"prod-004\", \"2025-01\", \"2050\", \"stable\"],\r\n            [\"prod-005\", \"2025-01\", \"420\", \"decreasing\"],\r\n            [\"prod-006\", \"2025-01\", \"4800\", \"increasing\"],\r\n            [\"prod-007\", \"2025-01\", \"1750\", \"stable\"],\r\n            [\"prod-008\", \"2025-01\", \"900\", \"increasing\"],\r\n        ],\r\n    ),\r\n    \"shipment_performance\": AnalyticsResponse(\r\n        query_type=\"shipment_performance\",\r\n        columns=[\"carrier\", \"on_time_pct\", \"avg_transit_days\", \"total_shipments\"],\r\n        rows=[\r\n            [\"FastShip Express\", \"96.5\", \"1.8\", \"342\"],\r\n            [\"EcoFreight\", \"89.2\", \"3.2\", \"215\"],\r\n            [\"CrossCountry Logistics\", \"91.0\", \"5.4\", \"128\"],\r\n        ],\r\n    ),\r\n}\r\n",
                "filename": "python/supply_chain_mock/canned_data.py"
              },
              {
                "content": "\"\"\"Mock schema models for supply chain domain entities.\"\"\"\r\n\r\nfrom decimal import Decimal\r\nfrom enum import Enum\r\nfrom typing import List, Optional\r\n\r\nfrom pydantic import BaseModel, Field\r\n\r\n\r\nclass LocationType(str, Enum):\r\n    \"\"\"Type of supply chain location.\"\"\"\r\n\r\n    FULFILLMENT_CENTER = \"fulfillment_center\"\r\n    STORE = \"store\"\r\n    DIGITAL_CHANNEL = \"digital_channel\"\r\n\r\n\r\nclass Product(BaseModel):\r\n    \"\"\"A product in the supply chain.\"\"\"\r\n\r\n    product_id: str\r\n    name: str\r\n    sku: str\r\n    category: str\r\n\r\n\r\nclass Location(BaseModel):\r\n    \"\"\"A supply chain location (fulfillment center, store, or digital channel).\"\"\"\r\n\r\n    location_id: str\r\n    name: str\r\n    location_type: LocationType\r\n    region: str\r\n\r\n\r\nclass Inventory(BaseModel):\r\n    \"\"\"Inventory record referencing a Product and a Location.\"\"\"\r\n\r\n    inventory_id: str\r\n    product: Product\r\n    location: Location\r\n    quantity_on_hand: int\r\n    quantity_reserved: int\r\n\r\n\r\nclass Carrier(BaseModel):\r\n    \"\"\"A logistics carrier.\"\"\"\r\n\r\n    carrier_id: str\r\n    name: str\r\n    service_level: str\r\n\r\n\r\nclass Route(BaseModel):\r\n    \"\"\"A route between two locations via a carrier.\"\"\"\r\n\r\n    route_id: str\r\n    origin: Location\r\n    destination: Location\r\n    carrier: Carrier\r\n    estimated_transit_days: int\r\n    estimated_cost: Decimal\r\n\r\n\r\nclass Shipment(BaseModel):\r\n    \"\"\"A shipment referencing source, destination, carrier, and product quantities.\"\"\"\r\n\r\n    shipment_id: str\r\n    origin: Location\r\n    destination: Location\r\n    carrier: Carrier\r\n    items: List[dict]  # [{\"product_id\": str, \"quantity\": int}]\r\n\r\n\r\n# --- Response Models ---\r\n\r\n\r\nclass OptimizationConstraints(BaseModel):\r\n    \"\"\"Constraints evaluated during optimization.\"\"\"\r\n\r\n    budget_limit: Decimal\r\n    budget_used: Decimal\r\n    warehouse_capacity: int\r\n    warehouse_utilization: int\r\n    inventory_holding_cost: Decimal\r\n\r\n\r\nclass OptimizationResponse(BaseModel):\r\n    \"\"\"Response from the optimization endpoint.\"\"\"\r\n\r\n    product_id: str\r\n    location: Location\r\n    time_horizon: str\r\n    demand_forecast: int\r\n    recommended_inventory_level: int\r\n    confidence: float\r\n    constraints: OptimizationConstraints\r\n\r\n\r\nclass RebalancingSuggestion(BaseModel):\r\n    \"\"\"A single rebalancing suggestion within a distribution response.\"\"\"\r\n\r\n    source_location: Location\r\n    destination_location: Location\r\n    product_id: str\r\n    transfer_quantity: int\r\n\r\n\r\nclass DistributionResponse(BaseModel):\r\n    \"\"\"Response from the distribution endpoint.\"\"\"\r\n\r\n    product_id: str\r\n    suggestions: List[RebalancingSuggestion]\r\n\r\n\r\nclass RouteOption(BaseModel):\r\n    \"\"\"A single route option within a routing response.\"\"\"\r\n\r\n    carrier_name: str\r\n    estimated_transit_days: int\r\n    estimated_cost: Decimal\r\n\r\n\r\nclass RoutingResponse(BaseModel):\r\n    \"\"\"Response from the routing endpoint.\"\"\"\r\n\r\n    origin: str\r\n    destination: str\r\n    options: List[RouteOption]\r\n\r\n\r\nclass AnalyticsResponse(BaseModel):\r\n    \"\"\"Response from the analytics endpoint.\"\"\"\r\n\r\n    query_type: str\r\n    columns: List[str]\r\n    rows: List[List[str]]\r\n\r\n\r\nclass ErrorResponse(BaseModel):\r\n    \"\"\"Error response returned on invalid requests.\"\"\"\r\n\r\n    error: str\r\n    missing_parameters: Optional[List[str]] = None\r\n",
                "filename": "python/supply_chain_mock/schema.py"
              },
              {
                "content": "\"\"\"Pretty-printer and parser for supply chain API payloads.\"\"\"\r\n\r\nfrom typing import Type, TypeVar\r\n\r\nfrom pydantic import BaseModel\r\n\r\nT = TypeVar(\"T\", bound=BaseModel)\r\n\r\n\r\ndef pretty_print(payload: BaseModel) -\u003e str:\r\n    \"\"\"Serialize a Pydantic payload object to a formatted JSON string.\r\n\r\n    Args:\r\n        payload: A Pydantic BaseModel instance to serialize.\r\n\r\n    Returns:\r\n        A human-readable, indented JSON string representation of the payload.\r\n    \"\"\"\r\n    return payload.model_dump_json(indent=2)\r\n\r\n\r\ndef parse_payload(json_str: str, model_class: Type[T]) -\u003e T:\r\n    \"\"\"Deserialize a JSON string into a typed Pydantic model instance.\r\n\r\n    Args:\r\n        json_str: A JSON string to parse.\r\n        model_class: The Pydantic model class to deserialize into.\r\n\r\n    Returns:\r\n        An instance of model_class reconstructed from the JSON string.\r\n    \"\"\"\r\n    return model_class.model_validate_json(json_str)\r\n",
                "filename": "python/supply_chain_mock/serialization.py"
              },
              {
                "content": "\"\"\"Supply Chain Mock - Shared package for mock schema models, canned data, and serialization.\"\"\"\r\n",
                "filename": "python/supply_chain_mock/__init__.py"
              }
            ],
            "source_content": null,
            "source_content_filename": null,
            "source_dir": null,
            "source_file": null,
            "type": "zip"
          },
          "sensitive_attributes": [],
          "identity_schema_version": 0
        }
      ]
    },
    {
      "mode": "data",
      "type": "archive_file",
      "name": "supply_chain_source",
      "provider": "provider[\"registry.terraform.io/hashicorp/archive\"]",
      "instances": [
        {
          "schema_version": 0,
          "attributes": {
            "exclude_symlink_directories": null,
            "excludes": null,
            "id": "6d7db8f44826e8d0a8f97c07ec0b471099b74f9b",
            "output_base64sha256": "AjiOFFZLDCVzFDLhoKtUyTOhZ46gkQ0GyLpXWRvksow=",
            "output_base64sha512": "+Ao4woDWMhY2YcEasEEesMqJ0cwZFjLlYk9qKc0nFfiFd7LVOFqnnbeTw7irPT0EbmWd7QlO5TAvQDhJgYTjJw==",
            "output_file_mode": null,
            "output_md5": "a7400366ec8f25c04ea127af13b2ba51",
            "output_path": "./.terraform/supply-chain-source.zip",
            "output_sha": "6d7db8f44826e8d0a8f97c07ec0b471099b74f9b",
            "output_sha256": "02388e14564b0c25731432e1a0ab54c933a1678ea0910d06c8ba57591be4b28c",
            "output_sha512": "f80a38c280d632163661c11ab0411eb0ca89d1cc191632e5624f6a29cd2715f88577b2d5385aa79db793c3b8ab3d3d046e659ded094ee5302f4038498184e327",
            "output_size": 14995,
            "source": [],
            "source_content": null,
            "source_content_filename": null,
            "source_dir": "./../agents/supply_chain",
            "source_file": null,
            "type": "zip"
          },
          "sensitive_attributes": [],
          "identity_schema_version": 0
        }
      ]
    },
    {
      "mode": "data",
      "type": "aws_caller_identity",
      "name": "current",
      "provider": "provider[\"registry.terraform.io/hashicorp/aws\"]",
      "instances": [
        {
          "schema_version": 0,
          "attributes": {
            "account_id": "689069515280",
            "arn": "arn:aws:sts::689069515280:assumed-role/Admin/kmmahaj-Isengard",
            "id": "689069515280",
            "user_id": "AROA2A356MIICP7XDKU3V:kmmahaj-Isengard"
          },
          "sensitive_attributes": [],
          "identity_schema_version": 0
        }
      ]
    },
    {
      "mode": "data",
      "type": "aws_region",
      "name": "current",
      "provider": "provider[\"registry.terraform.io/hashicorp/aws\"]",
      "instances": [
        {
          "schema_version": 0,
          "attributes": {
            "description": "US East (N. Virginia)",
            "endpoint": "ec2.us-east-1.amazonaws.com",
            "id": "us-east-1",
            "name": "us-east-1",
            "region": "us-east-1"
          },
          "sensitive_attributes": [],
          "identity_schema_version": 0
        }
      ]
    },
    {
      "mode": "data",
      "type": "aws_route_table",
      "name": "main",
      "provider": "provider[\"registry.terraform.io/hashicorp/aws\"]",
      "instances": [
        {
          "schema_version": 0,
          "attributes": {
            "arn": "arn:aws:ec2:us-east-1:689069515280:route-table/rtb-010e73915de999130",
            "associations": [
              {
                "gateway_id": "",
                "main": true,
                "route_table_association_id": "rtbassoc-0130d533458fd135c",
                "route_table_id": "rtb-010e73915de999130",
                "subnet_id": ""
              }
            ],
            "filter": [
              {
                "name": "association.main",
                "values": [
                  "true"
                ]
              }
            ],
            "gateway_id": null,
            "id": "rtb-010e73915de999130",
            "owner_id": "689069515280",
            "region": "us-east-1",
            "route_table_id": "rtb-010e73915de999130",
            "routes": [],
            "subnet_id": null,
            "tags": {},
            "timeouts": null,
            "vpc_id": "vpc-09af3b8d20e312e6b"
          },
          "sensitive_attributes": [],
          "identity_schema_version": 0
        }
      ]
    },
    {
      "mode": "data",
      "type": "aws_subnet",
      "name": "explicit_subnets",
      "provider": "provider[\"registry.terraform.io/hashicorp/aws\"]",
      "instances": [
        {
          "index_key": "subnet-02cbd0f750a899b2d",
          "schema_version": 0,
          "attributes": {
            "arn": "arn:aws:ec2:us-east-1:689069515280:subnet/subnet-02cbd0f750a899b2d",
            "assign_ipv6_address_on_creation": false,
            "availability_zone": "us-east-1c",
            "availability_zone_id": "use1-az2",
            "available_ip_address_count": 8178,
            "cidr_block": "192.168.160.0/19",
            "customer_owned_ipv4_pool": "",
            "default_for_az": false,
            "enable_dns64": false,
            "enable_lni_at_device_index": 0,
            "enable_resource_name_dns_a_record_on_launch": false,
            "enable_resource_name_dns_aaaa_record_on_launch": false,
            "filter": null,
            "id": "subnet-02cbd0f750a899b2d",
            "ipv6_cidr_block": "",
            "ipv6_cidr_block_association_id": "",
            "ipv6_native": false,
            "map_customer_owned_ip_on_launch": false,
            "map_public_ip_on_launch": false,
            "outpost_arn": "",
            "owner_id": "689069515280",
            "private_dns_hostname_type_on_launch": "ip-name",
            "region": "us-east-1",
            "state": "available",
            "tags": {
              "Name": "eksctl-multitenant-chatapp-cluster/SubnetPrivateUSEAST1C",
              "alpha.eksctl.io/cluster-name": "multitenant-chatapp",
              "alpha.eksctl.io/cluster-oidc-enabled": "true",
              "alpha.eksctl.io/eksctl-version": "0.164.0",
              "eksctl.cluster.k8s.io/v1alpha1/cluster-name": "multitenant-chatapp",
              "kubernetes.io/role/internal-elb": "1"
            },
            "timeouts": null,
            "vpc_id": "vpc-09af3b8d20e312e6b"
          },
          "sensitive_attributes": [],
          "identity_schema_version": 0
        },
        {
          "index_key": "subnet-0db09e39c4b62f49c",
          "schema_version": 0,
          "attributes": {
            "arn": "arn:aws:ec2:us-east-1:689069515280:subnet/subnet-0db09e39c4b62f49c",
            "assign_ipv6_address_on_creation": false,
            "availability_zone": "us-east-1b",
            "availability_zone_id": "use1-az1",
            "available_ip_address_count": 8179,
            "cidr_block": "192.168.128.0/19",
            "customer_owned_ipv4_pool": "",
            "default_for_az": false,
            "enable_dns64": false,
            "enable_lni_at_device_index": 0,
            "enable_resource_name_dns_a_record_on_launch": false,
            "enable_resource_name_dns_aaaa_record_on_launch": false,
            "filter": null,
            "id": "subnet-0db09e39c4b62f49c",
            "ipv6_cidr_block": "",
            "ipv6_cidr_block_association_id": "",
            "ipv6_native": false,
            "map_customer_owned_ip_on_launch": false,
            "map_public_ip_on_launch": false,
            "outpost_arn": "",
            "owner_id": "689069515280",
            "private_dns_hostname_type_on_launch": "ip-name",
            "region": "us-east-1",
            "state": "available",
            "tags": {
              "Name": "eksctl-multitenant-chatapp-cluster/SubnetPrivateUSEAST1B",
              "alpha.eksctl.io/cluster-name": "multitenant-chatapp",
              "alpha.eksctl.io/cluster-oidc-enabled": "true",
              "alpha.eksctl.io/eksctl-version": "0.164.0",
              "eksctl.cluster.k8s.io/v1alpha1/cluster-name": "multitenant-chatapp",
              "kubernetes.io/role/internal-elb": "1"
            },
            "timeouts": null,
            "vpc_id": "vpc-09af3b8d20e312e6b"
          },
          "sensitive_attributes": [],
          "identity_schema_version": 0
        }
      ]
    },
    {
      "mode": "data",
      "type": "aws_subnet",
      "name": "runtime_subnets",
      "provider": "provider[\"registry.terraform.io/hashicorp/aws\"]",
      "instances": []
    },
    {
      "mode": "data",
      "type": "aws_vpc",
      "name": "selected",
      "provider": "provider[\"registry.terraform.io/hashicorp/aws\"]",
      "instances": [
        {
          "schema_version": 0,
          "attributes": {
            "arn": "arn:aws:ec2:us-east-1:689069515280:vpc/vpc-09af3b8d20e312e6b",
            "cidr_block": "192.168.0.0/16",
            "cidr_block_associations": [
              {
                "association_id": "vpc-cidr-assoc-02a4998e939e7e3df",
                "cidr_block": "192.168.0.0/16",
                "state": "associated"
              }
            ],
            "default": false,
            "dhcp_options_id": "dopt-032ed332de9f6432a",
            "enable_dns_hostnames": true,
            "enable_dns_support": true,
            "enable_network_address_usage_metrics": false,
            "filter": null,
            "id": "vpc-09af3b8d20e312e6b",
            "instance_tenancy": "default",
            "ipv6_association_id": "",
            "ipv6_cidr_block": "",
            "main_route_table_id": "rtb-010e73915de999130",
            "owner_id": "689069515280",
            "region": "us-east-1",
            "state": null,
            "tags": {
              "Name": "eksctl-multitenant-chatapp-cluster/VPC",
              "alpha.eksctl.io/cluster-name": "multitenant-chatapp",
              "alpha.eksctl.io/cluster-oidc-enabled": "true",
              "alpha.eksctl.io/eksctl-version": "0.164.0",
              "eksctl.cluster.k8s.io/v1alpha1/cluster-name": "multitenant-chatapp"
            },
            "timeouts": null
          },
          "sensitive_attributes": [],
          "identity_schema_version": 0
        }
      ]
    },
    {
      "mode": "managed",
      "type": "aws_api_gateway_deployment",
      "name": "northstar_retail",
      "provider": "provider[\"registry.terraform.io/hashicorp/aws\"]",
      "instances": [
        {
          "schema_version": 0,
          "attributes": {
            "created_date": "2026-05-11T22:48:54Z",
            "description": "",
            "id": "hjbm1q",
            "region": "us-east-1",
            "rest_api_id": "88qvmszd3i",
            "triggers": {
              "redeployment": "980fd4d7ba2c32858916543f7587ebfe2b38b43a"
            },
            "variables": null
          },
          "sensitive_attributes": [],
          "identity_schema_version": 0,
          "private": "bnVsbA==",
          "dependencies": [
            "aws_api_gateway_integration.northstar_retail",
            "aws_api_gateway_method.northstar_retail",
            "aws_api_gateway_resource.northstar_retail",
            "aws_api_gateway_rest_api.northstar_retail",
            "aws_iam_role.northstar_retail_lambda",
            "aws_lambda_function.northstar_retail",
            "aws_lambda_layer_version.supply_chain_mock",
            "data.archive_file.northstar_retail",
            "data.archive_file.supply_chain_mock_layer"
          ],
          "create_before_destroy": true
        }
      ]
    },
    {
      "mode": "managed",
      "type": "aws_api_gateway_integration",
      "name": "northstar_retail",
      "provider": "provider[\"registry.terraform.io/hashicorp/aws\"]",
      "instances": [
        {
          "index_key": "analytics",
          "schema_version": 0,
          "attributes": {
            "cache_key_parameters": [],
            "cache_namespace": "c647xx",
            "connection_id": "",
            "connection_type": "INTERNET",
            "content_handling": "",
            "credentials": "",
            "http_method": "GET",
            "id": "agi-88qvmszd3i-c647xx-GET",
            "integration_http_method": "POST",
            "integration_target": "",
            "passthrough_behavior": "WHEN_NO_MATCH",
            "region": "us-east-1",
            "request_parameters": {},
            "request_templates": {},
            "resource_id": "c647xx",
            "response_transfer_mode": "BUFFERED",
            "rest_api_id": "88qvmszd3i",
            "timeout_milliseconds": 29000,
            "tls_config": [],
            "type": "AWS_PROXY",
            "uri": "arn:aws:apigateway:us-east-1:lambda:path/2015-03-31/functions/arn:aws:lambda:us-east-1:689069515280:function:acvals-su-chain-demo-supply-chain-analytics/invocations"
          },
          "sensitive_attributes": [],
          "identity_schema_version": 0,
          "identity": {
            "account_id": "689069515280",
            "http_method": "GET",
            "region": "us-east-1",
            "resource_id": "c647xx",
            "rest_api_id": "88qvmszd3i"
          },
          "private": "bnVsbA==",
          "dependencies": [
            "aws_api_gateway_method.northstar_retail",
            "aws_api_gateway_resource.northstar_retail",
            "aws_api_gateway_rest_api.northstar_retail",
            "aws_iam_role.northstar_retail_lambda",
            "aws_lambda_function.northstar_retail",
            "aws_lambda_layer_version.supply_chain_mock",
            "data.archive_file.northstar_retail",
            "data.archive_file.supply_chain_mock_layer"
          ],
          "create_before_destroy": true
        },
        {
          "index_key": "distribution",
          "schema_version": 0,
          "attributes": {
            "cache_key_parameters": [],
            "cache_namespace": "szbgcd",
            "connection_id": "",
            "connection_type": "INTERNET",
            "content_handling": "",
            "credentials": "",
            "http_method": "GET",
            "id": "agi-88qvmszd3i-szbgcd-GET",
            "integration_http_method": "POST",
            "integration_target": "",
            "passthrough_behavior": "WHEN_NO_MATCH",
            "region": "us-east-1",
            "request_parameters": {},
            "request_templates": {},
            "resource_id": "szbgcd",
            "response_transfer_mode": "BUFFERED",
            "rest_api_id": "88qvmszd3i",
            "timeout_milliseconds": 29000,
            "tls_config": [],
            "type": "AWS_PROXY",
            "uri": "arn:aws:apigateway:us-east-1:lambda:path/2015-03-31/functions/arn:aws:lambda:us-east-1:689069515280:function:acvals-su-chain-demo-supply-chain-distribution/invocations"
          },
          "sensitive_attributes": [],
          "identity_schema_version": 0,
          "identity": {
            "account_id": "689069515280",
            "http_method": "GET",
            "region": "us-east-1",
            "resource_id": "szbgcd",
            "rest_api_id": "88qvmszd3i"
          },
          "private": "bnVsbA==",
          "dependencies": [
            "aws_api_gateway_method.northstar_retail",
            "aws_api_gateway_resource.northstar_retail",
            "aws_api_gateway_rest_api.northstar_retail",
            "aws_iam_role.northstar_retail_lambda",
            "aws_lambda_function.northstar_retail",
            "aws_lambda_layer_version.supply_chain_mock",
            "data.archive_file.northstar_retail",
            "data.archive_file.supply_chain_mock_layer"
          ],
          "create_before_destroy": true
        },
        {
          "index_key": "optimization",
          "schema_version": 0,
          "attributes": {
            "cache_key_parameters": [],
            "cache_namespace": "co2tvc",
            "connection_id": "",
            "connection_type": "INTERNET",
            "content_handling": "",
            "credentials": "",
            "http_method": "GET",
            "id": "agi-88qvmszd3i-co2tvc-GET",
            "integration_http_method": "POST",
            "integration_target": "",
            "passthrough_behavior": "WHEN_NO_MATCH",
            "region": "us-east-1",
            "request_parameters": {},
            "request_templates": {},
            "resource_id": "co2tvc",
            "response_transfer_mode": "BUFFERED",
            "rest_api_id": "88qvmszd3i",
            "timeout_milliseconds": 29000,
            "tls_config": [],
            "type": "AWS_PROXY",
            "uri": "arn:aws:apigateway:us-east-1:lambda:path/2015-03-31/functions/arn:aws:lambda:us-east-1:689069515280:function:acvals-su-chain-demo-supply-chain-optimization/invocations"
          },
          "sensitive_attributes": [],
          "identity_schema_version": 0,
          "identity": {
            "account_id": "689069515280",
            "http_method": "GET",
            "region": "us-east-1",
            "resource_id": "co2tvc",
            "rest_api_id": "88qvmszd3i"
          },
          "private": "bnVsbA==",
          "dependencies": [
            "aws_api_gateway_method.northstar_retail",
            "aws_api_gateway_resource.northstar_retail",
            "aws_api_gateway_rest_api.northstar_retail",
            "aws_iam_role.northstar_retail_lambda",
            "aws_lambda_function.northstar_retail",
            "aws_lambda_layer_version.supply_chain_mock",
            "data.archive_file.northstar_retail",
            "data.archive_file.supply_chain_mock_layer"
          ],
          "create_before_destroy": true
        },
        {
          "index_key": "routing",
          "schema_version": 0,
          "attributes": {
            "cache_key_parameters": [],
            "cache_namespace": "ex58wc",
            "connection_id": "",
            "connection_type": "INTERNET",
            "content_handling": "",
            "credentials": "",
            "http_method": "GET",
            "id": "agi-88qvmszd3i-ex58wc-GET",
            "integration_http_method": "POST",
            "integration_target": "",
            "passthrough_behavior": "WHEN_NO_MATCH",
            "region": "us-east-1",
            "request_parameters": {},
            "request_templates": {},
            "resource_id": "ex58wc",
            "response_transfer_mode": "BUFFERED",
            "rest_api_id": "88qvmszd3i",
            "timeout_milliseconds": 29000,
            "tls_config": [],
            "type": "AWS_PROXY",
            "uri": "arn:aws:apigateway:us-east-1:lambda:path/2015-03-31/functions/arn:aws:lambda:us-east-1:689069515280:function:acvals-su-chain-demo-supply-chain-routing/invocations"
          },
          "sensitive_attributes": [],
          "identity_schema_version": 0,
          "identity": {
            "account_id": "689069515280",
            "http_method": "GET",
            "region": "us-east-1",
            "resource_id": "ex58wc",
            "rest_api_id": "88qvmszd3i"
          },
          "private": "bnVsbA==",
          "dependencies": [
            "aws_api_gateway_method.northstar_retail",
            "aws_api_gateway_resource.northstar_retail",
            "aws_api_gateway_rest_api.northstar_retail",
            "aws_iam_role.northstar_retail_lambda",
            "aws_lambda_function.northstar_retail",
            "aws_lambda_layer_version.supply_chain_mock",
            "data.archive_file.northstar_retail",
            "data.archive_file.supply_chain_mock_layer"
          ],
          "create_before_destroy": true
        }
      ]
    },
    {
      "mode": "managed",
      "type": "aws_api_gateway_method",
      "name": "northstar_retail",
      "provider": "provider[\"registry.terraform.io/hashicorp/aws\"]",
      "instances": [
        {
          "index_key": "analytics",
          "schema_version": 0,
          "attributes": {
            "api_key_required": false,
            "authorization": "NONE",
            "authorization_scopes": [],
            "authorizer_id": "",
            "http_method": "GET",
            "id": "agm-88qvmszd3i-c647xx-GET",
            "operation_name": "",
            "region": "us-east-1",
            "request_models": {},
            "request_parameters": {},
            "request_validator_id": "",
            "resource_id": "c647xx",
            "rest_api_id": "88qvmszd3i"
          },
          "sensitive_attributes": [],
          "identity_schema_version": 0,
          "identity": {
            "account_id": "689069515280",
            "http_method": "GET",
            "region": "us-east-1",
            "resource_id": "c647xx",
            "rest_api_id": "88qvmszd3i"
          },
          "private": "bnVsbA==",
          "dependencies": [
            "aws_api_gateway_resource.northstar_retail",
            "aws_api_gateway_rest_api.northstar_retail"
          ],
          "create_before_destroy": true
        },
        {
          "index_key": "distribution",
          "schema_version": 0,
          "attributes": {
            "api_key_required": false,
            "authorization": "NONE",
            "authorization_scopes": [],
            "authorizer_id": "",
            "http_method": "GET",
            "id": "agm-88qvmszd3i-szbgcd-GET",
            "operation_name": "",
            "region": "us-east-1",
            "request_models": {},
            "request_parameters": {},
            "request_validator_id": "",
            "resource_id": "szbgcd",
            "rest_api_id": "88qvmszd3i"
          },
          "sensitive_attributes": [],
          "identity_schema_version": 0,
          "identity": {
            "account_id": "689069515280",
            "http_method": "GET",
            "region": "us-east-1",
            "resource_id": "szbgcd",
            "rest_api_id": "88qvmszd3i"
          },
          "private": "bnVsbA==",
          "dependencies": [
            "aws_api_gateway_resource.northstar_retail",
            "aws_api_gateway_rest_api.northstar_retail"
          ],
          "create_before_destroy": true
        },
        {
          "index_key": "optimization",
          "schema_version": 0,
          "attributes": {
            "api_key_required": false,
            "authorization": "NONE",
            "authorization_scopes": [],
            "authorizer_id": "",
            "http_method": "GET",
            "id": "agm-88qvmszd3i-co2tvc-GET",
            "operation_name": "",
            "region": "us-east-1",
            "request_models": {},
            "request_parameters": {},
            "request_validator_id": "",
            "resource_id": "co2tvc",
            "rest_api_id": "88qvmszd3i"
          },
          "sensitive_attributes": [],
          "identity_schema_version": 0,
          "identity": {
            "account_id": "689069515280",
            "http_method": "GET",
            "region": "us-east-1",
            "resource_id": "co2tvc",
            "rest_api_id": "88qvmszd3i"
          },
          "private": "bnVsbA==",
          "dependencies": [
            "aws_api_gateway_resource.northstar_retail",
            "aws_api_gateway_rest_api.northstar_retail"
          ],
          "create_before_destroy": true
        },
        {
          "index_key": "routing",
          "schema_version": 0,
          "attributes": {
            "api_key_required": false,
            "authorization": "NONE",
            "authorization_scopes": [],
            "authorizer_id": "",
            "http_method": "GET",
            "id": "agm-88qvmszd3i-ex58wc-GET",
            "operation_name": "",
            "region": "us-east-1",
            "request_models": {},
            "request_parameters": {},
            "request_validator_id": "",
            "resource_id": "ex58wc",
            "rest_api_id": "88qvmszd3i"
          },
          "sensitive_attributes": [],
          "identity_schema_version": 0,
          "identity": {
            "account_id": "689069515280",
            "http_method": "GET",
            "region": "us-east-1",
            "resource_id": "ex58wc",
            "rest_api_id": "88qvmszd3i"
          },
          "private": "bnVsbA==",
          "dependencies": [
            "aws_api_gateway_resource.northstar_retail",
            "aws_api_gateway_rest_api.northstar_retail"
          ],
          "create_before_destroy": true
        }
      ]
    },
    {
      "mode": "managed",
      "type": "aws_api_gateway_resource",
      "name": "northstar_retail",
      "provider": "provider[\"registry.terraform.io/hashicorp/aws\"]",
      "instances": [
        {
          "index_key": "analytics",
          "schema_version": 0,
          "attributes": {
            "id": "c647xx",
            "parent_id": "97a090odk6",
            "path": "/analytics",
            "path_part": "analytics",
            "region": "us-east-1",
            "rest_api_id": "88qvmszd3i"
          },
          "sensitive_attributes": [],
          "identity_schema_version": 0,
          "identity": {
            "account_id": "689069515280",
            "id": "c647xx",
            "region": "us-east-1",
            "rest_api_id": "88qvmszd3i"
          },
          "private": "bnVsbA==",
          "dependencies": [
            "aws_api_gateway_rest_api.northstar_retail"
          ],
          "create_before_destroy": true
        },
        {
          "index_key": "distribution",
          "schema_version": 0,
          "attributes": {
            "id": "szbgcd",
            "parent_id": "97a090odk6",
            "path": "/distribution",
            "path_part": "distribution",
            "region": "us-east-1",
            "rest_api_id": "88qvmszd3i"
          },
          "sensitive_attributes": [],
          "identity_schema_version": 0,
          "identity": {
            "account_id": "689069515280",
            "id": "szbgcd",
            "region": "us-east-1",
            "rest_api_id": "88qvmszd3i"
          },
          "private": "bnVsbA==",
          "dependencies": [
            "aws_api_gateway_rest_api.northstar_retail"
          ],
          "create_before_destroy": true
        },
        {
          "index_key": "optimization",
          "schema_version": 0,
          "attributes": {
            "id": "co2tvc",
            "parent_id": "97a090odk6",
            "path": "/optimization",
            "path_part": "optimization",
            "region": "us-east-1",
            "rest_api_id": "88qvmszd3i"
          },
          "sensitive_attributes": [],
          "identity_schema_version": 0,
          "identity": {
            "account_id": "689069515280",
            "id": "co2tvc",
            "region": "us-east-1",
            "rest_api_id": "88qvmszd3i"
          },
          "private": "bnVsbA==",
          "dependencies": [
            "aws_api_gateway_rest_api.northstar_retail"
          ],
          "create_before_destroy": true
        },
        {
          "index_key": "routing",
          "schema_version": 0,
          "attributes": {
            "id": "ex58wc",
            "parent_id": "97a090odk6",
            "path": "/routing",
            "path_part": "routing",
            "region": "us-east-1",
            "rest_api_id": "88qvmszd3i"
          },
          "sensitive_attributes": [],
          "identity_schema_version": 0,
          "identity": {
            "account_id": "689069515280",
            "id": "ex58wc",
            "region": "us-east-1",
            "rest_api_id": "88qvmszd3i"
          },
          "private": "bnVsbA==",
          "dependencies": [
            "aws_api_gateway_rest_api.northstar_retail"
          ],
          "create_before_destroy": true
        }
      ]
    },
    {
      "mode": "managed",
      "type": "aws_api_gateway_rest_api",
      "name": "northstar_retail",
      "provider": "provider[\"registry.terraform.io/hashicorp/aws\"]",
      "instances": [
        {
          "schema_version": 0,
          "attributes": {
            "api_key_source": "HEADER",
            "arn": "arn:aws:apigateway:us-east-1::/restapis/88qvmszd3i",
            "binary_media_types": [],
            "body": null,
            "created_date": "2026-05-09T21:20:35Z",
            "description": "REST API for Northstar Retail supply chain mock data",
            "disable_execute_api_endpoint": false,
            "endpoint_configuration": [
              {
                "ip_address_type": "ipv4",
                "types": [
                  "EDGE"
                ],
                "vpc_endpoint_ids": []
              }
            ],
            "execution_arn": "arn:aws:execute-api:us-east-1:689069515280:88qvmszd3i",
            "fail_on_warnings": null,
            "id": "88qvmszd3i",
            "minimum_compression_size": "",
            "name": "SupplyChainMockApi",
            "parameters": null,
            "policy": "",
            "put_rest_api_mode": null,
            "region": "us-east-1",
            "root_resource_id": "97a090odk6",
            "tags": {
              "Name": "acvals-su-chain-demo-northstar-retail-api"
            },
            "tags_all": {
              "Environment": "demo",
              "ManagedBy": "Terraform",
              "Name": "acvals-su-chain-demo-northstar-retail-api",
              "Project": "AgentCore-Supply-Chain",
              "Stack": "acvals-su-chain"
            }
          },
          "sensitive_attributes": [],
          "identity_schema_version": 0,
          "identity": {
            "account_id": "689069515280",
            "id": "88qvmszd3i",
            "region": "us-east-1"
          },
          "private": "bnVsbA==",
          "create_before_destroy": true
        }
      ]
    },
    {
      "mode": "managed",
      "type": "aws_api_gateway_stage",
      "name": "northstar_retail",
      "provider": "provider[\"registry.terraform.io/hashicorp/aws\"]",
      "instances": [
        {
          "schema_version": 0,
          "attributes": {
            "access_log_settings": [],
            "arn": "arn:aws:apigateway:us-east-1::/restapis/88qvmszd3i/stages/dev",
            "cache_cluster_enabled": false,
            "cache_cluster_size": "",
            "canary_settings": [],
            "client_certificate_id": "",
            "deployment_id": "hjbm1q",
            "description": "",
            "documentation_version": "",
            "execution_arn": "arn:aws:execute-api:us-east-1:689069515280:88qvmszd3i/dev",
            "id": "ags-88qvmszd3i-dev",
            "invoke_url": "https://88qvmszd3i.execute-api.us-east-1.amazonaws.com/dev",
            "region": "us-east-1",
            "rest_api_id": "88qvmszd3i",
            "stage_name": "dev",
            "tags": {
              "Name": "acvals-su-chain-demo-northstar-retail-dev"
            },
            "tags_all": {
              "Environment": "demo",
              "ManagedBy": "Terraform",
              "Name": "acvals-su-chain-demo-northstar-retail-dev",
              "Project": "AgentCore-Supply-Chain",
              "Stack": "acvals-su-chain"
            },
            "variables": {},
            "web_acl_arn": "",
            "xray_tracing_enabled": false
          },
          "sensitive_attributes": [],
          "identity_schema_version": 0,
          "private": "bnVsbA==",
          "dependencies": [
            "aws_api_gateway_deployment.northstar_retail",
            "aws_api_gateway_integration.northstar_retail",
            "aws_api_gateway_method.northstar_retail",
            "aws_api_gateway_resource.northstar_retail",
            "aws_api_gateway_rest_api.northstar_retail",
            "aws_iam_role.northstar_retail_lambda",
            "aws_lambda_function.northstar_retail",
            "aws_lambda_layer_version.supply_chain_mock",
            "data.archive_file.northstar_retail",
            "data.archive_file.supply_chain_mock_layer"
          ]
        }
      ]
    },
    {
      "mode": "managed",
      "type": "aws_apigatewayv2_api",
      "name": "evaluators",
      "provider": "provider[\"registry.terraform.io/hashicorp/aws\"]",
      "instances": [
        {
          "schema_version": 0,
          "attributes": {
            "api_endpoint": "https://21kdihygq1.execute-api.us-east-1.amazonaws.com",
            "api_key_selection_expression": "$request.header.x-api-key",
            "arn": "arn:aws:apigateway:us-east-1::/apis/21kdihygq1",
            "body": null,
            "cors_configuration": [
              {
                "allow_credentials": false,
                "allow_headers": [
                  "authorization",
                  "content-type"
                ],
                "allow_methods": [
                  "DELETE",
                  "OPTIONS",
                  "POST"
                ],
                "allow_origins": [
                  "*"
                ],
                "expose_headers": [],
                "max_age": 3600
              }
            ],
            "credentials_arn": null,
            "description": "",
            "disable_execute_api_endpoint": false,
            "execution_arn": "arn:aws:execute-api:us-east-1:689069515280:21kdihygq1",
            "fail_on_warnings": null,
            "id": "21kdihygq1",
            "ip_address_type": "ipv4",
            "name": "acvals-su-chain-demo-evaluators-api",
            "protocol_type": "HTTP",
            "region": "us-east-1",
            "route_key": null,
            "route_selection_expression": "$request.method $request.path",
            "tags": {
              "Name": "acvals-su-chain-demo-evaluators-api"
            },
            "tags_all": {
              "Environment": "demo",
              "ManagedBy": "Terraform",
              "Name": "acvals-su-chain-demo-evaluators-api",
              "Project": "AgentCore-Supply-Chain",
              "Stack": "acvals-su-chain"
            },
            "target": null,
            "version": ""
          },
          "sensitive_attributes": [],
          "identity_schema_version": 0,
          "identity": {
            "account_id": "689069515280",
            "id": "21kdihygq1",
            "region": "us-east-1"
          },
          "private": "bnVsbA=="
        }
      ]
    },
    {
      "mode": "managed",
      "type": "aws_apigatewayv2_route",
      "name": "run_builtin_evaluators",
      "provider": "provider[\"registry.terraform.io/hashicorp/aws\"]",
      "instances": [
        {
          "schema_version": 0,
          "attributes": {
            "api_id": "21kdihygq1",
            "api_key_required": false,
            "authorization_scopes": [],
            "authorization_type": "NONE",
            "authorizer_id": "",
            "id": "7v6pejl",
            "model_selection_expression": "",
            "operation_name": "",
            "region": "us-east-1",
            "request_models": {},
            "request_parameter": [],
            "route_key": "POST /evaluators/run-builtin",
            "route_response_selection_expression": "",
            "target": "integrations/voey3hs"
          },
          "sensitive_attributes": [],
          "identity_schema_version": 0,
          "identity": {
            "account_id": "689069515280",
            "api_id": "21kdihygq1",
            "id": "7v6pejl",
            "region": "us-east-1"
          },
          "private": "bnVsbA==",
          "dependencies": [
            "aws_apigatewayv2_api.evaluators",
            "aws_apigatewayv2_integration.evaluators",
            "aws_codebuild_project.evaluators",
            "aws_ecr_repository.evaluators",
            "aws_iam_role.evaluators_lambda",
            "aws_iam_role.image_build",
            "aws_iam_role_policy.image_build",
            "aws_lambda_function.evaluators",
            "aws_s3_bucket.agent_source",
            "aws_s3_object.evaluators_source",
            "data.archive_file.evaluators_source",
            "data.aws_caller_identity.current",
            "data.aws_region.current",
            "null_resource.build_evaluators"
          ]
        }
      ]
    },
    {
      "mode": "managed",
      "type": "aws_apigatewayv2_stage",
      "name": "evaluators",
      "provider": "provider[\"registry.terraform.io/hashicorp/aws\"]",
      "instances": [
        {
          "schema_version": 0,
          "attributes": {
            "access_log_settings": [],
            "api_id": "21kdihygq1",
            "arn": "arn:aws:apigateway:us-east-1::/apis/21kdihygq1/stages/$default",
            "auto_deploy": true,
            "client_certificate_id": "",
            "default_route_settings": [
              {
                "data_trace_enabled": false,
                "detailed_metrics_enabled": false,
                "logging_level": "",
                "throttling_burst_limit": 0,
                "throttling_rate_limit": 0
              }
            ],
            "deployment_id": "ai2ohh",
            "description": "",
            "execution_arn": "arn:aws:execute-api:us-east-1:689069515280:21kdihygq1/$default",
            "id": "$default",
            "invoke_url": "https://21kdihygq1.execute-api.us-east-1.amazonaws.com/",
            "name": "$default",
            "region": "us-east-1",
            "route_settings": [],
            "stage_variables": {},
            "tags": {},
            "tags_all": {
              "Environment": "demo",
              "ManagedBy": "Terraform",
              "Project": "AgentCore-Supply-Chain",
              "Stack": "acvals-su-chain"
            }
          },
          "sensitive_attributes": [],
          "identity_schema_version": 0,
          "private": "bnVsbA==",
          "dependencies": [
            "aws_apigatewayv2_api.evaluators"
          ]
        }
      ]
    },
    {
      "mode": "managed",
      "type": "aws_bedrockagentcore_agent_runtime",
      "name": "mcp",
      "provider": "provider[\"registry.terraform.io/hashicorp/aws\"]",
      "instances": [
        {
          "schema_version": 0,
          "attributes": {
            "agent_runtime_arn": "arn:aws:bedrock-agentcore:us-east-1:689069515280:runtime/mcp_tools_server-KgOcEvD4pi",
            "agent_runtime_artifact": [
              {
                "code_configuration": [],
                "container_configuration": [
                  {
                    "container_uri": "689069515280.dkr.ecr.us-east-1.amazonaws.com/acvals-su-chain-demo-mcp-tools:latest"
                  }
                ]
              }
            ],
            "agent_runtime_id": "mcp_tools_server-KgOcEvD4pi",
            "agent_runtime_name": "mcp_tools_server",
            "agent_runtime_version": "1",
            "authorizer_configuration": [],
            "description": "MCP server exposing supply chain data tools (optimization, distribution, routing, analytics)",
            "environment_variables": {
              "AWS_DEFAULT_REGION": "us-east-1",
              "AWS_REGION": "us-east-1",
              "SUPPLY_CHAIN_API_URL": "https://88qvmszd3i.execute-api.us-east-1.amazonaws.com/dev"
            },
            "lifecycle_configuration": [
              {
                "idle_runtime_session_timeout": 900,
                "max_lifetime": 28800
              }
            ],
            "network_configuration": [
              {
                "network_mode": "VPC",
                "network_mode_config": [
                  {
                    "security_groups": [
                      "sg-0fac7937a3f25a585"
                    ],
                    "subnets": [
                      "subnet-02cbd0f750a899b2d",
                      "subnet-0db09e39c4b62f49c"
                    ]
                  }
                ]
              }
            ],
            "protocol_configuration": [
              {
                "server_protocol": "MCP"
              }
            ],
            "region": "us-east-1",
            "request_header_configuration": [],
            "role_arn": "arn:aws:iam::689069515280:role/acvals-su-chain-demo-agent-execution",
            "tags": {
              "Name": "acvals-su-chain-demo-mcp-runtime"
            },
            "tags_all": {
              "Environment": "demo",
              "ManagedBy": "Terraform",
              "Name": "acvals-su-chain-demo-mcp-runtime",
              "Project": "AgentCore-Supply-Chain",
              "Stack": "acvals-su-chain"
            },
            "timeouts": null,
            "workload_identity_details": [
              {
                "workload_identity_arn": "arn:aws:bedrock-agentcore:us-east-1:689069515280:workload-identity-directory/default/workload-identity/mcp_tools_server-KgOcEvD4pi"
              }
            ]
          },
          "sensitive_attributes": [],
          "identity_schema_version": 0,
          "dependencies": [
            "aws_api_gateway_deployment.northstar_retail",
            "aws_api_gateway_integration.northstar_retail",
            "aws_api_gateway_method.northstar_retail",
            "aws_api_gateway_resource.northstar_retail",
            "aws_api_gateway_rest_api.northstar_retail",
            "aws_api_gateway_stage.northstar_retail",
            "aws_codebuild_project.mcp",
            "aws_ecr_repository.mcp",
            "aws_ecr_repository.supply_chain",
            "aws_iam_role.agent_execution",
            "aws_iam_role.image_build",
            "aws_iam_role.northstar_retail_lambda",
            "aws_iam_role_policy.agent_execution",
            "aws_iam_role_policy.image_build",
            "aws_iam_role_policy_attachment.agent_execution_managed",
            "aws_lambda_function.northstar_retail",
            "aws_lambda_layer_version.supply_chain_mock",
            "aws_s3_bucket.agent_source",
            "aws_s3_object.mcp_source",
            "aws_security_group.runtime",
            "aws_security_group.vpc_endpoints",
            "aws_vpc_endpoint.interface",
            "aws_vpc_endpoint.s3",
            "data.archive_file.mcp_source",
            "data.archive_file.northstar_retail",
            "data.archive_file.supply_chain_mock_layer",
            "data.aws_caller_identity.current",
            "data.aws_region.current",
            "data.aws_route_table.main",
            "data.aws_subnet.runtime_subnets",
            "data.aws_vpc.selected",
            "null_resource.build_mcp"
          ]
        }
      ]
    },
    {
      "mode": "managed",
      "type": "aws_bedrockagentcore_agent_runtime",
      "name": "supply_chain",
      "provider": "provider[\"registry.terraform.io/hashicorp/aws\"]",
      "instances": [
        {
          "schema_version": 0,
          "attributes": {
            "agent_runtime_arn": "arn:aws:bedrock-agentcore:us-east-1:689069515280:runtime/supply_chain_orchestrator_agent-YK657xBNWi",
            "agent_runtime_artifact": [
              {
                "code_configuration": [],
                "container_configuration": [
                  {
                    "container_uri": "689069515280.dkr.ecr.us-east-1.amazonaws.com/acvals-su-chain-demo-supply-chain-agent:latest"
                  }
                ]
              }
            ],
            "agent_runtime_id": "supply_chain_orchestrator_agent-YK657xBNWi",
            "agent_runtime_name": "supply_chain_orchestrator_agent",
            "agent_runtime_version": "1",
            "authorizer_configuration": [],
            "description": "Supply Chain orchestrator agent using remote MCP tools",
            "environment_variables": {
              "AWS_DEFAULT_REGION": "us-east-1",
              "AWS_REGION": "us-east-1",
              "MCP_SERVER_ARN": "arn:aws:bedrock-agentcore:us-east-1:689069515280:runtime/mcp_tools_server-KgOcEvD4pi",
              "MEMORY_ID": "supply_chain_agent_memory-MMg0wk4t4a"
            },
            "lifecycle_configuration": [
              {
                "idle_runtime_session_timeout": 900,
                "max_lifetime": 28800
              }
            ],
            "network_configuration": [
              {
                "network_mode": "VPC",
                "network_mode_config": [
                  {
                    "security_groups": [
                      "sg-0fac7937a3f25a585"
                    ],
                    "subnets": [
                      "subnet-02cbd0f750a899b2d",
                      "subnet-0db09e39c4b62f49c"
                    ]
                  }
                ]
              }
            ],
            "protocol_configuration": [
              {
                "server_protocol": "HTTP"
              }
            ],
            "region": "us-east-1",
            "request_header_configuration": [],
            "role_arn": "arn:aws:iam::689069515280:role/acvals-su-chain-demo-agent-execution",
            "tags": {
              "Name": "acvals-su-chain-demo-supply-chain-runtime"
            },
            "tags_all": {
              "Environment": "demo",
              "ManagedBy": "Terraform",
              "Name": "acvals-su-chain-demo-supply-chain-runtime",
              "Project": "AgentCore-Supply-Chain",
              "Stack": "acvals-su-chain"
            },
            "timeouts": null,
            "workload_identity_details": [
              {
                "workload_identity_arn": "arn:aws:bedrock-agentcore:us-east-1:689069515280:workload-identity-directory/default/workload-identity/supply_chain_orchestrator_agent-YK657xBNWi"
              }
            ]
          },
          "sensitive_attributes": [],
          "identity_schema_version": 0,
          "dependencies": [
            "aws_api_gateway_deployment.northstar_retail",
            "aws_api_gateway_integration.northstar_retail",
            "aws_api_gateway_method.northstar_retail",
            "aws_api_gateway_resource.northstar_retail",
            "aws_api_gateway_rest_api.northstar_retail",
            "aws_api_gateway_stage.northstar_retail",
            "aws_bedrockagentcore_agent_runtime.mcp",
            "aws_bedrockagentcore_memory.agent_memory",
            "aws_codebuild_project.mcp",
            "aws_codebuild_project.supply_chain",
            "aws_ecr_repository.mcp",
            "aws_ecr_repository.supply_chain",
            "aws_iam_role.agent_execution",
            "aws_iam_role.image_build",
            "aws_iam_role.northstar_retail_lambda",
            "aws_iam_role_policy.agent_execution",
            "aws_iam_role_policy.image_build",
            "aws_iam_role_policy_attachment.agent_execution_managed",
            "aws_lambda_function.northstar_retail",
            "aws_lambda_layer_version.supply_chain_mock",
            "aws_s3_bucket.agent_source",
            "aws_s3_object.mcp_source",
            "aws_s3_object.supply_chain_source",
            "aws_security_group.runtime",
            "aws_security_group.vpc_endpoints",
            "aws_vpc_endpoint.interface",
            "aws_vpc_endpoint.s3",
            "data.archive_file.mcp_source",
            "data.archive_file.northstar_retail",
            "data.archive_file.supply_chain_mock_layer",
            "data.archive_file.supply_chain_source",
            "data.aws_caller_identity.current",
            "data.aws_region.current",
            "data.aws_route_table.main",
            "data.aws_subnet.runtime_subnets",
            "data.aws_vpc.selected",
            "null_resource.build_mcp",
            "null_resource.build_supply_chain"
          ]
        }
      ]
    },
    {
      "mode": "managed",
      "type": "aws_bedrockagentcore_memory",
      "name": "agent_memory",
      "provider": "provider[\"registry.terraform.io/hashicorp/aws\"]",
      "instances": [
        {
          "schema_version": 0,
          "attributes": {
            "arn": "arn:aws:bedrock-agentcore:us-east-1:689069515280:memory/supply_chain_agent_memory-MMg0wk4t4a",
            "description": "Memory for Supply Chain agents",
            "encryption_key_arn": null,
            "event_expiry_duration": 30,
            "id": "supply_chain_agent_memory-MMg0wk4t4a",
            "memory_execution_role_arn": "arn:aws:iam::689069515280:role/acvals-su-chain-demo-agent-execution",
            "name": "supply_chain_agent_memory",
            "region": "us-east-1",
            "tags": null,
            "tags_all": {
              "Environment": "demo",
              "ManagedBy": "Terraform",
              "Project": "AgentCore-Supply-Chain",
              "Stack": "acvals-su-chain"
            },
            "timeouts": null
          },
          "sensitive_attributes": [],
          "identity_schema_version": 0,
          "dependencies": [
            "aws_iam_role.agent_execution",
            "data.aws_caller_identity.current",
            "data.aws_region.current"
          ]
        }
      ]
    },
    {
      "mode": "managed",
      "type": "aws_bedrockagentcore_memory_strategy",
      "name": "semantic",
      "provider": "provider[\"registry.terraform.io/hashicorp/aws\"]",
      "instances": [
        {
          "schema_version": 0,
          "attributes": {
            "configuration": [],
            "description": "Key pieces of factual information from conversations",
            "memory_execution_role_arn": null,
            "memory_id": "supply_chain_agent_memory-MMg0wk4t4a",
            "memory_strategy_id": "semantic_strategy-icedT6Fu1z",
            "name": "semantic_strategy",
            "namespaces": [
              "/knowledge/{actorId}/"
            ],
            "region": "us-east-1",
            "timeouts": null,
            "type": "SEMANTIC"
          },
          "sensitive_attributes": [],
          "identity_schema_version": 0,
          "dependencies": [
            "aws_bedrockagentcore_memory.agent_memory",
            "aws_iam_role.agent_execution",
            "data.aws_caller_identity.current",
            "data.aws_region.current"
          ]
        }
      ]
    },
    {
      "mode": "managed",
      "type": "aws_cloudwatch_log_delivery",
      "name": "logs",
      "provider": "provider[\"registry.terraform.io/hashicorp/aws\"]",
      "instances": [
        {
          "index_key": "mcp",
          "schema_version": 0,
          "attributes": {
            "arn": "arn:aws:logs:us-east-1:689069515280:delivery:eXQQJwCYIF4JrtJI",
            "delivery_destination_arn": "arn:aws:logs:us-east-1:689069515280:delivery-destination:mcp-logs-destination",
            "delivery_source_name": "mcp-logs-source",
            "field_delimiter": null,
            "id": "eXQQJwCYIF4JrtJI",
            "record_fields": [
              "resource_arn",
              "event_timestamp",
              "account_id",
              "request_id",
              "session_id",
              "span_id",
              "trace_id",
              "service_name",
              "operation",
              "request_payload",
              "response_payload",
              "resource",
              "attributes",
              "timeUnixNano",
              "severityNumber",
              "severityText",
              "body",
              "traceId",
              "spanId"
            ],
            "region": "us-east-1",
            "s3_delivery_configuration": [
              {
                "enable_hive_compatible_path": null,
                "suffix_path": "{region}/{yyyy}/{MM}/{dd}/{HH}/"
              }
            ],
            "tags": null,
            "tags_all": {
              "Environment": "demo",
              "ManagedBy": "Terraform",
              "Project": "AgentCore-Supply-Chain",
              "Stack": "acvals-su-chain"
            }
          },
          "sensitive_attributes": [],
          "identity_schema_version": 0,
          "dependencies": [
            "aws_api_gateway_deployment.northstar_retail",
            "aws_api_gateway_integration.northstar_retail",
            "aws_api_gateway_method.northstar_retail",
            "aws_api_gateway_resource.northstar_retail",
            "aws_api_gateway_rest_api.northstar_retail",
            "aws_api_gateway_stage.northstar_retail",
            "aws_bedrockagentcore_agent_runtime.mcp",
            "aws_bedrockagentcore_agent_runtime.supply_chain",
            "aws_bedrockagentcore_memory.agent_memory",
            "aws_cloudwatch_log_delivery_destination.logs",
            "aws_cloudwatch_log_delivery_source.logs",
            "aws_cloudwatch_log_group.observability",
            "aws_codebuild_project.mcp",
            "aws_codebuild_project.supply_chain",
            "aws_ecr_repository.mcp",
            "aws_ecr_repository.supply_chain",
            "aws_iam_role.agent_execution",
            "aws_iam_role.image_build",
            "aws_iam_role.northstar_retail_lambda",
            "aws_iam_role_policy.agent_execution",
            "aws_iam_role_policy.image_build",
            "aws_iam_role_policy_attachment.agent_execution_managed",
            "aws_lambda_function.northstar_retail",
            "aws_lambda_layer_version.supply_chain_mock",
            "aws_s3_bucket.agent_source",
            "aws_s3_object.mcp_source",
            "aws_s3_object.supply_chain_source",
            "aws_security_group.runtime",
            "aws_security_group.vpc_endpoints",
            "aws_vpc_endpoint.interface",
            "aws_vpc_endpoint.s3",
            "data.archive_file.mcp_source",
            "data.archive_file.northstar_retail",
            "data.archive_file.supply_chain_mock_layer",
            "data.archive_file.supply_chain_source",
            "data.aws_caller_identity.current",
            "data.aws_region.current",
            "data.aws_route_table.main",
            "data.aws_subnet.runtime_subnets",
            "data.aws_vpc.selected",
            "null_resource.build_mcp",
            "null_resource.build_supply_chain"
          ]
        },
        {
          "index_key": "memory",
          "schema_version": 0,
          "attributes": {
            "arn": "arn:aws:logs:us-east-1:689069515280:delivery:56zfxzXRrrVsY1rm",
            "delivery_destination_arn": "arn:aws:logs:us-east-1:689069515280:delivery-destination:memory-logs-destination",
            "delivery_source_name": "memory-logs-source",
            "field_delimiter": null,
            "id": "56zfxzXRrrVsY1rm",
            "record_fields": [
              "resource_arn",
              "event_timestamp",
              "memory_strategy_id",
              "namespace",
              "actor_id",
              "session_id",
              "event_id",
              "body",
              "resource",
              "attributes",
              "timeUnixNano",
              "severityNumber",
              "severityText",
              "traceId",
              "spanId"
            ],
            "region": "us-east-1",
            "s3_delivery_configuration": [
              {
                "enable_hive_compatible_path": null,
                "suffix_path": "{region}/{yyyy}/{MM}/{dd}/{HH}/"
              }
            ],
            "tags": null,
            "tags_all": {
              "Environment": "demo",
              "ManagedBy": "Terraform",
              "Project": "AgentCore-Supply-Chain",
              "Stack": "acvals-su-chain"
            }
          },
          "sensitive_attributes": [],
          "identity_schema_version": 0,
          "dependencies": [
            "aws_api_gateway_deployment.northstar_retail",
            "aws_api_gateway_integration.northstar_retail",
            "aws_api_gateway_method.northstar_retail",
            "aws_api_gateway_resource.northstar_retail",
            "aws_api_gateway_rest_api.northstar_retail",
            "aws_api_gateway_stage.northstar_retail",
            "aws_bedrockagentcore_agent_runtime.mcp",
            "aws_bedrockagentcore_agent_runtime.supply_chain",
            "aws_bedrockagentcore_memory.agent_memory",
            "aws_cloudwatch_log_delivery_destination.logs",
            "aws_cloudwatch_log_delivery_source.logs",
            "aws_cloudwatch_log_group.observability",
            "aws_codebuild_project.mcp",
            "aws_codebuild_project.supply_chain",
            "aws_ecr_repository.mcp",
            "aws_ecr_repository.supply_chain",
            "aws_iam_role.agent_execution",
            "aws_iam_role.image_build",
            "aws_iam_role.northstar_retail_lambda",
            "aws_iam_role_policy.agent_execution",
            "aws_iam_role_policy.image_build",
            "aws_iam_role_policy_attachment.agent_execution_managed",
            "aws_lambda_function.northstar_retail",
            "aws_lambda_layer_version.supply_chain_mock",
            "aws_s3_bucket.agent_source",
            "aws_s3_object.mcp_source",
            "aws_s3_object.supply_chain_source",
            "aws_security_group.runtime",
            "aws_security_group.vpc_endpoints",
            "aws_vpc_endpoint.interface",
            "aws_vpc_endpoint.s3",
            "data.archive_file.mcp_source",
            "data.archive_file.northstar_retail",
            "data.archive_file.supply_chain_mock_layer",
            "data.archive_file.supply_chain_source",
            "data.aws_caller_identity.current",
            "data.aws_region.current",
            "data.aws_route_table.main",
            "data.aws_subnet.runtime_subnets",
            "data.aws_vpc.selected",
            "null_resource.build_mcp",
            "null_resource.build_supply_chain"
          ]
        },
        {
          "index_key": "supply_chain",
          "schema_version": 0,
          "attributes": {
            "arn": "arn:aws:logs:us-east-1:689069515280:delivery:DKQnMnGwiYb3HoEi",
            "delivery_destination_arn": "arn:aws:logs:us-east-1:689069515280:delivery-destination:supply_chain-logs-destination",
            "delivery_source_name": "supply_chain-logs-source",
            "field_delimiter": null,
            "id": "DKQnMnGwiYb3HoEi",
            "record_fields": [
              "resource_arn",
              "event_timestamp",
              "account_id",
              "request_id",
              "session_id",
              "span_id",
              "trace_id",
              "service_name",
              "operation",
              "request_payload",
              "response_payload",
              "resource",
              "attributes",
              "timeUnixNano",
              "severityNumber",
              "severityText",
              "body",
              "traceId",
              "spanId"
            ],
            "region": "us-east-1",
            "s3_delivery_configuration": [
              {
                "enable_hive_compatible_path": null,
                "suffix_path": "{region}/{yyyy}/{MM}/{dd}/{HH}/"
              }
            ],
            "tags": null,
            "tags_all": {
              "Environment": "demo",
              "ManagedBy": "Terraform",
              "Project": "AgentCore-Supply-Chain",
              "Stack": "acvals-su-chain"
            }
          },
          "sensitive_attributes": [],
          "identity_schema_version": 0,
          "dependencies": [
            "aws_api_gateway_deployment.northstar_retail",
            "aws_api_gateway_integration.northstar_retail",
            "aws_api_gateway_method.northstar_retail",
            "aws_api_gateway_resource.northstar_retail",
            "aws_api_gateway_rest_api.northstar_retail",
            "aws_api_gateway_stage.northstar_retail",
            "aws_bedrockagentcore_agent_runtime.mcp",
            "aws_bedrockagentcore_agent_runtime.supply_chain",
            "aws_bedrockagentcore_memory.agent_memory",
            "aws_cloudwatch_log_delivery_destination.logs",
            "aws_cloudwatch_log_delivery_source.logs",
            "aws_cloudwatch_log_group.observability",
            "aws_codebuild_project.mcp",
            "aws_codebuild_project.supply_chain",
            "aws_ecr_repository.mcp",
            "aws_ecr_repository.supply_chain",
            "aws_iam_role.agent_execution",
            "aws_iam_role.image_build",
            "aws_iam_role.northstar_retail_lambda",
            "aws_iam_role_policy.agent_execution",
            "aws_iam_role_policy.image_build",
            "aws_iam_role_policy_attachment.agent_execution_managed",
            "aws_lambda_function.northstar_retail",
            "aws_lambda_layer_version.supply_chain_mock",
            "aws_s3_bucket.agent_source",
            "aws_s3_object.mcp_source",
            "aws_s3_object.supply_chain_source",
            "aws_security_group.runtime",
            "aws_security_group.vpc_endpoints",
            "aws_vpc_endpoint.interface",
            "aws_vpc_endpoint.s3",
            "data.archive_file.mcp_source",
            "data.archive_file.northstar_retail",
            "data.archive_file.supply_chain_mock_layer",
            "data.archive_file.supply_chain_source",
            "data.aws_caller_identity.current",
            "data.aws_region.current",
            "data.aws_route_table.main",
            "data.aws_subnet.runtime_subnets",
            "data.aws_vpc.selected",
            "null_resource.build_mcp",
            "null_resource.build_supply_chain"
          ]
        }
      ]
    },
    {
      "mode": "managed",
      "type": "aws_cloudwatch_log_delivery",
      "name": "traces",
      "provider": "provider[\"registry.terraform.io/hashicorp/aws\"]",
      "instances": [
        {
          "index_key": "mcp",
          "schema_version": 0,
          "attributes": {
            "arn": "arn:aws:logs:us-east-1:689069515280:delivery:BUJ4H3zGaQ0cveuD",
            "delivery_destination_arn": "arn:aws:logs:us-east-1:689069515280:delivery-destination:mcp-traces-destination",
            "delivery_source_name": "mcp-traces-source",
            "field_delimiter": null,
            "id": "BUJ4H3zGaQ0cveuD",
            "record_fields": null,
            "region": "us-east-1",
            "s3_delivery_configuration": [
              {
                "enable_hive_compatible_path": null,
                "suffix_path": ""
              }
            ],
            "tags": null,
            "tags_all": {
              "Environment": "demo",
              "ManagedBy": "Terraform",
              "Project": "AgentCore-Supply-Chain",
              "Stack": "acvals-su-chain"
            }
          },
          "sensitive_attributes": [],
          "identity_schema_version": 0,
          "dependencies": [
            "aws_api_gateway_deployment.northstar_retail",
            "aws_api_gateway_integration.northstar_retail",
            "aws_api_gateway_method.northstar_retail",
            "aws_api_gateway_resource.northstar_retail",
            "aws_api_gateway_rest_api.northstar_retail",
            "aws_api_gateway_stage.northstar_retail",
            "aws_bedrockagentcore_agent_runtime.mcp",
            "aws_bedrockagentcore_agent_runtime.supply_chain",
            "aws_bedrockagentcore_memory.agent_memory",
            "aws_cloudwatch_log_delivery_destination.traces",
            "aws_cloudwatch_log_delivery_source.traces",
            "aws_cloudwatch_log_resource_policy.xray_transaction_search",
            "aws_codebuild_project.mcp",
            "aws_codebuild_project.supply_chain",
            "aws_ecr_repository.mcp",
            "aws_ecr_repository.supply_chain",
            "aws_iam_role.agent_execution",
            "aws_iam_role.image_build",
            "aws_iam_role.northstar_retail_lambda",
            "aws_iam_role_policy.agent_execution",
            "aws_iam_role_policy.image_build",
            "aws_iam_role_policy_attachment.agent_execution_managed",
            "aws_lambda_function.northstar_retail",
            "aws_lambda_layer_version.supply_chain_mock",
            "aws_s3_bucket.agent_source",
            "aws_s3_object.mcp_source",
            "aws_s3_object.supply_chain_source",
            "aws_security_group.runtime",
            "aws_security_group.vpc_endpoints",
            "aws_vpc_endpoint.interface",
            "aws_vpc_endpoint.s3",
            "data.archive_file.mcp_source",
            "data.archive_file.northstar_retail",
            "data.archive_file.supply_chain_mock_layer",
            "data.archive_file.supply_chain_source",
            "data.aws_caller_identity.current",
            "data.aws_region.current",
            "data.aws_route_table.main",
            "data.aws_subnet.runtime_subnets",
            "data.aws_vpc.selected",
            "null_resource.build_mcp",
            "null_resource.build_supply_chain"
          ]
        },
        {
          "index_key": "memory",
          "schema_version": 0,
          "attributes": {
            "arn": "arn:aws:logs:us-east-1:689069515280:delivery:iEmrpTxah1TmgFPu",
            "delivery_destination_arn": "arn:aws:logs:us-east-1:689069515280:delivery-destination:memory-traces-destination",
            "delivery_source_name": "memory-traces-source",
            "field_delimiter": null,
            "id": "iEmrpTxah1TmgFPu",
            "record_fields": null,
            "region": "us-east-1",
            "s3_delivery_configuration": [
              {
                "enable_hive_compatible_path": null,
                "suffix_path": ""
              }
            ],
            "tags": null,
            "tags_all": {
              "Environment": "demo",
              "ManagedBy": "Terraform",
              "Project": "AgentCore-Supply-Chain",
              "Stack": "acvals-su-chain"
            }
          },
          "sensitive_attributes": [],
          "identity_schema_version": 0,
          "dependencies": [
            "aws_api_gateway_deployment.northstar_retail",
            "aws_api_gateway_integration.northstar_retail",
            "aws_api_gateway_method.northstar_retail",
            "aws_api_gateway_resource.northstar_retail",
            "aws_api_gateway_rest_api.northstar_retail",
            "aws_api_gateway_stage.northstar_retail",
            "aws_bedrockagentcore_agent_runtime.mcp",
            "aws_bedrockagentcore_agent_runtime.supply_chain",
            "aws_bedrockagentcore_memory.agent_memory",
            "aws_cloudwatch_log_delivery_destination.traces",
            "aws_cloudwatch_log_delivery_source.traces",
            "aws_cloudwatch_log_resource_policy.xray_transaction_search",
            "aws_codebuild_project.mcp",
            "aws_codebuild_project.supply_chain",
            "aws_ecr_repository.mcp",
            "aws_ecr_repository.supply_chain",
            "aws_iam_role.agent_execution",
            "aws_iam_role.image_build",
            "aws_iam_role.northstar_retail_lambda",
            "aws_iam_role_policy.agent_execution",
            "aws_iam_role_policy.image_build",
            "aws_iam_role_policy_attachment.agent_execution_managed",
            "aws_lambda_function.northstar_retail",
            "aws_lambda_layer_version.supply_chain_mock",
            "aws_s3_bucket.agent_source",
            "aws_s3_object.mcp_source",
            "aws_s3_object.supply_chain_source",
            "aws_security_group.runtime",
            "aws_security_group.vpc_endpoints",
            "aws_vpc_endpoint.interface",
            "aws_vpc_endpoint.s3",
            "data.archive_file.mcp_source",
            "data.archive_file.northstar_retail",
            "data.archive_file.supply_chain_mock_layer",
            "data.archive_file.supply_chain_source",
            "data.aws_caller_identity.current",
            "data.aws_region.current",
            "data.aws_route_table.main",
            "data.aws_subnet.runtime_subnets",
            "data.aws_vpc.selected",
            "null_resource.build_mcp",
            "null_resource.build_supply_chain"
          ]
        },
        {
          "index_key": "supply_chain",
          "schema_version": 0,
          "attributes": {
            "arn": "arn:aws:logs:us-east-1:689069515280:delivery:RSy1AU3AQ5715V1Y",
            "delivery_destination_arn": "arn:aws:logs:us-east-1:689069515280:delivery-destination:supply_chain-traces-destination",
            "delivery_source_name": "supply_chain-traces-source",
            "field_delimiter": null,
            "id": "RSy1AU3AQ5715V1Y",
            "record_fields": null,
            "region": "us-east-1",
            "s3_delivery_configuration": [
              {
                "enable_hive_compatible_path": null,
                "suffix_path": ""
              }
            ],
            "tags": null,
            "tags_all": {
              "Environment": "demo",
              "ManagedBy": "Terraform",
              "Project": "AgentCore-Supply-Chain",
              "Stack": "acvals-su-chain"
            }
          },
          "sensitive_attributes": [],
          "identity_schema_version": 0,
          "dependencies": [
            "aws_api_gateway_deployment.northstar_retail",
            "aws_api_gateway_integration.northstar_retail",
            "aws_api_gateway_method.northstar_retail",
            "aws_api_gateway_resource.northstar_retail",
            "aws_api_gateway_rest_api.northstar_retail",
            "aws_api_gateway_stage.northstar_retail",
            "aws_bedrockagentcore_agent_runtime.mcp",
            "aws_bedrockagentcore_agent_runtime.supply_chain",
            "aws_bedrockagentcore_memory.agent_memory",
            "aws_cloudwatch_log_delivery_destination.traces",
            "aws_cloudwatch_log_delivery_source.traces",
            "aws_cloudwatch_log_resource_policy.xray_transaction_search",
            "aws_codebuild_project.mcp",
            "aws_codebuild_project.supply_chain",
            "aws_ecr_repository.mcp",
            "aws_ecr_repository.supply_chain",
            "aws_iam_role.agent_execution",
            "aws_iam_role.image_build",
            "aws_iam_role.northstar_retail_lambda",
            "aws_iam_role_policy.agent_execution",
            "aws_iam_role_policy.image_build",
            "aws_iam_role_policy_attachment.agent_execution_managed",
            "aws_lambda_function.northstar_retail",
            "aws_lambda_layer_version.supply_chain_mock",
            "aws_s3_bucket.agent_source",
            "aws_s3_object.mcp_source",
            "aws_s3_object.supply_chain_source",
            "aws_security_group.runtime",
            "aws_security_group.vpc_endpoints",
            "aws_vpc_endpoint.interface",
            "aws_vpc_endpoint.s3",
            "data.archive_file.mcp_source",
            "data.archive_file.northstar_retail",
            "data.archive_file.supply_chain_mock_layer",
            "data.archive_file.supply_chain_source",
            "data.aws_caller_identity.current",
            "data.aws_region.current",
            "data.aws_route_table.main",
            "data.aws_subnet.runtime_subnets",
            "data.aws_vpc.selected",
            "null_resource.build_mcp",
            "null_resource.build_supply_chain"
          ]
        }
      ]
    },
    {
      "mode": "managed",
      "type": "aws_cloudwatch_log_delivery_destination",
      "name": "logs",
      "provider": "provider[\"registry.terraform.io/hashicorp/aws\"]",
      "instances": [
        {
          "index_key": "mcp",
          "schema_version": 0,
          "attributes": {
            "arn": "arn:aws:logs:us-east-1:689069515280:delivery-destination:mcp-logs-destination",
            "delivery_destination_configuration": [
              {
                "destination_resource_arn": "arn:aws:logs:us-east-1:689069515280:log-group:/aws/vendedlogs/bedrock-agentcore/runtime/APPLICATION_LOGS/mcp_tools_server-KgOcEvD4pi"
              }
            ],
            "delivery_destination_type": "CWL",
            "name": "mcp-logs-destination",
            "output_format": null,
            "region": "us-east-1",
            "tags": null,
            "tags_all": {
              "Environment": "demo",
              "ManagedBy": "Terraform",
              "Project": "AgentCore-Supply-Chain",
              "Stack": "acvals-su-chain"
            }
          },
          "sensitive_attributes": [],
          "identity_schema_version": 0,
          "dependencies": [
            "aws_api_gateway_deployment.northstar_retail",
            "aws_api_gateway_integration.northstar_retail",
            "aws_api_gateway_method.northstar_retail",
            "aws_api_gateway_resource.northstar_retail",
            "aws_api_gateway_rest_api.northstar_retail",
            "aws_api_gateway_stage.northstar_retail",
            "aws_bedrockagentcore_agent_runtime.mcp",
            "aws_bedrockagentcore_agent_runtime.supply_chain",
            "aws_bedrockagentcore_memory.agent_memory",
            "aws_cloudwatch_log_group.observability",
            "aws_codebuild_project.mcp",
            "aws_codebuild_project.supply_chain",
            "aws_ecr_repository.mcp",
            "aws_ecr_repository.supply_chain",
            "aws_iam_role.agent_execution",
            "aws_iam_role.image_build",
            "aws_iam_role.northstar_retail_lambda",
            "aws_iam_role_policy.agent_execution",
            "aws_iam_role_policy.image_build",
            "aws_iam_role_policy_attachment.agent_execution_managed",
            "aws_lambda_function.northstar_retail",
            "aws_lambda_layer_version.supply_chain_mock",
            "aws_s3_bucket.agent_source",
            "aws_s3_object.mcp_source",
            "aws_s3_object.supply_chain_source",
            "aws_security_group.runtime",
            "aws_security_group.vpc_endpoints",
            "aws_vpc_endpoint.interface",
            "aws_vpc_endpoint.s3",
            "data.archive_file.mcp_source",
            "data.archive_file.northstar_retail",
            "data.archive_file.supply_chain_mock_layer",
            "data.archive_file.supply_chain_source",
            "data.aws_caller_identity.current",
            "data.aws_region.current",
            "data.aws_route_table.main",
            "data.aws_subnet.runtime_subnets",
            "data.aws_vpc.selected",
            "null_resource.build_mcp",
            "null_resource.build_supply_chain"
          ]
        },
        {
          "index_key": "memory",
          "schema_version": 0,
          "attributes": {
            "arn": "arn:aws:logs:us-east-1:689069515280:delivery-destination:memory-logs-destination",
            "delivery_destination_configuration": [
              {
                "destination_resource_arn": "arn:aws:logs:us-east-1:689069515280:log-group:/aws/vendedlogs/bedrock-agentcore/memory/APPLICATION_LOGS/supply_chain_agent_memory-MMg0wk4t4a"
              }
            ],
            "delivery_destination_type": "CWL",
            "name": "memory-logs-destination",
            "output_format": null,
            "region": "us-east-1",
            "tags": null,
            "tags_all": {
              "Environment": "demo",
              "ManagedBy": "Terraform",
              "Project": "AgentCore-Supply-Chain",
              "Stack": "acvals-su-chain"
            }
          },
          "sensitive_attributes": [],
          "identity_schema_version": 0,
          "dependencies": [
            "aws_api_gateway_deployment.northstar_retail",
            "aws_api_gateway_integration.northstar_retail",
            "aws_api_gateway_method.northstar_retail",
            "aws_api_gateway_resource.northstar_retail",
            "aws_api_gateway_rest_api.northstar_retail",
            "aws_api_gateway_stage.northstar_retail",
            "aws_bedrockagentcore_agent_runtime.mcp",
            "aws_bedrockagentcore_agent_runtime.supply_chain",
            "aws_bedrockagentcore_memory.agent_memory",
            "aws_cloudwatch_log_group.observability",
            "aws_codebuild_project.mcp",
            "aws_codebuild_project.supply_chain",
            "aws_ecr_repository.mcp",
            "aws_ecr_repository.supply_chain",
            "aws_iam_role.agent_execution",
            "aws_iam_role.image_build",
            "aws_iam_role.northstar_retail_lambda",
            "aws_iam_role_policy.agent_execution",
            "aws_iam_role_policy.image_build",
            "aws_iam_role_policy_attachment.agent_execution_managed",
            "aws_lambda_function.northstar_retail",
            "aws_lambda_layer_version.supply_chain_mock",
            "aws_s3_bucket.agent_source",
            "aws_s3_object.mcp_source",
            "aws_s3_object.supply_chain_source",
            "aws_security_group.runtime",
            "aws_security_group.vpc_endpoints",
            "aws_vpc_endpoint.interface",
            "aws_vpc_endpoint.s3",
            "data.archive_file.mcp_source",
            "data.archive_file.northstar_retail",
            "data.archive_file.supply_chain_mock_layer",
            "data.archive_file.supply_chain_source",
            "data.aws_caller_identity.current",
            "data.aws_region.current",
            "data.aws_route_table.main",
            "data.aws_subnet.runtime_subnets",
            "data.aws_vpc.selected",
            "null_resource.build_mcp",
            "null_resource.build_supply_chain"
          ]
        },
        {
          "index_key": "supply_chain",
          "schema_version": 0,
          "attributes": {
            "arn": "arn:aws:logs:us-east-1:689069515280:delivery-destination:supply_chain-logs-destination",
            "delivery_destination_configuration": [
              {
                "destination_resource_arn": "arn:aws:logs:us-east-1:689069515280:log-group:/aws/vendedlogs/bedrock-agentcore/runtime/APPLICATION_LOGS/supply_chain_orchestrator_agent-YK657xBNWi"
              }
            ],
            "delivery_destination_type": "CWL",
            "name": "supply_chain-logs-destination",
            "output_format": null,
            "region": "us-east-1",
            "tags": null,
            "tags_all": {
              "Environment": "demo",
              "ManagedBy": "Terraform",
              "Project": "AgentCore-Supply-Chain",
              "Stack": "acvals-su-chain"
            }
          },
          "sensitive_attributes": [],
          "identity_schema_version": 0,
          "dependencies": [
            "aws_api_gateway_deployment.northstar_retail",
            "aws_api_gateway_integration.northstar_retail",
            "aws_api_gateway_method.northstar_retail",
            "aws_api_gateway_resource.northstar_retail",
            "aws_api_gateway_rest_api.northstar_retail",
            "aws_api_gateway_stage.northstar_retail",
            "aws_bedrockagentcore_agent_runtime.mcp",
            "aws_bedrockagentcore_agent_runtime.supply_chain",
            "aws_bedrockagentcore_memory.agent_memory",
            "aws_cloudwatch_log_group.observability",
            "aws_codebuild_project.mcp",
            "aws_codebuild_project.supply_chain",
            "aws_ecr_repository.mcp",
            "aws_ecr_repository.supply_chain",
            "aws_iam_role.agent_execution",
            "aws_iam_role.image_build",
            "aws_iam_role.northstar_retail_lambda",
            "aws_iam_role_policy.agent_execution",
            "aws_iam_role_policy.image_build",
            "aws_iam_role_policy_attachment.agent_execution_managed",
            "aws_lambda_function.northstar_retail",
            "aws_lambda_layer_version.supply_chain_mock",
            "aws_s3_bucket.agent_source",
            "aws_s3_object.mcp_source",
            "aws_s3_object.supply_chain_source",
            "aws_security_group.runtime",
            "aws_security_group.vpc_endpoints",
            "aws_vpc_endpoint.interface",
            "aws_vpc_endpoint.s3",
            "data.archive_file.mcp_source",
            "data.archive_file.northstar_retail",
            "data.archive_file.supply_chain_mock_layer",
            "data.archive_file.supply_chain_source",
            "data.aws_caller_identity.current",
            "data.aws_region.current",
            "data.aws_route_table.main",
            "data.aws_subnet.runtime_subnets",
            "data.aws_vpc.selected",
            "null_resource.build_mcp",
            "null_resource.build_supply_chain"
          ]
        }
      ]
    },
    {
      "mode": "managed",
      "type": "aws_cloudwatch_log_delivery_destination",
      "name": "traces",
      "provider": "provider[\"registry.terraform.io/hashicorp/aws\"]",
      "instances": [
        {
          "index_key": "mcp",
          "schema_version": 0,
          "attributes": {
            "arn": "arn:aws:logs:us-east-1:689069515280:delivery-destination:mcp-traces-destination",
            "delivery_destination_configuration": [],
            "delivery_destination_type": "XRAY",
            "name": "mcp-traces-destination",
            "output_format": null,
            "region": "us-east-1",
            "tags": null,
            "tags_all": {
              "Environment": "demo",
              "ManagedBy": "Terraform",
              "Project": "AgentCore-Supply-Chain",
              "Stack": "acvals-su-chain"
            }
          },
          "sensitive_attributes": [],
          "identity_schema_version": 0,
          "dependencies": [
            "aws_api_gateway_deployment.northstar_retail",
            "aws_api_gateway_integration.northstar_retail",
            "aws_api_gateway_method.northstar_retail",
            "aws_api_gateway_resource.northstar_retail",
            "aws_api_gateway_rest_api.northstar_retail",
            "aws_api_gateway_stage.northstar_retail",
            "aws_bedrockagentcore_agent_runtime.mcp",
            "aws_bedrockagentcore_agent_runtime.supply_chain",
            "aws_bedrockagentcore_memory.agent_memory",
            "aws_cloudwatch_log_resource_policy.xray_transaction_search",
            "aws_codebuild_project.mcp",
            "aws_codebuild_project.supply_chain",
            "aws_ecr_repository.mcp",
            "aws_ecr_repository.supply_chain",
            "aws_iam_role.agent_execution",
            "aws_iam_role.image_build",
            "aws_iam_role.northstar_retail_lambda",
            "aws_iam_role_policy.agent_execution",
            "aws_iam_role_policy.image_build",
            "aws_iam_role_policy_attachment.agent_execution_managed",
            "aws_lambda_function.northstar_retail",
            "aws_lambda_layer_version.supply_chain_mock",
            "aws_s3_bucket.agent_source",
            "aws_s3_object.mcp_source",
            "aws_s3_object.supply_chain_source",
            "aws_security_group.runtime",
            "aws_security_group.vpc_endpoints",
            "aws_vpc_endpoint.interface",
            "aws_vpc_endpoint.s3",
            "data.archive_file.mcp_source",
            "data.archive_file.northstar_retail",
            "data.archive_file.supply_chain_mock_layer",
            "data.archive_file.supply_chain_source",
            "data.aws_caller_identity.current",
            "data.aws_region.current",
            "data.aws_route_table.main",
            "data.aws_subnet.runtime_subnets",
            "data.aws_vpc.selected",
            "null_resource.build_mcp",
            "null_resource.build_supply_chain"
          ]
        },
        {
          "index_key": "memory",
          "schema_version": 0,
          "attributes": {
            "arn": "arn:aws:logs:us-east-1:689069515280:delivery-destination:memory-traces-destination",
            "delivery_destination_configuration": [],
            "delivery_destination_type": "XRAY",
            "name": "memory-traces-destination",
            "output_format": null,
            "region": "us-east-1",
            "tags": null,
            "tags_all": {
              "Environment": "demo",
              "ManagedBy": "Terraform",
              "Project": "AgentCore-Supply-Chain",
              "Stack": "acvals-su-chain"
            }
          },
          "sensitive_attributes": [],
          "identity_schema_version": 0,
          "dependencies": [
            "aws_api_gateway_deployment.northstar_retail",
            "aws_api_gateway_integration.northstar_retail",
            "aws_api_gateway_method.northstar_retail",
            "aws_api_gateway_resource.northstar_retail",
            "aws_api_gateway_rest_api.northstar_retail",
            "aws_api_gateway_stage.northstar_retail",
            "aws_bedrockagentcore_agent_runtime.mcp",
            "aws_bedrockagentcore_agent_runtime.supply_chain",
            "aws_bedrockagentcore_memory.agent_memory",
            "aws_cloudwatch_log_resource_policy.xray_transaction_search",
            "aws_codebuild_project.mcp",
            "aws_codebuild_project.supply_chain",
            "aws_ecr_repository.mcp",
            "aws_ecr_repository.supply_chain",
            "aws_iam_role.agent_execution",
            "aws_iam_role.image_build",
            "aws_iam_role.northstar_retail_lambda",
            "aws_iam_role_policy.agent_execution",
            "aws_iam_role_policy.image_build",
            "aws_iam_role_policy_attachment.agent_execution_managed",
            "aws_lambda_function.northstar_retail",
            "aws_lambda_layer_version.supply_chain_mock",
            "aws_s3_bucket.agent_source",
            "aws_s3_object.mcp_source",
            "aws_s3_object.supply_chain_source",
            "aws_security_group.runtime",
            "aws_security_group.vpc_endpoints",
            "aws_vpc_endpoint.interface",
            "aws_vpc_endpoint.s3",
            "data.archive_file.mcp_source",
            "data.archive_file.northstar_retail",
            "data.archive_file.supply_chain_mock_layer",
            "data.archive_file.supply_chain_source",
            "data.aws_caller_identity.current",
            "data.aws_region.current",
            "data.aws_route_table.main",
            "data.aws_subnet.runtime_subnets",
            "data.aws_vpc.selected",
            "null_resource.build_mcp",
            "null_resource.build_supply_chain"
          ]
        },
        {
          "index_key": "supply_chain",
          "schema_version": 0,
          "attributes": {
            "arn": "arn:aws:logs:us-east-1:689069515280:delivery-destination:supply_chain-traces-destination",
            "delivery_destination_configuration": [],
            "delivery_destination_type": "XRAY",
            "name": "supply_chain-traces-destination",
            "output_format": null,
            "region": "us-east-1",
            "tags": null,
            "tags_all": {
              "Environment": "demo",
              "ManagedBy": "Terraform",
              "Project": "AgentCore-Supply-Chain",
              "Stack": "acvals-su-chain"
            }
          },
          "sensitive_attributes": [],
          "identity_schema_version": 0,
          "dependencies": [
            "aws_api_gateway_deployment.northstar_retail",
            "aws_api_gateway_integration.northstar_retail",
            "aws_api_gateway_method.northstar_retail",
            "aws_api_gateway_resource.northstar_retail",
            "aws_api_gateway_rest_api.northstar_retail",
            "aws_api_gateway_stage.northstar_retail",
            "aws_bedrockagentcore_agent_runtime.mcp",
            "aws_bedrockagentcore_agent_runtime.supply_chain",
            "aws_bedrockagentcore_memory.agent_memory",
            "aws_cloudwatch_log_resource_policy.xray_transaction_search",
            "aws_codebuild_project.mcp",
            "aws_codebuild_project.supply_chain",
            "aws_ecr_repository.mcp",
            "aws_ecr_repository.supply_chain",
            "aws_iam_role.agent_execution",
            "aws_iam_role.image_build",
            "aws_iam_role.northstar_retail_lambda",
            "aws_iam_role_policy.agent_execution",
            "aws_iam_role_policy.image_build",
            "aws_iam_role_policy_attachment.agent_execution_managed",
            "aws_lambda_function.northstar_retail",
            "aws_lambda_layer_version.supply_chain_mock",
            "aws_s3_bucket.agent_source",
            "aws_s3_object.mcp_source",
            "aws_s3_object.supply_chain_source",
            "aws_security_group.runtime",
            "aws_security_group.vpc_endpoints",
            "aws_vpc_endpoint.interface",
            "aws_vpc_endpoint.s3",
            "data.archive_file.mcp_source",
            "data.archive_file.northstar_retail",
            "data.archive_file.supply_chain_mock_layer",
            "data.archive_file.supply_chain_source",
            "data.aws_caller_identity.current",
            "data.aws_region.current",
            "data.aws_route_table.main",
            "data.aws_subnet.runtime_subnets",
            "data.aws_vpc.selected",
            "null_resource.build_mcp",
            "null_resource.build_supply_chain"
          ]
        }
      ]
    },
    {
      "mode": "managed",
      "type": "aws_cloudwatch_log_delivery_source",
      "name": "logs",
      "provider": "provider[\"registry.terraform.io/hashicorp/aws\"]",
      "instances": [
        {
          "index_key": "mcp",
          "schema_version": 0,
          "attributes": {
            "arn": "arn:aws:logs:us-east-1:689069515280:delivery-source:mcp-logs-source",
            "log_type": "APPLICATION_LOGS",
            "name": "mcp-logs-source",
            "region": "us-east-1",
            "resource_arn": "arn:aws:bedrock-agentcore:us-east-1:689069515280:runtime/mcp_tools_server-KgOcEvD4pi",
            "service": "bedrock-agentcore",
            "tags": null,
            "tags_all": {
              "Environment": "demo",
              "ManagedBy": "Terraform",
              "Project": "AgentCore-Supply-Chain",
              "Stack": "acvals-su-chain"
            }
          },
          "sensitive_attributes": [],
          "identity_schema_version": 0,
          "dependencies": [
            "aws_api_gateway_deployment.northstar_retail",
            "aws_api_gateway_integration.northstar_retail",
            "aws_api_gateway_method.northstar_retail",
            "aws_api_gateway_resource.northstar_retail",
            "aws_api_gateway_rest_api.northstar_retail",
            "aws_api_gateway_stage.northstar_retail",
            "aws_bedrockagentcore_agent_runtime.mcp",
            "aws_bedrockagentcore_agent_runtime.supply_chain",
            "aws_bedrockagentcore_memory.agent_memory",
            "aws_codebuild_project.mcp",
            "aws_codebuild_project.supply_chain",
            "aws_ecr_repository.mcp",
            "aws_ecr_repository.supply_chain",
            "aws_iam_role.agent_execution",
            "aws_iam_role.image_build",
            "aws_iam_role.northstar_retail_lambda",
            "aws_iam_role_policy.agent_execution",
            "aws_iam_role_policy.image_build",
            "aws_iam_role_policy_attachment.agent_execution_managed",
            "aws_lambda_function.northstar_retail",
            "aws_lambda_layer_version.supply_chain_mock",
            "aws_s3_bucket.agent_source",
            "aws_s3_object.mcp_source",
            "aws_s3_object.supply_chain_source",
            "aws_security_group.runtime",
            "aws_security_group.vpc_endpoints",
            "aws_vpc_endpoint.interface",
            "aws_vpc_endpoint.s3",
            "data.archive_file.mcp_source",
            "data.archive_file.northstar_retail",
            "data.archive_file.supply_chain_mock_layer",
            "data.archive_file.supply_chain_source",
            "data.aws_caller_identity.current",
            "data.aws_region.current",
            "data.aws_route_table.main",
            "data.aws_subnet.runtime_subnets",
            "data.aws_vpc.selected",
            "null_resource.build_mcp",
            "null_resource.build_supply_chain"
          ]
        },
        {
          "index_key": "memory",
          "schema_version": 0,
          "attributes": {
            "arn": "arn:aws:logs:us-east-1:689069515280:delivery-source:memory-logs-source",
            "log_type": "APPLICATION_LOGS",
            "name": "memory-logs-source",
            "region": "us-east-1",
            "resource_arn": "arn:aws:bedrock-agentcore:us-east-1:689069515280:memory/supply_chain_agent_memory-MMg0wk4t4a",
            "service": "bedrock-agentcore",
            "tags": null,
            "tags_all": {
              "Environment": "demo",
              "ManagedBy": "Terraform",
              "Project": "AgentCore-Supply-Chain",
              "Stack": "acvals-su-chain"
            }
          },
          "sensitive_attributes": [],
          "identity_schema_version": 0,
          "dependencies": [
            "aws_api_gateway_deployment.northstar_retail",
            "aws_api_gateway_integration.northstar_retail",
            "aws_api_gateway_method.northstar_retail",
            "aws_api_gateway_resource.northstar_retail",
            "aws_api_gateway_rest_api.northstar_retail",
            "aws_api_gateway_stage.northstar_retail",
            "aws_bedrockagentcore_agent_runtime.mcp",
            "aws_bedrockagentcore_agent_runtime.supply_chain",
            "aws_bedrockagentcore_memory.agent_memory",
            "aws_codebuild_project.mcp",
            "aws_codebuild_project.supply_chain",
            "aws_ecr_repository.mcp",
            "aws_ecr_repository.supply_chain",
            "aws_iam_role.agent_execution",
            "aws_iam_role.image_build",
            "aws_iam_role.northstar_retail_lambda",
            "aws_iam_role_policy.agent_execution",
            "aws_iam_role_policy.image_build",
            "aws_iam_role_policy_attachment.agent_execution_managed",
            "aws_lambda_function.northstar_retail",
            "aws_lambda_layer_version.supply_chain_mock",
            "aws_s3_bucket.agent_source",
            "aws_s3_object.mcp_source",
            "aws_s3_object.supply_chain_source",
            "aws_security_group.runtime",
            "aws_security_group.vpc_endpoints",
            "aws_vpc_endpoint.interface",
            "aws_vpc_endpoint.s3",
            "data.archive_file.mcp_source",
            "data.archive_file.northstar_retail",
            "data.archive_file.supply_chain_mock_layer",
            "data.archive_file.supply_chain_source",
            "data.aws_caller_identity.current",
            "data.aws_region.current",
            "data.aws_route_table.main",
            "data.aws_subnet.runtime_subnets",
            "data.aws_vpc.selected",
            "null_resource.build_mcp",
            "null_resource.build_supply_chain"
          ]
        },
        {
          "index_key": "supply_chain",
          "schema_version": 0,
          "attributes": {
            "arn": "arn:aws:logs:us-east-1:689069515280:delivery-source:supply_chain-logs-source",
            "log_type": "APPLICATION_LOGS",
            "name": "supply_chain-logs-source",
            "region": "us-east-1",
            "resource_arn": "arn:aws:bedrock-agentcore:us-east-1:689069515280:runtime/supply_chain_orchestrator_agent-YK657xBNWi",
            "service": "bedrock-agentcore",
            "tags": null,
            "tags_all": {
              "Environment": "demo",
              "ManagedBy": "Terraform",
              "Project": "AgentCore-Supply-Chain",
              "Stack": "acvals-su-chain"
            }
          },
          "sensitive_attributes": [],
          "identity_schema_version": 0,
          "dependencies": [
            "aws_api_gateway_deployment.northstar_retail",
            "aws_api_gateway_integration.northstar_retail",
            "aws_api_gateway_method.northstar_retail",
            "aws_api_gateway_resource.northstar_retail",
            "aws_api_gateway_rest_api.northstar_retail",
            "aws_api_gateway_stage.northstar_retail",
            "aws_bedrockagentcore_agent_runtime.mcp",
            "aws_bedrockagentcore_agent_runtime.supply_chain",
            "aws_bedrockagentcore_memory.agent_memory",
            "aws_codebuild_project.mcp",
            "aws_codebuild_project.supply_chain",
            "aws_ecr_repository.mcp",
            "aws_ecr_repository.supply_chain",
            "aws_iam_role.agent_execution",
            "aws_iam_role.image_build",
            "aws_iam_role.northstar_retail_lambda",
            "aws_iam_role_policy.agent_execution",
            "aws_iam_role_policy.image_build",
            "aws_iam_role_policy_attachment.agent_execution_managed",
            "aws_lambda_function.northstar_retail",
            "aws_lambda_layer_version.supply_chain_mock",
            "aws_s3_bucket.agent_source",
            "aws_s3_object.mcp_source",
            "aws_s3_object.supply_chain_source",
            "aws_security_group.runtime",
            "aws_security_group.vpc_endpoints",
            "aws_vpc_endpoint.interface",
            "aws_vpc_endpoint.s3",
            "data.archive_file.mcp_source",
            "data.archive_file.northstar_retail",
            "data.archive_file.supply_chain_mock_layer",
            "data.archive_file.supply_chain_source",
            "data.aws_caller_identity.current",
            "data.aws_region.current",
            "data.aws_route_table.main",
            "data.aws_subnet.runtime_subnets",
            "data.aws_vpc.selected",
            "null_resource.build_mcp",
            "null_resource.build_supply_chain"
          ]
        }
      ]
    },
    {
      "mode": "managed",
      "type": "aws_cloudwatch_log_delivery_source",
      "name": "traces",
      "provider": "provider[\"registry.terraform.io/hashicorp/aws\"]",
      "instances": [
        {
          "index_key": "mcp",
          "schema_version": 0,
          "attributes": {
            "arn": "arn:aws:logs:us-east-1:689069515280:delivery-source:mcp-traces-source",
            "log_type": "TRACES",
            "name": "mcp-traces-source",
            "region": "us-east-1",
            "resource_arn": "arn:aws:bedrock-agentcore:us-east-1:689069515280:runtime/mcp_tools_server-KgOcEvD4pi",
            "service": "bedrock-agentcore",
            "tags": null,
            "tags_all": {
              "Environment": "demo",
              "ManagedBy": "Terraform",
              "Project": "AgentCore-Supply-Chain",
              "Stack": "acvals-su-chain"
            }
          },
          "sensitive_attributes": [],
          "identity_schema_version": 0,
          "dependencies": [
            "aws_api_gateway_deployment.northstar_retail",
            "aws_api_gateway_integration.northstar_retail",
            "aws_api_gateway_method.northstar_retail",
            "aws_api_gateway_resource.northstar_retail",
            "aws_api_gateway_rest_api.northstar_retail",
            "aws_api_gateway_stage.northstar_retail",
            "aws_bedrockagentcore_agent_runtime.mcp",
            "aws_bedrockagentcore_agent_runtime.supply_chain",
            "aws_bedrockagentcore_memory.agent_memory",
            "aws_codebuild_project.mcp",
            "aws_codebuild_project.supply_chain",
            "aws_ecr_repository.mcp",
            "aws_ecr_repository.supply_chain",
            "aws_iam_role.agent_execution",
            "aws_iam_role.image_build",
            "aws_iam_role.northstar_retail_lambda",
            "aws_iam_role_policy.agent_execution",
            "aws_iam_role_policy.image_build",
            "aws_iam_role_policy_attachment.agent_execution_managed",
            "aws_lambda_function.northstar_retail",
            "aws_lambda_layer_version.supply_chain_mock",
            "aws_s3_bucket.agent_source",
            "aws_s3_object.mcp_source",
            "aws_s3_object.supply_chain_source",
            "aws_security_group.runtime",
            "aws_security_group.vpc_endpoints",
            "aws_vpc_endpoint.interface",
            "aws_vpc_endpoint.s3",
            "data.archive_file.mcp_source",
            "data.archive_file.northstar_retail",
            "data.archive_file.supply_chain_mock_layer",
            "data.archive_file.supply_chain_source",
            "data.aws_caller_identity.current",
            "data.aws_region.current",
            "data.aws_route_table.main",
            "data.aws_subnet.runtime_subnets",
            "data.aws_vpc.selected",
            "null_resource.build_mcp",
            "null_resource.build_supply_chain"
          ]
        },
        {
          "index_key": "memory",
          "schema_version": 0,
          "attributes": {
            "arn": "arn:aws:logs:us-east-1:689069515280:delivery-source:memory-traces-source",
            "log_type": "TRACES",
            "name": "memory-traces-source",
            "region": "us-east-1",
            "resource_arn": "arn:aws:bedrock-agentcore:us-east-1:689069515280:memory/supply_chain_agent_memory-MMg0wk4t4a",
            "service": "bedrock-agentcore",
            "tags": null,
            "tags_all": {
              "Environment": "demo",
              "ManagedBy": "Terraform",
              "Project": "AgentCore-Supply-Chain",
              "Stack": "acvals-su-chain"
            }
          },
          "sensitive_attributes": [],
          "identity_schema_version": 0,
          "dependencies": [
            "aws_api_gateway_deployment.northstar_retail",
            "aws_api_gateway_integration.northstar_retail",
            "aws_api_gateway_method.northstar_retail",
            "aws_api_gateway_resource.northstar_retail",
            "aws_api_gateway_rest_api.northstar_retail",
            "aws_api_gateway_stage.northstar_retail",
            "aws_bedrockagentcore_agent_runtime.mcp",
            "aws_bedrockagentcore_agent_runtime.supply_chain",
            "aws_bedrockagentcore_memory.agent_memory",
            "aws_codebuild_project.mcp",
            "aws_codebuild_project.supply_chain",
            "aws_ecr_repository.mcp",
            "aws_ecr_repository.supply_chain",
            "aws_iam_role.agent_execution",
            "aws_iam_role.image_build",
            "aws_iam_role.northstar_retail_lambda",
            "aws_iam_role_policy.agent_execution",
            "aws_iam_role_policy.image_build",
            "aws_iam_role_policy_attachment.agent_execution_managed",
            "aws_lambda_function.northstar_retail",
            "aws_lambda_layer_version.supply_chain_mock",
            "aws_s3_bucket.agent_source",
            "aws_s3_object.mcp_source",
            "aws_s3_object.supply_chain_source",
            "aws_security_group.runtime",
            "aws_security_group.vpc_endpoints",
            "aws_vpc_endpoint.interface",
            "aws_vpc_endpoint.s3",
            "data.archive_file.mcp_source",
            "data.archive_file.northstar_retail",
            "data.archive_file.supply_chain_mock_layer",
            "data.archive_file.supply_chain_source",
            "data.aws_caller_identity.current",
            "data.aws_region.current",
            "data.aws_route_table.main",
            "data.aws_subnet.runtime_subnets",
            "data.aws_vpc.selected",
            "null_resource.build_mcp",
            "null_resource.build_supply_chain"
          ]
        },
        {
          "index_key": "supply_chain",
          "schema_version": 0,
          "attributes": {
            "arn": "arn:aws:logs:us-east-1:689069515280:delivery-source:supply_chain-traces-source",
            "log_type": "TRACES",
            "name": "supply_chain-traces-source",
            "region": "us-east-1",
            "resource_arn": "arn:aws:bedrock-agentcore:us-east-1:689069515280:runtime/supply_chain_orchestrator_agent-YK657xBNWi",
            "service": "bedrock-agentcore",
            "tags": null,
            "tags_all": {
              "Environment": "demo",
              "ManagedBy": "Terraform",
              "Project": "AgentCore-Supply-Chain",
              "Stack": "acvals-su-chain"
            }
          },
          "sensitive_attributes": [],
          "identity_schema_version": 0,
          "dependencies": [
            "aws_api_gateway_deployment.northstar_retail",
            "aws_api_gateway_integration.northstar_retail",
            "aws_api_gateway_method.northstar_retail",
            "aws_api_gateway_resource.northstar_retail",
            "aws_api_gateway_rest_api.northstar_retail",
            "aws_api_gateway_stage.northstar_retail",
            "aws_bedrockagentcore_agent_runtime.mcp",
            "aws_bedrockagentcore_agent_runtime.supply_chain",
            "aws_bedrockagentcore_memory.agent_memory",
            "aws_codebuild_project.mcp",
            "aws_codebuild_project.supply_chain",
            "aws_ecr_repository.mcp",
            "aws_ecr_repository.supply_chain",
            "aws_iam_role.agent_execution",
            "aws_iam_role.image_build",
            "aws_iam_role.northstar_retail_lambda",
            "aws_iam_role_policy.agent_execution",
            "aws_iam_role_policy.image_build",
            "aws_iam_role_policy_attachment.agent_execution_managed",
            "aws_lambda_function.northstar_retail",
            "aws_lambda_layer_version.supply_chain_mock",
            "aws_s3_bucket.agent_source",
            "aws_s3_object.mcp_source",
            "aws_s3_object.supply_chain_source",
            "aws_security_group.runtime",
            "aws_security_group.vpc_endpoints",
            "aws_vpc_endpoint.interface",
            "aws_vpc_endpoint.s3",
            "data.archive_file.mcp_source",
            "data.archive_file.northstar_retail",
            "data.archive_file.supply_chain_mock_layer",
            "data.archive_file.supply_chain_source",
            "data.aws_caller_identity.current",
            "data.aws_region.current",
            "data.aws_route_table.main",
            "data.aws_subnet.runtime_subnets",
            "data.aws_vpc.selected",
            "null_resource.build_mcp",
            "null_resource.build_supply_chain"
          ]
        }
      ]
    },
    {
      "mode": "managed",
      "type": "aws_cloudwatch_log_group",
      "name": "observability",
      "provider": "provider[\"registry.terraform.io/hashicorp/aws\"]",
      "instances": [
        {
          "index_key": "mcp",
          "schema_version": 0,
          "attributes": {
            "arn": "arn:aws:logs:us-east-1:689069515280:log-group:/aws/vendedlogs/bedrock-agentcore/runtime/APPLICATION_LOGS/mcp_tools_server-KgOcEvD4pi",
            "deletion_protection_enabled": false,
            "id": "/aws/vendedlogs/bedrock-agentcore/runtime/APPLICATION_LOGS/mcp_tools_server-KgOcEvD4pi",
            "kms_key_id": "",
            "log_group_class": "STANDARD",
            "name": "/aws/vendedlogs/bedrock-agentcore/runtime/APPLICATION_LOGS/mcp_tools_server-KgOcEvD4pi",
            "name_prefix": "",
            "region": "us-east-1",
            "retention_in_days": 30,
            "skip_destroy": false,
            "tags": {},
            "tags_all": {
              "Environment": "demo",
              "ManagedBy": "Terraform",
              "Project": "AgentCore-Supply-Chain",
              "Stack": "acvals-su-chain"
            }
          },
          "sensitive_attributes": [],
          "identity_schema_version": 0,
          "identity": {
            "account_id": "689069515280",
            "name": "/aws/vendedlogs/bedrock-agentcore/runtime/APPLICATION_LOGS/mcp_tools_server-KgOcEvD4pi",
            "region": "us-east-1"
          },
          "private": "bnVsbA==",
          "dependencies": [
            "aws_api_gateway_deployment.northstar_retail",
            "aws_api_gateway_integration.northstar_retail",
            "aws_api_gateway_method.northstar_retail",
            "aws_api_gateway_resource.northstar_retail",
            "aws_api_gateway_rest_api.northstar_retail",
            "aws_api_gateway_stage.northstar_retail",
            "aws_bedrockagentcore_agent_runtime.mcp",
            "aws_bedrockagentcore_agent_runtime.supply_chain",
            "aws_bedrockagentcore_memory.agent_memory",
            "aws_codebuild_project.mcp",
            "aws_codebuild_project.supply_chain",
            "aws_ecr_repository.mcp",
            "aws_ecr_repository.supply_chain",
            "aws_iam_role.agent_execution",
            "aws_iam_role.image_build",
            "aws_iam_role.northstar_retail_lambda",
            "aws_iam_role_policy.agent_execution",
            "aws_iam_role_policy.image_build",
            "aws_iam_role_policy_attachment.agent_execution_managed",
            "aws_lambda_function.northstar_retail",
            "aws_lambda_layer_version.supply_chain_mock",
            "aws_s3_bucket.agent_source",
            "aws_s3_object.mcp_source",
            "aws_s3_object.supply_chain_source",
            "aws_security_group.runtime",
            "aws_security_group.vpc_endpoints",
            "aws_vpc_endpoint.interface",
            "aws_vpc_endpoint.s3",
            "data.archive_file.mcp_source",
            "data.archive_file.northstar_retail",
            "data.archive_file.supply_chain_mock_layer",
            "data.archive_file.supply_chain_source",
            "data.aws_caller_identity.current",
            "data.aws_region.current",
            "data.aws_route_table.main",
            "data.aws_subnet.runtime_subnets",
            "data.aws_vpc.selected",
            "null_resource.build_mcp",
            "null_resource.build_supply_chain"
          ]
        },
        {
          "index_key": "memory",
          "schema_version": 0,
          "attributes": {
            "arn": "arn:aws:logs:us-east-1:689069515280:log-group:/aws/vendedlogs/bedrock-agentcore/memory/APPLICATION_LOGS/supply_chain_agent_memory-MMg0wk4t4a",
            "deletion_protection_enabled": false,
            "id": "/aws/vendedlogs/bedrock-agentcore/memory/APPLICATION_LOGS/supply_chain_agent_memory-MMg0wk4t4a",
            "kms_key_id": "",
            "log_group_class": "STANDARD",
            "name": "/aws/vendedlogs/bedrock-agentcore/memory/APPLICATION_LOGS/supply_chain_agent_memory-MMg0wk4t4a",
            "name_prefix": "",
            "region": "us-east-1",
            "retention_in_days": 30,
            "skip_destroy": false,
            "tags": {},
            "tags_all": {
              "Environment": "demo",
              "ManagedBy": "Terraform",
              "Project": "AgentCore-Supply-Chain",
              "Stack": "acvals-su-chain"
            }
          },
          "sensitive_attributes": [],
          "identity_schema_version": 0,
          "identity": {
            "account_id": "689069515280",
            "name": "/aws/vendedlogs/bedrock-agentcore/memory/APPLICATION_LOGS/supply_chain_agent_memory-MMg0wk4t4a",
            "region": "us-east-1"
          },
          "private": "bnVsbA==",
          "dependencies": [
            "aws_api_gateway_deployment.northstar_retail",
            "aws_api_gateway_integration.northstar_retail",
            "aws_api_gateway_method.northstar_retail",
            "aws_api_gateway_resource.northstar_retail",
            "aws_api_gateway_rest_api.northstar_retail",
            "aws_api_gateway_stage.northstar_retail",
            "aws_bedrockagentcore_agent_runtime.mcp",
            "aws_bedrockagentcore_agent_runtime.supply_chain",
            "aws_bedrockagentcore_memory.agent_memory",
            "aws_codebuild_project.mcp",
            "aws_codebuild_project.supply_chain",
            "aws_ecr_repository.mcp",
            "aws_ecr_repository.supply_chain",
            "aws_iam_role.agent_execution",
            "aws_iam_role.image_build",
            "aws_iam_role.northstar_retail_lambda",
            "aws_iam_role_policy.agent_execution",
            "aws_iam_role_policy.image_build",
            "aws_iam_role_policy_attachment.agent_execution_managed",
            "aws_lambda_function.northstar_retail",
            "aws_lambda_layer_version.supply_chain_mock",
            "aws_s3_bucket.agent_source",
            "aws_s3_object.mcp_source",
            "aws_s3_object.supply_chain_source",
            "aws_security_group.runtime",
            "aws_security_group.vpc_endpoints",
            "aws_vpc_endpoint.interface",
            "aws_vpc_endpoint.s3",
            "data.archive_file.mcp_source",
            "data.archive_file.northstar_retail",
            "data.archive_file.supply_chain_mock_layer",
            "data.archive_file.supply_chain_source",
            "data.aws_caller_identity.current",
            "data.aws_region.current",
            "data.aws_route_table.main",
            "data.aws_subnet.runtime_subnets",
            "data.aws_vpc.selected",
            "null_resource.build_mcp",
            "null_resource.build_supply_chain"
          ]
        },
        {
          "index_key": "supply_chain",
          "schema_version": 0,
          "attributes": {
            "arn": "arn:aws:logs:us-east-1:689069515280:log-group:/aws/vendedlogs/bedrock-agentcore/runtime/APPLICATION_LOGS/supply_chain_orchestrator_agent-YK657xBNWi",
            "deletion_protection_enabled": false,
            "id": "/aws/vendedlogs/bedrock-agentcore/runtime/APPLICATION_LOGS/supply_chain_orchestrator_agent-YK657xBNWi",
            "kms_key_id": "",
            "log_group_class": "STANDARD",
            "name": "/aws/vendedlogs/bedrock-agentcore/runtime/APPLICATION_LOGS/supply_chain_orchestrator_agent-YK657xBNWi",
            "name_prefix": "",
            "region": "us-east-1",
            "retention_in_days": 30,
            "skip_destroy": false,
            "tags": {},
            "tags_all": {
              "Environment": "demo",
              "ManagedBy": "Terraform",
              "Project": "AgentCore-Supply-Chain",
              "Stack": "acvals-su-chain"
            }
          },
          "sensitive_attributes": [],
          "identity_schema_version": 0,
          "identity": {
            "account_id": "689069515280",
            "name": "/aws/vendedlogs/bedrock-agentcore/runtime/APPLICATION_LOGS/supply_chain_orchestrator_agent-YK657xBNWi",
            "region": "us-east-1"
          },
          "private": "bnVsbA==",
          "dependencies": [
            "aws_api_gateway_deployment.northstar_retail",
            "aws_api_gateway_integration.northstar_retail",
            "aws_api_gateway_method.northstar_retail",
            "aws_api_gateway_resource.northstar_retail",
            "aws_api_gateway_rest_api.northstar_retail",
            "aws_api_gateway_stage.northstar_retail",
            "aws_bedrockagentcore_agent_runtime.mcp",
            "aws_bedrockagentcore_agent_runtime.supply_chain",
            "aws_bedrockagentcore_memory.agent_memory",
            "aws_codebuild_project.mcp",
            "aws_codebuild_project.supply_chain",
            "aws_ecr_repository.mcp",
            "aws_ecr_repository.supply_chain",
            "aws_iam_role.agent_execution",
            "aws_iam_role.image_build",
            "aws_iam_role.northstar_retail_lambda",
            "aws_iam_role_policy.agent_execution",
            "aws_iam_role_policy.image_build",
            "aws_iam_role_policy_attachment.agent_execution_managed",
            "aws_lambda_function.northstar_retail",
            "aws_lambda_layer_version.supply_chain_mock",
            "aws_s3_bucket.agent_source",
            "aws_s3_object.mcp_source",
            "aws_s3_object.supply_chain_source",
            "aws_security_group.runtime",
            "aws_security_group.vpc_endpoints",
            "aws_vpc_endpoint.interface",
            "aws_vpc_endpoint.s3",
            "data.archive_file.mcp_source",
            "data.archive_file.northstar_retail",
            "data.archive_file.supply_chain_mock_layer",
            "data.archive_file.supply_chain_source",
            "data.aws_caller_identity.current",
            "data.aws_region.current",
            "data.aws_route_table.main",
            "data.aws_subnet.runtime_subnets",
            "data.aws_vpc.selected",
            "null_resource.build_mcp",
            "null_resource.build_supply_chain"
          ]
        }
      ]
    },
    {
      "mode": "managed",
      "type": "aws_cloudwatch_log_resource_policy",
      "name": "xray_transaction_search",
      "provider": "provider[\"registry.terraform.io/hashicorp/aws\"]",
      "instances": [
        {
          "schema_version": 0,
          "attributes": {
            "id": "TransactionSearchAccess",
            "policy_document": "{\"Statement\":[{\"Action\":\"logs:PutLogEvents\",\"Condition\":{\"ArnLike\":{\"aws:SourceArn\":\"arn:aws:xray:us-east-1:689069515280:*\"},\"StringEquals\":{\"aws:SourceAccount\":\"689069515280\"}},\"Effect\":\"Allow\",\"Principal\":{\"Service\":\"xray.amazonaws.com\"},\"Resource\":[\"arn:aws:logs:us-east-1:689069515280:log-group:aws/spans:*\",\"arn:aws:logs:us-east-1:689069515280:log-group:/aws/application-signals/data:*\"],\"Sid\":\"TransactionSearchXRayAccess\"}],\"Version\":\"2012-10-17\"}",
            "policy_name": "TransactionSearchAccess",
            "policy_scope": "ACCOUNT",
            "region": "us-east-1",
            "resource_arn": "",
            "revision_id": ""
          },
          "sensitive_attributes": [],
          "identity_schema_version": 0,
          "private": "bnVsbA==",
          "dependencies": [
            "data.aws_caller_identity.current",
            "data.aws_region.current"
          ]
        }
      ]
    },
    {
      "mode": "managed",
      "type": "aws_codebuild_project",
      "name": "evaluators",
      "provider": "provider[\"registry.terraform.io/hashicorp/aws\"]",
      "instances": [
        {
          "schema_version": 0,
          "attributes": {
            "arn": "arn:aws:codebuild:us-east-1:689069515280:project/acvals-su-chain-demo-evaluators-build",
            "artifacts": [
              {
                "artifact_identifier": "",
                "bucket_owner_access": "",
                "encryption_disabled": false,
                "location": "",
                "name": "",
                "namespace_type": "",
                "override_artifact_name": false,
                "packaging": "",
                "path": "",
                "type": "NO_ARTIFACTS"
              }
            ],
            "auto_retry_limit": 0,
            "badge_enabled": false,
            "badge_url": "",
            "build_batch_config": [],
            "build_timeout": 30,
            "cache": [
              {
                "cache_namespace": "",
                "location": "",
                "modes": [],
                "type": "NO_CACHE"
              }
            ],
            "concurrent_build_limit": 0,
            "description": "Build evaluators Lambda Docker image",
            "encryption_key": "arn:aws:kms:us-east-1:689069515280:alias/aws/s3",
            "environment": [
              {
                "certificate": "",
                "compute_type": "BUILD_GENERAL1_SMALL",
                "docker_server": [],
                "environment_variable": [
                  {
                    "name": "AWS_DEFAULT_REGION",
                    "type": "PLAINTEXT",
                    "value": "us-east-1"
                  },
                  {
                    "name": "AWS_ACCOUNT_ID",
                    "type": "PLAINTEXT",
                    "value": "689069515280"
                  },
                  {
                    "name": "IMAGE_REPO_NAME",
                    "type": "PLAINTEXT",
                    "value": "acvals-su-chain-demo-evaluators"
                  },
                  {
                    "name": "IMAGE_TAG",
                    "type": "PLAINTEXT",
                    "value": "latest"
                  }
                ],
                "fleet": [],
                "image": "aws/codebuild/amazonlinux2-x86_64-standard:5.0",
                "image_pull_credentials_type": "CODEBUILD",
                "privileged_mode": true,
                "registry_credential": [],
                "type": "LINUX_CONTAINER"
              }
            ],
            "file_system_locations": [],
            "id": "arn:aws:codebuild:us-east-1:689069515280:project/acvals-su-chain-demo-evaluators-build",
            "logs_config": [
              {
                "cloudwatch_logs": [
                  {
                    "group_name": "/aws/codebuild/acvals-su-chain-demo-evaluators-build",
                    "status": "ENABLED",
                    "stream_name": ""
                  }
                ],
                "s3_logs": [
                  {
                    "bucket_owner_access": "",
                    "encryption_disabled": false,
                    "location": "",
                    "status": "DISABLED"
                  }
                ]
              }
            ],
            "name": "acvals-su-chain-demo-evaluators-build",
            "project_visibility": "PRIVATE",
            "public_project_alias": "",
            "queued_timeout": 480,
            "region": "us-east-1",
            "resource_access_role": "",
            "secondary_artifacts": [],
            "secondary_source_version": [],
            "secondary_sources": [],
            "service_role": "arn:aws:iam::689069515280:role/acvals-su-chain-demo-codebuild",
            "source": [
              {
                "auth": [],
                "build_status_config": [],
                "buildspec": "version: 0.2\r\n\r\nphases:\r\n  install:\r\n    commands:\r\n      - echo Installing dependencies...\r\n      - yum install -y unzip\r\n\r\n  pre_build:\r\n    commands:\r\n      - echo Source code already extracted by CodeBuild...\r\n      - cd $CODEBUILD_SRC_DIR\r\n      - ls -la\r\n      - echo Logging in to Amazon ECR...\r\n      - aws ecr get-login-password --region $AWS_DEFAULT_REGION | docker login --username AWS --password-stdin $AWS_ACCOUNT_ID.dkr.ecr.$AWS_DEFAULT_REGION.amazonaws.com\r\n\r\n  build:\r\n    commands:\r\n      - echo Build started on `date`\r\n      - echo Building ARM64 Docker image $IMAGE_REPO_NAME:$IMAGE_TAG ...\r\n      - docker build -t $IMAGE_REPO_NAME:$IMAGE_TAG .\r\n      - docker tag $IMAGE_REPO_NAME:$IMAGE_TAG $AWS_ACCOUNT_ID.dkr.ecr.$AWS_DEFAULT_REGION.amazonaws.com/$IMAGE_REPO_NAME:$IMAGE_TAG\r\n\r\n  post_build:\r\n    commands:\r\n      - echo Build completed on `date`\r\n      - echo Pushing Docker image...\r\n      - docker push $AWS_ACCOUNT_ID.dkr.ecr.$AWS_DEFAULT_REGION.amazonaws.com/$IMAGE_REPO_NAME:$IMAGE_TAG\r\n      - echo ARM64 Docker image pushed successfully\r\n",
                "git_clone_depth": 0,
                "git_submodules_config": [],
                "insecure_ssl": false,
                "location": "acvals-su-chain-src-20260509212034765000000001/evaluators-source-acf9539a8cbe49644b6ec69bd2c5bbf7.zip",
                "report_build_status": false,
                "type": "S3"
              }
            ],
            "source_version": "",
            "tags": {
              "Name": "acvals-su-chain-demo-evaluators-build"
            },
            "tags_all": {
              "Environment": "demo",
              "ManagedBy": "Terraform",
              "Name": "acvals-su-chain-demo-evaluators-build",
              "Project": "AgentCore-Supply-Chain",
              "Stack": "acvals-su-chain"
            },
            "vpc_config": []
          },
          "sensitive_attributes": [],
          "identity_schema_version": 0,
          "identity": {
            "arn": "arn:aws:codebuild:us-east-1:689069515280:project/acvals-su-chain-demo-evaluators-build"
          },
          "private": "bnVsbA==",
          "dependencies": [
            "aws_ecr_repository.evaluators",
            "aws_iam_role.image_build",
            "aws_s3_bucket.agent_source",
            "aws_s3_object.evaluators_source",
            "data.archive_file.evaluators_source",
            "data.aws_caller_identity.current",
            "data.aws_region.current"
          ]
        }
      ]
    },
    {
      "mode": "managed",
      "type": "aws_codebuild_project",
      "name": "mcp",
      "provider": "provider[\"registry.terraform.io/hashicorp/aws\"]",
      "instances": [
        {
          "schema_version": 0,
          "attributes": {
            "arn": "arn:aws:codebuild:us-east-1:689069515280:project/acvals-su-chain-demo-mcp-build",
            "artifacts": [
              {
                "artifact_identifier": "",
                "bucket_owner_access": "",
                "encryption_disabled": false,
                "location": "",
                "name": "",
                "namespace_type": "",
                "override_artifact_name": false,
                "packaging": "",
                "path": "",
                "type": "NO_ARTIFACTS"
              }
            ],
            "auto_retry_limit": 0,
            "badge_enabled": false,
            "badge_url": "",
            "build_batch_config": [],
            "build_timeout": 60,
            "cache": [
              {
                "cache_namespace": "",
                "location": "",
                "modes": [],
                "type": "NO_CACHE"
              }
            ],
            "concurrent_build_limit": 0,
            "description": "Build MCP tools server Docker image",
            "encryption_key": "arn:aws:kms:us-east-1:689069515280:alias/aws/s3",
            "environment": [
              {
                "certificate": "",
                "compute_type": "BUILD_GENERAL1_LARGE",
                "docker_server": [],
                "environment_variable": [
                  {
                    "name": "AWS_DEFAULT_REGION",
                    "type": "PLAINTEXT",
                    "value": "us-east-1"
                  },
                  {
                    "name": "AWS_ACCOUNT_ID",
                    "type": "PLAINTEXT",
                    "value": "689069515280"
                  },
                  {
                    "name": "IMAGE_REPO_NAME",
                    "type": "PLAINTEXT",
                    "value": "acvals-su-chain-demo-mcp-tools"
                  },
                  {
                    "name": "IMAGE_TAG",
                    "type": "PLAINTEXT",
                    "value": "latest"
                  }
                ],
                "fleet": [],
                "image": "aws/codebuild/amazonlinux2-aarch64-standard:3.0",
                "image_pull_credentials_type": "CODEBUILD",
                "privileged_mode": true,
                "registry_credential": [],
                "type": "ARM_CONTAINER"
              }
            ],
            "file_system_locations": [],
            "id": "arn:aws:codebuild:us-east-1:689069515280:project/acvals-su-chain-demo-mcp-build",
            "logs_config": [
              {
                "cloudwatch_logs": [
                  {
                    "group_name": "/aws/codebuild/acvals-su-chain-demo-mcp-build",
                    "status": "ENABLED",
                    "stream_name": ""
                  }
                ],
                "s3_logs": [
                  {
                    "bucket_owner_access": "",
                    "encryption_disabled": false,
                    "location": "",
                    "status": "DISABLED"
                  }
                ]
              }
            ],
            "name": "acvals-su-chain-demo-mcp-build",
            "project_visibility": "PRIVATE",
            "public_project_alias": "",
            "queued_timeout": 480,
            "region": "us-east-1",
            "resource_access_role": "",
            "secondary_artifacts": [],
            "secondary_source_version": [],
            "secondary_sources": [],
            "service_role": "arn:aws:iam::689069515280:role/acvals-su-chain-demo-codebuild",
            "source": [
              {
                "auth": [],
                "build_status_config": [],
                "buildspec": "version: 0.2\r\n\r\nphases:\r\n  install:\r\n    commands:\r\n      - echo Installing dependencies...\r\n      - yum install -y unzip\r\n\r\n  pre_build:\r\n    commands:\r\n      - echo Source code already extracted by CodeBuild...\r\n      - cd $CODEBUILD_SRC_DIR\r\n      - ls -la\r\n      - echo Logging in to Amazon ECR...\r\n      - aws ecr get-login-password --region $AWS_DEFAULT_REGION | docker login --username AWS --password-stdin $AWS_ACCOUNT_ID.dkr.ecr.$AWS_DEFAULT_REGION.amazonaws.com\r\n\r\n  build:\r\n    commands:\r\n      - echo Build started on `date`\r\n      - echo Building ARM64 Docker image $IMAGE_REPO_NAME:$IMAGE_TAG ...\r\n      - docker build -t $IMAGE_REPO_NAME:$IMAGE_TAG .\r\n      - docker tag $IMAGE_REPO_NAME:$IMAGE_TAG $AWS_ACCOUNT_ID.dkr.ecr.$AWS_DEFAULT_REGION.amazonaws.com/$IMAGE_REPO_NAME:$IMAGE_TAG\r\n\r\n  post_build:\r\n    commands:\r\n      - echo Build completed on `date`\r\n      - echo Pushing Docker image...\r\n      - docker push $AWS_ACCOUNT_ID.dkr.ecr.$AWS_DEFAULT_REGION.amazonaws.com/$IMAGE_REPO_NAME:$IMAGE_TAG\r\n      - echo ARM64 Docker image pushed successfully\r\n",
                "git_clone_depth": 0,
                "git_submodules_config": [],
                "insecure_ssl": false,
                "location": "acvals-su-chain-src-20260509212034765000000001/mcp-source-f18220a8aa0717eadad8ed12144d1d82.zip",
                "report_build_status": false,
                "type": "S3"
              }
            ],
            "source_version": "",
            "tags": {
              "Name": "acvals-su-chain-demo-mcp-build"
            },
            "tags_all": {
              "Environment": "demo",
              "ManagedBy": "Terraform",
              "Name": "acvals-su-chain-demo-mcp-build",
              "Project": "AgentCore-Supply-Chain",
              "Stack": "acvals-su-chain"
            },
            "vpc_config": []
          },
          "sensitive_attributes": [],
          "identity_schema_version": 0,
          "identity": {
            "arn": "arn:aws:codebuild:us-east-1:689069515280:project/acvals-su-chain-demo-mcp-build"
          },
          "private": "bnVsbA==",
          "dependencies": [
            "aws_ecr_repository.mcp",
            "aws_iam_role.image_build",
            "aws_s3_bucket.agent_source",
            "aws_s3_object.mcp_source",
            "data.archive_file.mcp_source",
            "data.aws_caller_identity.current",
            "data.aws_region.current"
          ]
        }
      ]
    },
    {
      "mode": "managed",
      "type": "aws_codebuild_project",
      "name": "supply_chain",
      "provider": "provider[\"registry.terraform.io/hashicorp/aws\"]",
      "instances": [
        {
          "schema_version": 0,
          "attributes": {
            "arn": "arn:aws:codebuild:us-east-1:689069515280:project/acvals-su-chain-demo-supply-chain-build",
            "artifacts": [
              {
                "artifact_identifier": "",
                "bucket_owner_access": "",
                "encryption_disabled": false,
                "location": "",
                "name": "",
                "namespace_type": "",
                "override_artifact_name": false,
                "packaging": "",
                "path": "",
                "type": "NO_ARTIFACTS"
              }
            ],
            "auto_retry_limit": 0,
            "badge_enabled": false,
            "badge_url": "",
            "build_batch_config": [],
            "build_timeout": 60,
            "cache": [
              {
                "cache_namespace": "",
                "location": "",
                "modes": [],
                "type": "NO_CACHE"
              }
            ],
            "concurrent_build_limit": 0,
            "description": "Build Supply Chain agent Docker image",
            "encryption_key": "arn:aws:kms:us-east-1:689069515280:alias/aws/s3",
            "environment": [
              {
                "certificate": "",
                "compute_type": "BUILD_GENERAL1_LARGE",
                "docker_server": [],
                "environment_variable": [
                  {
                    "name": "AWS_DEFAULT_REGION",
                    "type": "PLAINTEXT",
                    "value": "us-east-1"
                  },
                  {
                    "name": "AWS_ACCOUNT_ID",
                    "type": "PLAINTEXT",
                    "value": "689069515280"
                  },
                  {
                    "name": "IMAGE_REPO_NAME",
                    "type": "PLAINTEXT",
                    "value": "acvals-su-chain-demo-supply-chain-agent"
                  },
                  {
                    "name": "IMAGE_TAG",
                    "type": "PLAINTEXT",
                    "value": "latest"
                  }
                ],
                "fleet": [],
                "image": "aws/codebuild/amazonlinux2-aarch64-standard:3.0",
                "image_pull_credentials_type": "CODEBUILD",
                "privileged_mode": true,
                "registry_credential": [],
                "type": "ARM_CONTAINER"
              }
            ],
            "file_system_locations": [],
            "id": "arn:aws:codebuild:us-east-1:689069515280:project/acvals-su-chain-demo-supply-chain-build",
            "logs_config": [
              {
                "cloudwatch_logs": [
                  {
                    "group_name": "/aws/codebuild/acvals-su-chain-demo-supply-chain-build",
                    "status": "ENABLED",
                    "stream_name": ""
                  }
                ],
                "s3_logs": [
                  {
                    "bucket_owner_access": "",
                    "encryption_disabled": false,
                    "location": "",
                    "status": "DISABLED"
                  }
                ]
              }
            ],
            "name": "acvals-su-chain-demo-supply-chain-build",
            "project_visibility": "PRIVATE",
            "public_project_alias": "",
            "queued_timeout": 480,
            "region": "us-east-1",
            "resource_access_role": "",
            "secondary_artifacts": [],
            "secondary_source_version": [],
            "secondary_sources": [],
            "service_role": "arn:aws:iam::689069515280:role/acvals-su-chain-demo-codebuild",
            "source": [
              {
                "auth": [],
                "build_status_config": [],
                "buildspec": "version: 0.2\r\n\r\nphases:\r\n  install:\r\n    commands:\r\n      - echo Installing dependencies...\r\n      - yum install -y unzip\r\n\r\n  pre_build:\r\n    commands:\r\n      - echo Source code already extracted by CodeBuild...\r\n      - cd $CODEBUILD_SRC_DIR\r\n      - ls -la\r\n      - echo Logging in to Amazon ECR...\r\n      - aws ecr get-login-password --region $AWS_DEFAULT_REGION | docker login --username AWS --password-stdin $AWS_ACCOUNT_ID.dkr.ecr.$AWS_DEFAULT_REGION.amazonaws.com\r\n\r\n  build:\r\n    commands:\r\n      - echo Build started on `date`\r\n      - echo Building ARM64 Docker image $IMAGE_REPO_NAME:$IMAGE_TAG ...\r\n      - docker build -t $IMAGE_REPO_NAME:$IMAGE_TAG .\r\n      - docker tag $IMAGE_REPO_NAME:$IMAGE_TAG $AWS_ACCOUNT_ID.dkr.ecr.$AWS_DEFAULT_REGION.amazonaws.com/$IMAGE_REPO_NAME:$IMAGE_TAG\r\n\r\n  post_build:\r\n    commands:\r\n      - echo Build completed on `date`\r\n      - echo Pushing Docker image...\r\n      - docker push $AWS_ACCOUNT_ID.dkr.ecr.$AWS_DEFAULT_REGION.amazonaws.com/$IMAGE_REPO_NAME:$IMAGE_TAG\r\n      - echo ARM64 Docker image pushed successfully\r\n",
                "git_clone_depth": 0,
                "git_submodules_config": [],
                "insecure_ssl": false,
                "location": "acvals-su-chain-src-20260509212034765000000001/supply-chain-source-a7400366ec8f25c04ea127af13b2ba51.zip",
                "report_build_status": false,
                "type": "S3"
              }
            ],
            "source_version": "",
            "tags": {
              "Name": "acvals-su-chain-demo-supply-chain-build"
            },
            "tags_all": {
              "Environment": "demo",
              "ManagedBy": "Terraform",
              "Name": "acvals-su-chain-demo-supply-chain-build",
              "Project": "AgentCore-Supply-Chain",
              "Stack": "acvals-su-chain"
            },
            "vpc_config": []
          },
          "sensitive_attributes": [],
          "identity_schema_version": 0,
          "identity": {
            "arn": "arn:aws:codebuild:us-east-1:689069515280:project/acvals-su-chain-demo-supply-chain-build"
          },
          "private": "bnVsbA==",
          "dependencies": [
            "aws_ecr_repository.supply_chain",
            "aws_iam_role.image_build",
            "aws_s3_bucket.agent_source",
            "aws_s3_object.supply_chain_source",
            "data.archive_file.supply_chain_source",
            "data.aws_caller_identity.current",
            "data.aws_region.current"
          ]
        }
      ]
    },
    {
      "mode": "managed",
      "type": "aws_ecr_lifecycle_policy",
      "name": "evaluators",
      "provider": "provider[\"registry.terraform.io/hashicorp/aws\"]",
      "instances": [
        {
          "schema_version": 0,
          "attributes": {
            "id": "acvals-su-chain-demo-evaluators",
            "policy": "{\"rules\":[{\"action\":{\"type\":\"expire\"},\"description\":\"Keep last 5 images\",\"rulePriority\":1,\"selection\":{\"countNumber\":5,\"countType\":\"imageCountMoreThan\",\"tagStatus\":\"any\"}}]}",
            "region": "us-east-1",
            "registry_id": "689069515280",
            "repository": "acvals-su-chain-demo-evaluators"
          },
          "sensitive_attributes": [],
          "identity_schema_version": 0,
          "identity": {
            "account_id": "689069515280",
            "region": "us-east-1",
            "repository": "acvals-su-chain-demo-evaluators"
          },
          "private": "bnVsbA==",
          "dependencies": [
            "aws_ecr_repository.evaluators"
          ]
        }
      ]
    },
    {
      "mode": "managed",
      "type": "aws_ecr_lifecycle_policy",
      "name": "mcp",
      "provider": "provider[\"registry.terraform.io/hashicorp/aws\"]",
      "instances": [
        {
          "schema_version": 0,
          "attributes": {
            "id": "acvals-su-chain-demo-mcp-tools",
            "policy": "{\"rules\":[{\"action\":{\"type\":\"expire\"},\"description\":\"Keep last 5 images\",\"rulePriority\":1,\"selection\":{\"countNumber\":5,\"countType\":\"imageCountMoreThan\",\"tagStatus\":\"any\"}}]}",
            "region": "us-east-1",
            "registry_id": "689069515280",
            "repository": "acvals-su-chain-demo-mcp-tools"
          },
          "sensitive_attributes": [],
          "identity_schema_version": 0,
          "identity": {
            "account_id": "689069515280",
            "region": "us-east-1",
            "repository": "acvals-su-chain-demo-mcp-tools"
          },
          "private": "bnVsbA==",
          "dependencies": [
            "aws_ecr_repository.mcp"
          ]
        }
      ]
    },
    {
      "mode": "managed",
      "type": "aws_ecr_lifecycle_policy",
      "name": "supply_chain",
      "provider": "provider[\"registry.terraform.io/hashicorp/aws\"]",
      "instances": [
        {
          "schema_version": 0,
          "attributes": {
            "id": "acvals-su-chain-demo-supply-chain-agent",
            "policy": "{\"rules\":[{\"action\":{\"type\":\"expire\"},\"description\":\"Keep last 5 images\",\"rulePriority\":1,\"selection\":{\"countNumber\":5,\"countType\":\"imageCountMoreThan\",\"tagStatus\":\"any\"}}]}",
            "region": "us-east-1",
            "registry_id": "689069515280",
            "repository": "acvals-su-chain-demo-supply-chain-agent"
          },
          "sensitive_attributes": [],
          "identity_schema_version": 0,
          "identity": {
            "account_id": "689069515280",
            "region": "us-east-1",
            "repository": "acvals-su-chain-demo-supply-chain-agent"
          },
          "private": "bnVsbA==",
          "dependencies": [
            "aws_ecr_repository.supply_chain"
          ]
        }
      ]
    },
    {
      "mode": "managed",
      "type": "aws_ecr_repository",
      "name": "evaluators",
      "provider": "provider[\"registry.terraform.io/hashicorp/aws\"]",
      "instances": [
        {
          "schema_version": 0,
          "attributes": {
            "arn": "arn:aws:ecr:us-east-1:689069515280:repository/acvals-su-chain-demo-evaluators",
            "encryption_configuration": [
              {
                "encryption_type": "AES256",
                "kms_key": ""
              }
            ],
            "force_delete": true,
            "id": "acvals-su-chain-demo-evaluators",
            "image_scanning_configuration": [
              {
                "scan_on_push": false
              }
            ],
            "image_tag_mutability": "MUTABLE",
            "image_tag_mutability_exclusion_filter": [],
            "name": "acvals-su-chain-demo-evaluators",
            "region": "us-east-1",
            "registry_id": "689069515280",
            "repository_url": "689069515280.dkr.ecr.us-east-1.amazonaws.com/acvals-su-chain-demo-evaluators",
            "tags": {
              "Name": "acvals-su-chain-demo-evaluators"
            },
            "tags_all": {
              "Environment": "demo",
              "ManagedBy": "Terraform",
              "Name": "acvals-su-chain-demo-evaluators",
              "Project": "AgentCore-Supply-Chain",
              "Stack": "acvals-su-chain"
            },
            "timeouts": null
          },
          "sensitive_attributes": [],
          "identity_schema_version": 0,
          "identity": {
            "account_id": "689069515280",
            "name": "acvals-su-chain-demo-evaluators",
            "region": "us-east-1"
          },
          "private": "eyJlMmJmYjczMC1lY2FhLTExZTYtOGY4OC0zNDM2M2JjN2M0YzAiOnsiZGVsZXRlIjoxMjAwMDAwMDAwMDAwfX0="
        }
      ]
    },
    {
      "mode": "managed",
      "type": "aws_ecr_repository",
      "name": "mcp",
      "provider": "provider[\"registry.terraform.io/hashicorp/aws\"]",
      "instances": [
        {
          "schema_version": 0,
          "attributes": {
            "arn": "arn:aws:ecr:us-east-1:689069515280:repository/acvals-su-chain-demo-mcp-tools",
            "encryption_configuration": [
              {
                "encryption_type": "AES256",
                "kms_key": ""
              }
            ],
            "force_delete": true,
            "id": "acvals-su-chain-demo-mcp-tools",
            "image_scanning_configuration": [
              {
                "scan_on_push": true
              }
            ],
            "image_tag_mutability": "MUTABLE",
            "image_tag_mutability_exclusion_filter": [],
            "name": "acvals-su-chain-demo-mcp-tools",
            "region": "us-east-1",
            "registry_id": "689069515280",
            "repository_url": "689069515280.dkr.ecr.us-east-1.amazonaws.com/acvals-su-chain-demo-mcp-tools",
            "tags": {
              "Name": "acvals-su-chain-demo-mcp-tools"
            },
            "tags_all": {
              "Environment": "demo",
              "ManagedBy": "Terraform",
              "Name": "acvals-su-chain-demo-mcp-tools",
              "Project": "AgentCore-Supply-Chain",
              "Stack": "acvals-su-chain"
            },
            "timeouts": null
          },
          "sensitive_attributes": [],
          "identity_schema_version": 0,
          "identity": {
            "account_id": "689069515280",
            "name": "acvals-su-chain-demo-mcp-tools",
            "region": "us-east-1"
          },
          "private": "eyJlMmJmYjczMC1lY2FhLTExZTYtOGY4OC0zNDM2M2JjN2M0YzAiOnsiZGVsZXRlIjoxMjAwMDAwMDAwMDAwfX0="
        }
      ]
    },
    {
      "mode": "managed",
      "type": "aws_ecr_repository",
      "name": "supply_chain",
      "provider": "provider[\"registry.terraform.io/hashicorp/aws\"]",
      "instances": [
        {
          "schema_version": 0,
          "attributes": {
            "arn": "arn:aws:ecr:us-east-1:689069515280:repository/acvals-su-chain-demo-supply-chain-agent",
            "encryption_configuration": [
              {
                "encryption_type": "AES256",
                "kms_key": ""
              }
            ],
            "force_delete": true,
            "id": "acvals-su-chain-demo-supply-chain-agent",
            "image_scanning_configuration": [
              {
                "scan_on_push": true
              }
            ],
            "image_tag_mutability": "MUTABLE",
            "image_tag_mutability_exclusion_filter": [],
            "name": "acvals-su-chain-demo-supply-chain-agent",
            "region": "us-east-1",
            "registry_id": "689069515280",
            "repository_url": "689069515280.dkr.ecr.us-east-1.amazonaws.com/acvals-su-chain-demo-supply-chain-agent",
            "tags": {
              "Name": "acvals-su-chain-demo-supply-chain-agent"
            },
            "tags_all": {
              "Environment": "demo",
              "ManagedBy": "Terraform",
              "Name": "acvals-su-chain-demo-supply-chain-agent",
              "Project": "AgentCore-Supply-Chain",
              "Stack": "acvals-su-chain"
            },
            "timeouts": null
          },
          "sensitive_attributes": [],
          "identity_schema_version": 0,
          "identity": {
            "account_id": "689069515280",
            "name": "acvals-su-chain-demo-supply-chain-agent",
            "region": "us-east-1"
          },
          "private": "eyJlMmJmYjczMC1lY2FhLTExZTYtOGY4OC0zNDM2M2JjN2M0YzAiOnsiZGVsZXRlIjoxMjAwMDAwMDAwMDAwfX0="
        }
      ]
    },
    {
      "mode": "managed",
      "type": "aws_iam_role",
      "name": "agent_execution",
      "provider": "provider[\"registry.terraform.io/hashicorp/aws\"]",
      "instances": [
        {
          "schema_version": 0,
          "attributes": {
            "arn": "arn:aws:iam::689069515280:role/acvals-su-chain-demo-agent-execution",
            "assume_role_policy": "{\"Statement\":[{\"Action\":\"sts:AssumeRole\",\"Condition\":{\"ArnLike\":{\"aws:SourceArn\":\"arn:aws:bedrock-agentcore:us-east-1:689069515280:*\"},\"StringEquals\":{\"aws:SourceAccount\":\"689069515280\"}},\"Effect\":\"Allow\",\"Principal\":{\"Service\":\"bedrock-agentcore.amazonaws.com\"}}],\"Version\":\"2012-10-17\"}",
            "create_date": "2026-05-09T21:20:35Z",
            "description": "",
            "force_detach_policies": false,
            "id": "acvals-su-chain-demo-agent-execution",
            "inline_policy": [
              {
                "name": "AgentCoreExecutionPolicy",
                "policy": "{\"Version\":\"2012-10-17\",\"Statement\":[{\"Action\":[\"ecr:BatchGetImage\",\"ecr:GetDownloadUrlForLayer\",\"ecr:BatchCheckLayerAvailability\"],\"Effect\":\"Allow\",\"Resource\":[\"arn:aws:ecr:us-east-1:689069515280:repository/acvals-su-chain-demo-mcp-tools\",\"arn:aws:ecr:us-east-1:689069515280:repository/acvals-su-chain-demo-supply-chain-agent\"],\"Sid\":\"ECRImageAccess\"},{\"Action\":[\"ecr:GetAuthorizationToken\"],\"Effect\":\"Allow\",\"Resource\":\"*\",\"Sid\":\"ECRTokenAccess\"},{\"Action\":[\"logs:DescribeLogStreams\",\"logs:CreateLogGroup\",\"logs:DescribeLogGroups\",\"logs:CreateLogStream\",\"logs:PutLogEvents\"],\"Effect\":\"Allow\",\"Resource\":\"arn:aws:logs:us-east-1:689069515280:log-group:/aws/bedrock-agentcore/runtimes/*\",\"Sid\":\"CloudWatchLogs\"},{\"Action\":[\"xray:PutTraceSegments\",\"xray:PutTelemetryRecords\",\"xray:GetSamplingRules\",\"xray:GetSamplingTargets\"],\"Effect\":\"Allow\",\"Resource\":\"*\",\"Sid\":\"XRayTracing\"},{\"Action\":[\"cloudwatch:PutMetricData\"],\"Condition\":{\"StringEquals\":{\"cloudwatch:namespace\":\"bedrock-agentcore\"}},\"Effect\":\"Allow\",\"Resource\":\"*\",\"Sid\":\"CloudWatchMetrics\"},{\"Action\":[\"bedrock:InvokeModel\",\"bedrock:InvokeModelWithResponseStream\"],\"Effect\":\"Allow\",\"Resource\":\"*\",\"Sid\":\"BedrockModelInvocation\"},{\"Action\":[\"bedrock-agentcore:GetWorkloadAccessToken\",\"bedrock-agentcore:GetWorkloadAccessTokenForJWT\",\"bedrock-agentcore:GetWorkloadAccessTokenForUserId\"],\"Effect\":\"Allow\",\"Resource\":[\"arn:aws:bedrock-agentcore:us-east-1:689069515280:workload-identity-directory/default\",\"arn:aws:bedrock-agentcore:us-east-1:689069515280:workload-identity-directory/default/workload-identity/*\"],\"Sid\":\"WorkloadAccessTokens\"},{\"Action\":[\"bedrock-agentcore:InvokeAgentRuntime\"],\"Effect\":\"Allow\",\"Resource\":\"arn:aws:bedrock-agentcore:us-east-1:689069515280:runtime/*\",\"Sid\":\"InvokeOtherAgentCoreRuntime\"},{\"Action\":[\"ec2:CreateNetworkInterface\",\"ec2:DescribeNetworkInterfaces\",\"ec2:DeleteNetworkInterface\",\"ec2:DescribeSubnets\",\"ec2:DescribeSecurityGroups\",\"ec2:DescribeVpcs\"],\"Effect\":\"Allow\",\"Resource\":\"*\",\"Sid\":\"VPCNetworking\"}]}"
              }
            ],
            "managed_policy_arns": [
              "arn:aws:iam::aws:policy/AmazonBedrockAgentCoreMemoryBedrockModelInferenceExecutionRolePolicy",
              "arn:aws:iam::aws:policy/BedrockAgentCoreFullAccess"
            ],
            "max_session_duration": 3600,
            "name": "acvals-su-chain-demo-agent-execution",
            "name_prefix": "",
            "path": "/",
            "permissions_boundary": "",
            "tags": {
              "Name": "acvals-su-chain-demo-agent-execution"
            },
            "tags_all": {
              "Environment": "demo",
              "ManagedBy": "Terraform",
              "Name": "acvals-su-chain-demo-agent-execution",
              "Project": "AgentCore-Supply-Chain",
              "Stack": "acvals-su-chain"
            },
            "unique_id": "AROA2A356MIIEWVPWCVV5"
          },
          "sensitive_attributes": [],
          "identity_schema_version": 0,
          "identity": {
            "account_id": "689069515280",
            "name": "acvals-su-chain-demo-agent-execution"
          },
          "private": "bnVsbA==",
          "dependencies": [
            "data.aws_caller_identity.current",
            "data.aws_region.current"
          ]
        }
      ]
    },
    {
      "mode": "managed",
      "type": "aws_iam_role",
      "name": "evaluators_lambda",
      "provider": "provider[\"registry.terraform.io/hashicorp/aws\"]",
      "instances": [
        {
          "schema_version": 0,
          "attributes": {
            "arn": "arn:aws:iam::689069515280:role/acvals-su-chain-demo-evaluators-lambda-role",
            "assume_role_policy": "{\"Statement\":[{\"Action\":\"sts:AssumeRole\",\"Effect\":\"Allow\",\"Principal\":{\"Service\":\"lambda.amazonaws.com\"}}],\"Version\":\"2012-10-17\"}",
            "create_date": "2026-05-09T21:20:35Z",
            "description": "",
            "force_detach_policies": false,
            "id": "acvals-su-chain-demo-evaluators-lambda-role",
            "inline_policy": [
              {
                "name": "acvals-su-chain-demo-evaluators-lambda-policy",
                "policy": "{\"Version\":\"2012-10-17\",\"Statement\":[{\"Action\":[\"logs:CreateLogGroup\",\"logs:CreateLogStream\",\"logs:PutLogEvents\",\"logs:StartQuery\",\"logs:StopQuery\",\"logs:GetQueryResults\",\"logs:DescribeLogGroups\",\"logs:GetLogEvents\",\"logs:FilterLogEvents\"],\"Effect\":\"Allow\",\"Resource\":\"arn:aws:logs:us-east-1:689069515280:*\"},{\"Action\":[\"bedrock:*\",\"bedrock-agentcore:*\"],\"Effect\":\"Allow\",\"Resource\":\"*\"},{\"Action\":[\"lambda:InvokeFunction\"],\"Effect\":\"Allow\",\"Resource\":\"arn:aws:lambda:us-east-1:689069515280:function:acvals-su-chain-demo-evaluators\"},{\"Action\":[\"s3:PutObject\",\"s3:GetObject\"],\"Effect\":\"Allow\",\"Resource\":\"arn:aws:s3:::acvals-su-chain-src-20260509212034765000000001/evaluations/*\"},{\"Action\":[\"xray:GetTraceSummaries\",\"xray:BatchGetTraces\",\"xray:GetTraceGraph\"],\"Effect\":\"Allow\",\"Resource\":\"*\"}]}"
              }
            ],
            "managed_policy_arns": [],
            "max_session_duration": 3600,
            "name": "acvals-su-chain-demo-evaluators-lambda-role",
            "name_prefix": "",
            "path": "/",
            "permissions_boundary": "",
            "tags": {
              "Name": "acvals-su-chain-demo-evaluators-lambda-role"
            },
            "tags_all": {
              "Environment": "demo",
              "ManagedBy": "Terraform",
              "Name": "acvals-su-chain-demo-evaluators-lambda-role",
              "Project": "AgentCore-Supply-Chain",
              "Stack": "acvals-su-chain"
            },
            "unique_id": "AROA2A356MIIK7RGXWPIA"
          },
          "sensitive_attributes": [],
          "identity_schema_version": 0,
          "identity": {
            "account_id": "689069515280",
            "name": "acvals-su-chain-demo-evaluators-lambda-role"
          },
          "private": "bnVsbA=="
        }
      ]
    },
    {
      "mode": "managed",
      "type": "aws_iam_role",
      "name": "image_build",
      "provider": "provider[\"registry.terraform.io/hashicorp/aws\"]",
      "instances": [
        {
          "schema_version": 0,
          "attributes": {
            "arn": "arn:aws:iam::689069515280:role/acvals-su-chain-demo-codebuild",
            "assume_role_policy": "{\"Statement\":[{\"Action\":\"sts:AssumeRole\",\"Effect\":\"Allow\",\"Principal\":{\"Service\":\"codebuild.amazonaws.com\"}}],\"Version\":\"2012-10-17\"}",
            "create_date": "2026-05-09T21:20:35Z",
            "description": "",
            "force_detach_policies": false,
            "id": "acvals-su-chain-demo-codebuild",
            "inline_policy": [
              {
                "name": "CodeBuildPolicy",
                "policy": "{\"Version\":\"2012-10-17\",\"Statement\":[{\"Action\":[\"logs:CreateLogGroup\",\"logs:CreateLogStream\",\"logs:PutLogEvents\"],\"Effect\":\"Allow\",\"Resource\":[\"arn:aws:logs:us-east-1:689069515280:log-group:/aws/codebuild/*\",\"arn:aws:logs:us-east-1:689069515280:log-group:/aws/codebuild/*:*\"],\"Sid\":\"CloudWatchLogs\"},{\"Action\":[\"ecr:BatchCheckLayerAvailability\",\"ecr:GetDownloadUrlForLayer\",\"ecr:BatchGetImage\",\"ecr:GetAuthorizationToken\",\"ecr:PutImage\",\"ecr:InitiateLayerUpload\",\"ecr:UploadLayerPart\",\"ecr:CompleteLayerUpload\"],\"Effect\":\"Allow\",\"Resource\":\"*\",\"Sid\":\"ECRAccess\"},{\"Action\":[\"s3:GetObject\",\"s3:GetObjectVersion\",\"s3:ListBucket\"],\"Effect\":\"Allow\",\"Resource\":[\"arn:aws:s3:::acvals-su-chain-src-20260509212034765000000001\",\"arn:aws:s3:::acvals-su-chain-src-20260509212034765000000001/*\"],\"Sid\":\"S3SourceAccess\"}]}"
              }
            ],
            "managed_policy_arns": [],
            "max_session_duration": 3600,
            "name": "acvals-su-chain-demo-codebuild",
            "name_prefix": "",
            "path": "/",
            "permissions_boundary": "",
            "tags": {
              "Name": "acvals-su-chain-demo-codebuild"
            },
            "tags_all": {
              "Environment": "demo",
              "ManagedBy": "Terraform",
              "Name": "acvals-su-chain-demo-codebuild",
              "Project": "AgentCore-Supply-Chain",
              "Stack": "acvals-su-chain"
            },
            "unique_id": "AROA2A356MIIGR7SUYVRG"
          },
          "sensitive_attributes": [],
          "identity_schema_version": 0,
          "identity": {
            "account_id": "689069515280",
            "name": "acvals-su-chain-demo-codebuild"
          },
          "private": "bnVsbA=="
        }
      ]
    },
    {
      "mode": "managed",
      "type": "aws_iam_role",
      "name": "northstar_retail_lambda",
      "provider": "provider[\"registry.terraform.io/hashicorp/aws\"]",
      "instances": [
        {
          "schema_version": 0,
          "attributes": {
            "arn": "arn:aws:iam::689069515280:role/acvals-su-chain-demo-northstar-retail-lambda-role",
            "assume_role_policy": "{\"Statement\":[{\"Action\":\"sts:AssumeRole\",\"Effect\":\"Allow\",\"Principal\":{\"Service\":\"lambda.amazonaws.com\"}}],\"Version\":\"2012-10-17\"}",
            "create_date": "2026-05-09T21:20:35Z",
            "description": "",
            "force_detach_policies": false,
            "id": "acvals-su-chain-demo-northstar-retail-lambda-role",
            "inline_policy": [
              {
                "name": "acvals-su-chain-demo-northstar-retail-lambda-policy",
                "policy": "{\"Version\":\"2012-10-17\",\"Statement\":[{\"Action\":[\"logs:CreateLogGroup\",\"logs:CreateLogStream\",\"logs:PutLogEvents\"],\"Effect\":\"Allow\",\"Resource\":\"arn:aws:logs:us-east-1:689069515280:*\"}]}"
              }
            ],
            "managed_policy_arns": [],
            "max_session_duration": 3600,
            "name": "acvals-su-chain-demo-northstar-retail-lambda-role",
            "name_prefix": "",
            "path": "/",
            "permissions_boundary": "",
            "tags": {
              "Name": "acvals-su-chain-demo-northstar-retail-lambda-role"
            },
            "tags_all": {
              "Environment": "demo",
              "ManagedBy": "Terraform",
              "Name": "acvals-su-chain-demo-northstar-retail-lambda-role",
              "Project": "AgentCore-Supply-Chain",
              "Stack": "acvals-su-chain"
            },
            "unique_id": "AROA2A356MIIF37UYXP7D"
          },
          "sensitive_attributes": [],
          "identity_schema_version": 0,
          "identity": {
            "account_id": "689069515280",
            "name": "acvals-su-chain-demo-northstar-retail-lambda-role"
          },
          "private": "bnVsbA==",
          "create_before_destroy": true
        }
      ]
    },
    {
      "mode": "managed",
      "type": "aws_iam_role_policy",
      "name": "agent_execution",
      "provider": "provider[\"registry.terraform.io/hashicorp/aws\"]",
      "instances": [
        {
          "schema_version": 0,
          "attributes": {
            "id": "acvals-su-chain-demo-agent-execution:AgentCoreExecutionPolicy",
            "name": "AgentCoreExecutionPolicy",
            "name_prefix": "",
            "policy": "{\"Version\":\"2012-10-17\",\"Statement\":[{\"Action\":[\"ecr:BatchGetImage\",\"ecr:GetDownloadUrlForLayer\",\"ecr:BatchCheckLayerAvailability\"],\"Effect\":\"Allow\",\"Resource\":[\"arn:aws:ecr:us-east-1:689069515280:repository/acvals-su-chain-demo-mcp-tools\",\"arn:aws:ecr:us-east-1:689069515280:repository/acvals-su-chain-demo-supply-chain-agent\"],\"Sid\":\"ECRImageAccess\"},{\"Action\":[\"ecr:GetAuthorizationToken\"],\"Effect\":\"Allow\",\"Resource\":\"*\",\"Sid\":\"ECRTokenAccess\"},{\"Action\":[\"logs:DescribeLogStreams\",\"logs:CreateLogGroup\",\"logs:DescribeLogGroups\",\"logs:CreateLogStream\",\"logs:PutLogEvents\"],\"Effect\":\"Allow\",\"Resource\":\"arn:aws:logs:us-east-1:689069515280:log-group:/aws/bedrock-agentcore/runtimes/*\",\"Sid\":\"CloudWatchLogs\"},{\"Action\":[\"xray:PutTraceSegments\",\"xray:PutTelemetryRecords\",\"xray:GetSamplingRules\",\"xray:GetSamplingTargets\"],\"Effect\":\"Allow\",\"Resource\":\"*\",\"Sid\":\"XRayTracing\"},{\"Action\":[\"cloudwatch:PutMetricData\"],\"Condition\":{\"StringEquals\":{\"cloudwatch:namespace\":\"bedrock-agentcore\"}},\"Effect\":\"Allow\",\"Resource\":\"*\",\"Sid\":\"CloudWatchMetrics\"},{\"Action\":[\"bedrock:InvokeModel\",\"bedrock:InvokeModelWithResponseStream\"],\"Effect\":\"Allow\",\"Resource\":\"*\",\"Sid\":\"BedrockModelInvocation\"},{\"Action\":[\"bedrock-agentcore:GetWorkloadAccessToken\",\"bedrock-agentcore:GetWorkloadAccessTokenForJWT\",\"bedrock-agentcore:GetWorkloadAccessTokenForUserId\"],\"Effect\":\"Allow\",\"Resource\":[\"arn:aws:bedrock-agentcore:us-east-1:689069515280:workload-identity-directory/default\",\"arn:aws:bedrock-agentcore:us-east-1:689069515280:workload-identity-directory/default/workload-identity/*\"],\"Sid\":\"WorkloadAccessTokens\"},{\"Action\":[\"bedrock-agentcore:InvokeAgentRuntime\"],\"Effect\":\"Allow\",\"Resource\":\"arn:aws:bedrock-agentcore:us-east-1:689069515280:runtime/*\",\"Sid\":\"InvokeOtherAgentCoreRuntime\"},{\"Action\":[\"ec2:CreateNetworkInterface\",\"ec2:DescribeNetworkInterfaces\",\"ec2:DeleteNetworkInterface\",\"ec2:DescribeSubnets\",\"ec2:DescribeSecurityGroups\",\"ec2:DescribeVpcs\"],\"Effect\":\"Allow\",\"Resource\":\"*\",\"Sid\":\"VPCNetworking\"}]}",
            "role": "acvals-su-chain-demo-agent-execution"
          },
          "sensitive_attributes": [],
          "identity_schema_version": 0,
          "identity": {
            "account_id": "689069515280",
            "name": "AgentCoreExecutionPolicy",
            "role": "acvals-su-chain-demo-agent-execution"
          },
          "private": "bnVsbA==",
          "dependencies": [
            "aws_ecr_repository.mcp",
            "aws_ecr_repository.supply_chain",
            "aws_iam_role.agent_execution",
            "data.aws_caller_identity.current",
            "data.aws_region.current"
          ]
        }
      ]
    },
    {
      "mode": "managed",
      "type": "aws_iam_role_policy",
      "name": "evaluators_lambda",
      "provider": "provider[\"registry.terraform.io/hashicorp/aws\"]",
      "instances": [
        {
          "schema_version": 0,
          "attributes": {
            "id": "acvals-su-chain-demo-evaluators-lambda-role:acvals-su-chain-demo-evaluators-lambda-policy",
            "name": "acvals-su-chain-demo-evaluators-lambda-policy",
            "name_prefix": "",
            "policy": "{\"Version\":\"2012-10-17\",\"Statement\":[{\"Action\":[\"logs:CreateLogGroup\",\"logs:CreateLogStream\",\"logs:PutLogEvents\",\"logs:StartQuery\",\"logs:StopQuery\",\"logs:GetQueryResults\",\"logs:DescribeLogGroups\",\"logs:GetLogEvents\",\"logs:FilterLogEvents\"],\"Effect\":\"Allow\",\"Resource\":\"arn:aws:logs:us-east-1:689069515280:*\"},{\"Action\":[\"bedrock:*\",\"bedrock-agentcore:*\"],\"Effect\":\"Allow\",\"Resource\":\"*\"},{\"Action\":[\"lambda:InvokeFunction\"],\"Effect\":\"Allow\",\"Resource\":\"arn:aws:lambda:us-east-1:689069515280:function:acvals-su-chain-demo-evaluators\"},{\"Action\":[\"s3:PutObject\",\"s3:GetObject\"],\"Effect\":\"Allow\",\"Resource\":\"arn:aws:s3:::acvals-su-chain-src-20260509212034765000000001/evaluations/*\"},{\"Action\":[\"xray:GetTraceSummaries\",\"xray:BatchGetTraces\",\"xray:GetTraceGraph\"],\"Effect\":\"Allow\",\"Resource\":\"*\"}]}",
            "role": "acvals-su-chain-demo-evaluators-lambda-role"
          },
          "sensitive_attributes": [],
          "identity_schema_version": 0,
          "identity": {
            "account_id": "689069515280",
            "name": "acvals-su-chain-demo-evaluators-lambda-policy",
            "role": "acvals-su-chain-demo-evaluators-lambda-role"
          },
          "private": "bnVsbA==",
          "dependencies": [
            "aws_iam_role.evaluators_lambda",
            "aws_s3_bucket.agent_source",
            "data.aws_caller_identity.current",
            "data.aws_region.current"
          ]
        }
      ]
    },
    {
      "mode": "managed",
      "type": "aws_iam_role_policy",
      "name": "image_build",
      "provider": "provider[\"registry.terraform.io/hashicorp/aws\"]",
      "instances": [
        {
          "schema_version": 0,
          "attributes": {
            "id": "acvals-su-chain-demo-codebuild:CodeBuildPolicy",
            "name": "CodeBuildPolicy",
            "name_prefix": "",
            "policy": "{\"Version\":\"2012-10-17\",\"Statement\":[{\"Action\":[\"logs:CreateLogGroup\",\"logs:CreateLogStream\",\"logs:PutLogEvents\"],\"Effect\":\"Allow\",\"Resource\":[\"arn:aws:logs:us-east-1:689069515280:log-group:/aws/codebuild/*\",\"arn:aws:logs:us-east-1:689069515280:log-group:/aws/codebuild/*:*\"],\"Sid\":\"CloudWatchLogs\"},{\"Action\":[\"ecr:BatchCheckLayerAvailability\",\"ecr:GetDownloadUrlForLayer\",\"ecr:BatchGetImage\",\"ecr:GetAuthorizationToken\",\"ecr:PutImage\",\"ecr:InitiateLayerUpload\",\"ecr:UploadLayerPart\",\"ecr:CompleteLayerUpload\"],\"Effect\":\"Allow\",\"Resource\":\"*\",\"Sid\":\"ECRAccess\"},{\"Action\":[\"s3:GetObject\",\"s3:GetObjectVersion\",\"s3:ListBucket\"],\"Effect\":\"Allow\",\"Resource\":[\"arn:aws:s3:::acvals-su-chain-src-20260509212034765000000001\",\"arn:aws:s3:::acvals-su-chain-src-20260509212034765000000001/*\"],\"Sid\":\"S3SourceAccess\"}]}",
            "role": "acvals-su-chain-demo-codebuild"
          },
          "sensitive_attributes": [],
          "identity_schema_version": 0,
          "identity": {
            "account_id": "689069515280",
            "name": "CodeBuildPolicy",
            "role": "acvals-su-chain-demo-codebuild"
          },
          "private": "bnVsbA==",
          "dependencies": [
            "aws_iam_role.image_build",
            "aws_s3_bucket.agent_source",
            "data.aws_caller_identity.current",
            "data.aws_region.current"
          ]
        }
      ]
    },
    {
      "mode": "managed",
      "type": "aws_iam_role_policy",
      "name": "northstar_retail_lambda",
      "provider": "provider[\"registry.terraform.io/hashicorp/aws\"]",
      "instances": [
        {
          "schema_version": 0,
          "attributes": {
            "id": "acvals-su-chain-demo-northstar-retail-lambda-role:acvals-su-chain-demo-northstar-retail-lambda-policy",
            "name": "acvals-su-chain-demo-northstar-retail-lambda-policy",
            "name_prefix": "",
            "policy": "{\"Version\":\"2012-10-17\",\"Statement\":[{\"Action\":[\"logs:CreateLogGroup\",\"logs:CreateLogStream\",\"logs:PutLogEvents\"],\"Effect\":\"Allow\",\"Resource\":\"arn:aws:logs:us-east-1:689069515280:*\"}]}",
            "role": "acvals-su-chain-demo-northstar-retail-lambda-role"
          },
          "sensitive_attributes": [],
          "identity_schema_version": 0,
          "identity": {
            "account_id": "689069515280",
            "name": "acvals-su-chain-demo-northstar-retail-lambda-policy",
            "role": "acvals-su-chain-demo-northstar-retail-lambda-role"
          },
          "private": "bnVsbA==",
          "dependencies": [
            "aws_iam_role.northstar_retail_lambda",
            "data.aws_caller_identity.current",
            "data.aws_region.current"
          ]
        }
      ]
    },
    {
      "mode": "managed",
      "type": "aws_iam_role_policy_attachment",
      "name": "agent_execution_managed",
      "provider": "provider[\"registry.terraform.io/hashicorp/aws\"]",
      "instances": [
        {
          "schema_version": 0,
          "attributes": {
            "id": "acvals-su-chain-demo-agent-execution/arn:aws:iam::aws:policy/BedrockAgentCoreFullAccess",
            "policy_arn": "arn:aws:iam::aws:policy/BedrockAgentCoreFullAccess",
            "role": "acvals-su-chain-demo-agent-execution"
          },
          "sensitive_attributes": [],
          "identity_schema_version": 0,
          "identity": {
            "account_id": "689069515280",
            "policy_arn": "arn:aws:iam::aws:policy/BedrockAgentCoreFullAccess",
            "role": "acvals-su-chain-demo-agent-execution"
          },
          "private": "bnVsbA==",
          "dependencies": [
            "aws_iam_role.agent_execution",
            "data.aws_caller_identity.current",
            "data.aws_region.current"
          ]
        }
      ]
    },
    {
      "mode": "managed",
      "type": "aws_iam_role_policy_attachment",
      "name": "memory_model_inference",
      "provider": "provider[\"registry.terraform.io/hashicorp/aws\"]",
      "instances": [
        {
          "schema_version": 0,
          "attributes": {
            "id": "acvals-su-chain-demo-agent-execution/arn:aws:iam::aws:policy/AmazonBedrockAgentCoreMemoryBedrockModelInferenceExecutionRolePolicy",
            "policy_arn": "arn:aws:iam::aws:policy/AmazonBedrockAgentCoreMemoryBedrockModelInferenceExecutionRolePolicy",
            "role": "acvals-su-chain-demo-agent-execution"
          },
          "sensitive_attributes": [],
          "identity_schema_version": 0,
          "identity": {
            "account_id": "689069515280",
            "policy_arn": "arn:aws:iam::aws:policy/AmazonBedrockAgentCoreMemoryBedrockModelInferenceExecutionRolePolicy",
            "role": "acvals-su-chain-demo-agent-execution"
          },
          "private": "bnVsbA==",
          "dependencies": [
            "aws_iam_role.agent_execution",
            "data.aws_caller_identity.current",
            "data.aws_region.current"
          ]
        }
      ]
    },
    {
      "mode": "managed",
      "type": "aws_lambda_function",
      "name": "evaluators",
      "provider": "provider[\"registry.terraform.io/hashicorp/aws\"]",
      "instances": [
        {
          "schema_version": 0,
          "attributes": {
            "architectures": [
              "x86_64"
            ],
            "arn": "arn:aws:lambda:us-east-1:689069515280:function:acvals-su-chain-demo-evaluators",
            "capacity_provider_config": [],
            "code_sha256": "88b4b1a2737068468999a98a319c6b1160ca6d87bae26ba7ccbcb36f4fceac28",
            "code_signing_config_arn": "",
            "dead_letter_config": [],
            "description": "",
            "durable_config": [],
            "environment": [
              {
                "variables": {
                  "AWS_REGION_NAME": "us-east-1",
                  "RESULTS_BUCKET": "acvals-su-chain-src-20260509212034765000000001"
                }
              }
            ],
            "ephemeral_storage": [
              {
                "size": 512
              }
            ],
            "file_system_config": [],
            "filename": null,
            "function_name": "acvals-su-chain-demo-evaluators",
            "handler": "",
            "id": "acvals-su-chain-demo-evaluators",
            "image_config": [],
            "image_uri": "689069515280.dkr.ecr.us-east-1.amazonaws.com/acvals-su-chain-demo-evaluators:latest",
            "invoke_arn": "arn:aws:apigateway:us-east-1:lambda:path/2015-03-31/functions/arn:aws:lambda:us-east-1:689069515280:function:acvals-su-chain-demo-evaluators/invocations",
            "kms_key_arn": "",
            "last_modified": "2026-05-23T19:11:36.030+0000",
            "layers": [],
            "logging_config": [
              {
                "application_log_level": "",
                "log_format": "Text",
                "log_group": "/aws/lambda/acvals-su-chain-demo-evaluators",
                "system_log_level": ""
              }
            ],
            "memory_size": 512,
            "package_type": "Image",
            "publish": false,
            "publish_to": null,
            "qualified_arn": "arn:aws:lambda:us-east-1:689069515280:function:acvals-su-chain-demo-evaluators:$LATEST",
            "qualified_invoke_arn": "arn:aws:apigateway:us-east-1:lambda:path/2015-03-31/functions/arn:aws:lambda:us-east-1:689069515280:function:acvals-su-chain-demo-evaluators:$LATEST/invocations",
            "region": "us-east-1",
            "replace_security_groups_on_destroy": null,
            "replacement_security_group_ids": null,
            "reserved_concurrent_executions": -1,
            "response_streaming_invoke_arn": "arn:aws:apigateway:us-east-1:lambda:path/2021-11-15/functions/arn:aws:lambda:us-east-1:689069515280:function:acvals-su-chain-demo-evaluators/response-streaming-invocations",
            "role": "arn:aws:iam::689069515280:role/acvals-su-chain-demo-evaluators-lambda-role",
            "runtime": "",
            "s3_bucket": null,
            "s3_key": null,
            "s3_object_version": null,
            "signing_job_arn": "",
            "signing_profile_version_arn": "",
            "skip_destroy": false,
            "snap_start": [],
            "source_code_hash": "",
            "source_code_size": 0,
            "source_kms_key_arn": "",
            "tags": {
              "Name": "acvals-su-chain-demo-evaluators"
            },
            "tags_all": {
              "Environment": "demo",
              "ManagedBy": "Terraform",
              "Name": "acvals-su-chain-demo-evaluators",
              "Project": "AgentCore-Supply-Chain",
              "Stack": "acvals-su-chain"
            },
            "tenancy_config": [],
            "timeout": 600,
            "timeouts": null,
            "tracing_config": [
              {
                "mode": "PassThrough"
              }
            ],
            "version": "$LATEST",
            "vpc_config": []
          },
          "sensitive_attributes": [],
          "identity_schema_version": 0,
          "identity": {
            "account_id": "689069515280",
            "function_name": "acvals-su-chain-demo-evaluators",
            "region": "us-east-1"
          },
          "private": "eyJlMmJmYjczMC1lY2FhLTExZTYtOGY4OC0zNDM2M2JjN2M0YzAiOnsiY3JlYXRlIjo2MDAwMDAwMDAwMDAsImRlbGV0ZSI6NjAwMDAwMDAwMDAwLCJ1cGRhdGUiOjYwMDAwMDAwMDAwMH19",
          "dependencies": [
            "aws_codebuild_project.evaluators",
            "aws_ecr_repository.evaluators",
            "aws_iam_role.evaluators_lambda",
            "aws_iam_role.image_build",
            "aws_iam_role_policy.image_build",
            "aws_s3_bucket.agent_source",
            "aws_s3_object.evaluators_source",
            "data.archive_file.evaluators_source",
            "data.aws_caller_identity.current",
            "data.aws_region.current",
            "null_resource.build_evaluators"
          ]
        }
      ]
    },
    {
      "mode": "managed",
      "type": "aws_lambda_function",
      "name": "northstar_retail",
      "provider": "provider[\"registry.terraform.io/hashicorp/aws\"]",
      "instances": [
        {
          "index_key": "analytics",
          "schema_version": 0,
          "attributes": {
            "architectures": [
              "x86_64"
            ],
            "arn": "arn:aws:lambda:us-east-1:689069515280:function:acvals-su-chain-demo-supply-chain-analytics",
            "capacity_provider_config": [],
            "code_sha256": "YsEmypdNFJM+XHRnRQ2++lkniQqMH6GxH8Aae7ZV5xE=",
            "code_signing_config_arn": "",
            "dead_letter_config": [],
            "description": "",
            "durable_config": [],
            "environment": [],
            "ephemeral_storage": [
              {
                "size": 512
              }
            ],
            "file_system_config": [],
            "filename": "./.terraform/northstar-retail-analytics.zip",
            "function_name": "acvals-su-chain-demo-supply-chain-analytics",
            "handler": "handler.handler",
            "id": "acvals-su-chain-demo-supply-chain-analytics",
            "image_config": [],
            "image_uri": "",
            "invoke_arn": "arn:aws:apigateway:us-east-1:lambda:path/2015-03-31/functions/arn:aws:lambda:us-east-1:689069515280:function:acvals-su-chain-demo-supply-chain-analytics/invocations",
            "kms_key_arn": "",
            "last_modified": "2026-05-14T01:48:13.000+0000",
            "layers": [
              "arn:aws:lambda:us-east-1:689069515280:layer:acvals-su-chain-demo-supply-chain-mock:3"
            ],
            "logging_config": [
              {
                "application_log_level": "",
                "log_format": "Text",
                "log_group": "/aws/lambda/acvals-su-chain-demo-supply-chain-analytics",
                "system_log_level": ""
              }
            ],
            "memory_size": 128,
            "package_type": "Zip",
            "publish": false,
            "publish_to": null,
            "qualified_arn": "arn:aws:lambda:us-east-1:689069515280:function:acvals-su-chain-demo-supply-chain-analytics:$LATEST",
            "qualified_invoke_arn": "arn:aws:apigateway:us-east-1:lambda:path/2015-03-31/functions/arn:aws:lambda:us-east-1:689069515280:function:acvals-su-chain-demo-supply-chain-analytics:$LATEST/invocations",
            "region": "us-east-1",
            "replace_security_groups_on_destroy": null,
            "replacement_security_group_ids": null,
            "reserved_concurrent_executions": -1,
            "response_streaming_invoke_arn": "arn:aws:apigateway:us-east-1:lambda:path/2021-11-15/functions/arn:aws:lambda:us-east-1:689069515280:function:acvals-su-chain-demo-supply-chain-analytics/response-streaming-invocations",
            "role": "arn:aws:iam::689069515280:role/acvals-su-chain-demo-northstar-retail-lambda-role",
            "runtime": "python3.12",
            "s3_bucket": null,
            "s3_key": null,
            "s3_object_version": null,
            "signing_job_arn": "",
            "signing_profile_version_arn": "",
            "skip_destroy": false,
            "snap_start": [],
            "source_code_hash": "YsEmypdNFJM+XHRnRQ2++lkniQqMH6GxH8Aae7ZV5xE=",
            "source_code_size": 2220,
            "source_kms_key_arn": "",
            "tags": {
              "Name": "acvals-su-chain-demo-supply-chain-analytics"
            },
            "tags_all": {
              "Environment": "demo",
              "ManagedBy": "Terraform",
              "Name": "acvals-su-chain-demo-supply-chain-analytics",
              "Project": "AgentCore-Supply-Chain",
              "Stack": "acvals-su-chain"
            },
            "tenancy_config": [],
            "timeout": 10,
            "timeouts": null,
            "tracing_config": [
              {
                "mode": "PassThrough"
              }
            ],
            "version": "$LATEST",
            "vpc_config": []
          },
          "sensitive_attributes": [],
          "identity_schema_version": 0,
          "identity": {
            "account_id": "689069515280",
            "function_name": "acvals-su-chain-demo-supply-chain-analytics",
            "region": "us-east-1"
          },
          "private": "eyJlMmJmYjczMC1lY2FhLTExZTYtOGY4OC0zNDM2M2JjN2M0YzAiOnsiY3JlYXRlIjo2MDAwMDAwMDAwMDAsImRlbGV0ZSI6NjAwMDAwMDAwMDAwLCJ1cGRhdGUiOjYwMDAwMDAwMDAwMH19",
          "dependencies": [
            "aws_iam_role.northstar_retail_lambda",
            "aws_lambda_layer_version.supply_chain_mock",
            "data.archive_file.northstar_retail",
            "data.archive_file.supply_chain_mock_layer"
          ],
          "create_before_destroy": true
        },
        {
          "index_key": "distribution",
          "schema_version": 0,
          "attributes": {
            "architectures": [
              "x86_64"
            ],
            "arn": "arn:aws:lambda:us-east-1:689069515280:function:acvals-su-chain-demo-supply-chain-distribution",
            "capacity_provider_config": [],
            "code_sha256": "1KaCNn5adnV3+de3yzfKRhgngma9Qk4j73uMcW1m5tU=",
            "code_signing_config_arn": "",
            "dead_letter_config": [],
            "description": "",
            "durable_config": [],
            "environment": [],
            "ephemeral_storage": [
              {
                "size": 512
              }
            ],
            "file_system_config": [],
            "filename": "./.terraform/northstar-retail-distribution.zip",
            "function_name": "acvals-su-chain-demo-supply-chain-distribution",
            "handler": "handler.handler",
            "id": "acvals-su-chain-demo-supply-chain-distribution",
            "image_config": [],
            "image_uri": "",
            "invoke_arn": "arn:aws:apigateway:us-east-1:lambda:path/2015-03-31/functions/arn:aws:lambda:us-east-1:689069515280:function:acvals-su-chain-demo-supply-chain-distribution/invocations",
            "kms_key_arn": "",
            "last_modified": "2026-05-14T01:48:13.000+0000",
            "layers": [
              "arn:aws:lambda:us-east-1:689069515280:layer:acvals-su-chain-demo-supply-chain-mock:3"
            ],
            "logging_config": [
              {
                "application_log_level": "",
                "log_format": "Text",
                "log_group": "/aws/lambda/acvals-su-chain-demo-supply-chain-distribution",
                "system_log_level": ""
              }
            ],
            "memory_size": 128,
            "package_type": "Zip",
            "publish": false,
            "publish_to": null,
            "qualified_arn": "arn:aws:lambda:us-east-1:689069515280:function:acvals-su-chain-demo-supply-chain-distribution:$LATEST",
            "qualified_invoke_arn": "arn:aws:apigateway:us-east-1:lambda:path/2015-03-31/functions/arn:aws:lambda:us-east-1:689069515280:function:acvals-su-chain-demo-supply-chain-distribution:$LATEST/invocations",
            "region": "us-east-1",
            "replace_security_groups_on_destroy": null,
            "replacement_security_group_ids": null,
            "reserved_concurrent_executions": -1,
            "response_streaming_invoke_arn": "arn:aws:apigateway:us-east-1:lambda:path/2021-11-15/functions/arn:aws:lambda:us-east-1:689069515280:function:acvals-su-chain-demo-supply-chain-distribution/response-streaming-invocations",
            "role": "arn:aws:iam::689069515280:role/acvals-su-chain-demo-northstar-retail-lambda-role",
            "runtime": "python3.12",
            "s3_bucket": null,
            "s3_key": null,
            "s3_object_version": null,
            "signing_job_arn": "",
            "signing_profile_version_arn": "",
            "skip_destroy": false,
            "snap_start": [],
            "source_code_hash": "1KaCNn5adnV3+de3yzfKRhgngma9Qk4j73uMcW1m5tU=",
            "source_code_size": 2106,
            "source_kms_key_arn": "",
            "tags": {
              "Name": "acvals-su-chain-demo-supply-chain-distribution"
            },
            "tags_all": {
              "Environment": "demo",
              "ManagedBy": "Terraform",
              "Name": "acvals-su-chain-demo-supply-chain-distribution",
              "Project": "AgentCore-Supply-Chain",
              "Stack": "acvals-su-chain"
            },
            "tenancy_config": [],
            "timeout": 10,
            "timeouts": null,
            "tracing_config": [
              {
                "mode": "PassThrough"
              }
            ],
            "version": "$LATEST",
            "vpc_config": []
          },
          "sensitive_attributes": [],
          "identity_schema_version": 0,
          "identity": {
            "account_id": "689069515280",
            "function_name": "acvals-su-chain-demo-supply-chain-distribution",
            "region": "us-east-1"
          },
          "private": "eyJlMmJmYjczMC1lY2FhLTExZTYtOGY4OC0zNDM2M2JjN2M0YzAiOnsiY3JlYXRlIjo2MDAwMDAwMDAwMDAsImRlbGV0ZSI6NjAwMDAwMDAwMDAwLCJ1cGRhdGUiOjYwMDAwMDAwMDAwMH19",
          "dependencies": [
            "aws_iam_role.northstar_retail_lambda",
            "aws_lambda_layer_version.supply_chain_mock",
            "data.archive_file.northstar_retail",
            "data.archive_file.supply_chain_mock_layer"
          ],
          "create_before_destroy": true
        },
        {
          "index_key": "optimization",
          "schema_version": 0,
          "attributes": {
            "architectures": [
              "x86_64"
            ],
            "arn": "arn:aws:lambda:us-east-1:689069515280:function:acvals-su-chain-demo-supply-chain-optimization",
            "capacity_provider_config": [],
            "code_sha256": "wA9Z4Erd9Jd9v1U4SIYzKMfrnMtZ5ZoEdnMAIlpyPKc=",
            "code_signing_config_arn": "",
            "dead_letter_config": [],
            "description": "",
            "durable_config": [],
            "environment": [],
            "ephemeral_storage": [
              {
                "size": 512
              }
            ],
            "file_system_config": [],
            "filename": "./.terraform/northstar-retail-optimization.zip",
            "function_name": "acvals-su-chain-demo-supply-chain-optimization",
            "handler": "handler.handler",
            "id": "acvals-su-chain-demo-supply-chain-optimization",
            "image_config": [],
            "image_uri": "",
            "invoke_arn": "arn:aws:apigateway:us-east-1:lambda:path/2015-03-31/functions/arn:aws:lambda:us-east-1:689069515280:function:acvals-su-chain-demo-supply-chain-optimization/invocations",
            "kms_key_arn": "",
            "last_modified": "2026-05-14T01:48:13.000+0000",
            "layers": [
              "arn:aws:lambda:us-east-1:689069515280:layer:acvals-su-chain-demo-supply-chain-mock:3"
            ],
            "logging_config": [
              {
                "application_log_level": "",
                "log_format": "Text",
                "log_group": "/aws/lambda/acvals-su-chain-demo-supply-chain-optimization",
                "system_log_level": ""
              }
            ],
            "memory_size": 128,
            "package_type": "Zip",
            "publish": false,
            "publish_to": null,
            "qualified_arn": "arn:aws:lambda:us-east-1:689069515280:function:acvals-su-chain-demo-supply-chain-optimization:$LATEST",
            "qualified_invoke_arn": "arn:aws:apigateway:us-east-1:lambda:path/2015-03-31/functions/arn:aws:lambda:us-east-1:689069515280:function:acvals-su-chain-demo-supply-chain-optimization:$LATEST/invocations",
            "region": "us-east-1",
            "replace_security_groups_on_destroy": null,
            "replacement_security_group_ids": null,
            "reserved_concurrent_executions": -1,
            "response_streaming_invoke_arn": "arn:aws:apigateway:us-east-1:lambda:path/2021-11-15/functions/arn:aws:lambda:us-east-1:689069515280:function:acvals-su-chain-demo-supply-chain-optimization/response-streaming-invocations",
            "role": "arn:aws:iam::689069515280:role/acvals-su-chain-demo-northstar-retail-lambda-role",
            "runtime": "python3.12",
            "s3_bucket": null,
            "s3_key": null,
            "s3_object_version": null,
            "signing_job_arn": "",
            "signing_profile_version_arn": "",
            "skip_destroy": false,
            "snap_start": [],
            "source_code_hash": "wA9Z4Erd9Jd9v1U4SIYzKMfrnMtZ5ZoEdnMAIlpyPKc=",
            "source_code_size": 2210,
            "source_kms_key_arn": "",
            "tags": {
              "Name": "acvals-su-chain-demo-supply-chain-optimization"
            },
            "tags_all": {
              "Environment": "demo",
              "ManagedBy": "Terraform",
              "Name": "acvals-su-chain-demo-supply-chain-optimization",
              "Project": "AgentCore-Supply-Chain",
              "Stack": "acvals-su-chain"
            },
            "tenancy_config": [],
            "timeout": 10,
            "timeouts": null,
            "tracing_config": [
              {
                "mode": "PassThrough"
              }
            ],
            "version": "$LATEST",
            "vpc_config": []
          },
          "sensitive_attributes": [],
          "identity_schema_version": 0,
          "identity": {
            "account_id": "689069515280",
            "function_name": "acvals-su-chain-demo-supply-chain-optimization",
            "region": "us-east-1"
          },
          "private": "eyJlMmJmYjczMC1lY2FhLTExZTYtOGY4OC0zNDM2M2JjN2M0YzAiOnsiY3JlYXRlIjo2MDAwMDAwMDAwMDAsImRlbGV0ZSI6NjAwMDAwMDAwMDAwLCJ1cGRhdGUiOjYwMDAwMDAwMDAwMH19",
          "dependencies": [
            "aws_iam_role.northstar_retail_lambda",
            "aws_lambda_layer_version.supply_chain_mock",
            "data.archive_file.northstar_retail",
            "data.archive_file.supply_chain_mock_layer"
          ],
          "create_before_destroy": true
        },
        {
          "index_key": "routing",
          "schema_version": 0,
          "attributes": {
            "architectures": [
              "x86_64"
            ],
            "arn": "arn:aws:lambda:us-east-1:689069515280:function:acvals-su-chain-demo-supply-chain-routing",
            "capacity_provider_config": [],
            "code_sha256": "McF7/bjefFHSyZRx2BQA/8JOlbXw7y/7/Np4rBsr9as=",
            "code_signing_config_arn": "",
            "dead_letter_config": [],
            "description": "",
            "durable_config": [],
            "environment": [],
            "ephemeral_storage": [
              {
                "size": 512
              }
            ],
            "file_system_config": [],
            "filename": "./.terraform/northstar-retail-routing.zip",
            "function_name": "acvals-su-chain-demo-supply-chain-routing",
            "handler": "handler.handler",
            "id": "acvals-su-chain-demo-supply-chain-routing",
            "image_config": [],
            "image_uri": "",
            "invoke_arn": "arn:aws:apigateway:us-east-1:lambda:path/2015-03-31/functions/arn:aws:lambda:us-east-1:689069515280:function:acvals-su-chain-demo-supply-chain-routing/invocations",
            "kms_key_arn": "",
            "last_modified": "2026-05-14T01:48:13.000+0000",
            "layers": [
              "arn:aws:lambda:us-east-1:689069515280:layer:acvals-su-chain-demo-supply-chain-mock:3"
            ],
            "logging_config": [
              {
                "application_log_level": "",
                "log_format": "Text",
                "log_group": "/aws/lambda/acvals-su-chain-demo-supply-chain-routing",
                "system_log_level": ""
              }
            ],
            "memory_size": 128,
            "package_type": "Zip",
            "publish": false,
            "publish_to": null,
            "qualified_arn": "arn:aws:lambda:us-east-1:689069515280:function:acvals-su-chain-demo-supply-chain-routing:$LATEST",
            "qualified_invoke_arn": "arn:aws:apigateway:us-east-1:lambda:path/2015-03-31/functions/arn:aws:lambda:us-east-1:689069515280:function:acvals-su-chain-demo-supply-chain-routing:$LATEST/invocations",
            "region": "us-east-1",
            "replace_security_groups_on_destroy": null,
            "replacement_security_group_ids": null,
            "reserved_concurrent_executions": -1,
            "response_streaming_invoke_arn": "arn:aws:apigateway:us-east-1:lambda:path/2021-11-15/functions/arn:aws:lambda:us-east-1:689069515280:function:acvals-su-chain-demo-supply-chain-routing/response-streaming-invocations",
            "role": "arn:aws:iam::689069515280:role/acvals-su-chain-demo-northstar-retail-lambda-role",
            "runtime": "python3.12",
            "s3_bucket": null,
            "s3_key": null,
            "s3_object_version": null,
            "signing_job_arn": "",
            "signing_profile_version_arn": "",
            "skip_destroy": false,
            "snap_start": [],
            "source_code_hash": "McF7/bjefFHSyZRx2BQA/8JOlbXw7y/7/Np4rBsr9as=",
            "source_code_size": 2165,
            "source_kms_key_arn": "",
            "tags": {
              "Name": "acvals-su-chain-demo-supply-chain-routing"
            },
            "tags_all": {
              "Environment": "demo",
              "ManagedBy": "Terraform",
              "Name": "acvals-su-chain-demo-supply-chain-routing",
              "Project": "AgentCore-Supply-Chain",
              "Stack": "acvals-su-chain"
            },
            "tenancy_config": [],
            "timeout": 10,
            "timeouts": null,
            "tracing_config": [
              {
                "mode": "PassThrough"
              }
            ],
            "version": "$LATEST",
            "vpc_config": []
          },
          "sensitive_attributes": [],
          "identity_schema_version": 0,
          "identity": {
            "account_id": "689069515280",
            "function_name": "acvals-su-chain-demo-supply-chain-routing",
            "region": "us-east-1"
          },
          "private": "eyJlMmJmYjczMC1lY2FhLTExZTYtOGY4OC0zNDM2M2JjN2M0YzAiOnsiY3JlYXRlIjo2MDAwMDAwMDAwMDAsImRlbGV0ZSI6NjAwMDAwMDAwMDAwLCJ1cGRhdGUiOjYwMDAwMDAwMDAwMH19",
          "dependencies": [
            "aws_iam_role.northstar_retail_lambda",
            "aws_lambda_layer_version.supply_chain_mock",
            "data.archive_file.northstar_retail",
            "data.archive_file.supply_chain_mock_layer"
          ],
          "create_before_destroy": true
        }
      ]
    },
    {
      "mode": "managed",
      "type": "aws_lambda_layer_version",
      "name": "supply_chain_mock",
      "provider": "provider[\"registry.terraform.io/hashicorp/aws\"]",
      "instances": [
        {
          "schema_version": 0,
          "attributes": {
            "arn": "arn:aws:lambda:us-east-1:689069515280:layer:acvals-su-chain-demo-supply-chain-mock:3",
            "code_sha256": "8N5M/EylBjD/k0fYTz1FdbkmyrjrfnJA3qV6s+r4Ji0=",
            "compatible_architectures": [],
            "compatible_runtimes": [
              "python3.12"
            ],
            "created_date": "2026-05-14T01:48:13.494+0000",
            "description": "Shared supply_chain_mock package (schema, canned data, serialization)",
            "filename": "./.terraform/supply-chain-mock-layer.zip",
            "id": "arn:aws:lambda:us-east-1:689069515280:layer:acvals-su-chain-demo-supply-chain-mock:3",
            "layer_arn": "arn:aws:lambda:us-east-1:689069515280:layer:acvals-su-chain-demo-supply-chain-mock",
            "layer_name": "acvals-su-chain-demo-supply-chain-mock",
            "license_info": "",
            "region": "us-east-1",
            "s3_bucket": null,
            "s3_key": null,
            "s3_object_version": null,
            "signing_job_arn": "",
            "signing_profile_version_arn": "",
            "skip_destroy": false,
            "source_code_hash": "8N5M/EylBjD/k0fYTz1FdbkmyrjrfnJA3qV6s+r4Ji0=",
            "source_code_size": 4566,
            "version": "3"
          },
          "sensitive_attributes": [],
          "identity_schema_version": 0,
          "identity": {
            "account_id": "689069515280",
            "layer_name": "acvals-su-chain-demo-supply-chain-mock",
            "region": "us-east-1",
            "version": "3"
          },
          "private": "bnVsbA==",
          "dependencies": [
            "data.archive_file.supply_chain_mock_layer"
          ],
          "create_before_destroy": true
        }
      ]
    },
    {
      "mode": "managed",
      "type": "aws_lambda_permission",
      "name": "evaluators_apigw",
      "provider": "provider[\"registry.terraform.io/hashicorp/aws\"]",
      "instances": [
        {
          "schema_version": 0,
          "attributes": {
            "action": "lambda:InvokeFunction",
            "event_source_token": null,
            "function_name": "acvals-su-chain-demo-evaluators",
            "function_url_auth_type": null,
            "id": "AllowAPIGatewayInvoke",
            "invoked_via_function_url": null,
            "principal": "apigateway.amazonaws.com",
            "principal_org_id": null,
            "qualifier": "",
            "region": "us-east-1",
            "source_account": null,
            "source_arn": "arn:aws:execute-api:us-east-1:689069515280:21kdihygq1/*/*",
            "statement_id": "AllowAPIGatewayInvoke",
            "statement_id_prefix": ""
          },
          "sensitive_attributes": [],
          "identity_schema_version": 0,
          "identity": {
            "account_id": "689069515280",
            "function_name": "acvals-su-chain-demo-evaluators",
            "qualifier": null,
            "region": "us-east-1",
            "statement_id": "AllowAPIGatewayInvoke"
          },
          "private": "bnVsbA==",
          "dependencies": [
            "aws_apigatewayv2_api.evaluators",
            "aws_codebuild_project.evaluators",
            "aws_ecr_repository.evaluators",
            "aws_iam_role.evaluators_lambda",
            "aws_iam_role.image_build",
            "aws_iam_role_policy.image_build",
            "aws_lambda_function.evaluators",
            "aws_s3_bucket.agent_source",
            "aws_s3_object.evaluators_source",
            "data.archive_file.evaluators_source",
            "data.aws_caller_identity.current",
            "data.aws_region.current",
            "null_resource.build_evaluators"
          ]
        }
      ]
    },
    {
      "mode": "managed",
      "type": "aws_lambda_permission",
      "name": "northstar_retail",
      "provider": "provider[\"registry.terraform.io/hashicorp/aws\"]",
      "instances": [
        {
          "index_key": "analytics",
          "schema_version": 0,
          "attributes": {
            "action": "lambda:InvokeFunction",
            "event_source_token": null,
            "function_name": "acvals-su-chain-demo-supply-chain-analytics",
            "function_url_auth_type": null,
            "id": "AllowAPIGatewayInvoke",
            "invoked_via_function_url": null,
            "principal": "apigateway.amazonaws.com",
            "principal_org_id": null,
            "qualifier": "",
            "region": "us-east-1",
            "source_account": null,
            "source_arn": "arn:aws:execute-api:us-east-1:689069515280:88qvmszd3i/*/*",
            "statement_id": "AllowAPIGatewayInvoke",
            "statement_id_prefix": ""
          },
          "sensitive_attributes": [],
          "identity_schema_version": 0,
          "identity": {
            "account_id": "689069515280",
            "function_name": "acvals-su-chain-demo-supply-chain-analytics",
            "qualifier": null,
            "region": "us-east-1",
            "statement_id": "AllowAPIGatewayInvoke"
          },
          "private": "bnVsbA==",
          "dependencies": [
            "aws_api_gateway_rest_api.northstar_retail",
            "aws_iam_role.northstar_retail_lambda",
            "aws_lambda_function.northstar_retail",
            "aws_lambda_layer_version.supply_chain_mock",
            "data.archive_file.northstar_retail",
            "data.archive_file.supply_chain_mock_layer"
          ]
        },
        {
          "index_key": "distribution",
          "schema_version": 0,
          "attributes": {
            "action": "lambda:InvokeFunction",
            "event_source_token": null,
            "function_name": "acvals-su-chain-demo-supply-chain-distribution",
            "function_url_auth_type": null,
            "id": "AllowAPIGatewayInvoke",
            "invoked_via_function_url": null,
            "principal": "apigateway.amazonaws.com",
            "principal_org_id": null,
            "qualifier": "",
            "region": "us-east-1",
            "source_account": null,
            "source_arn": "arn:aws:execute-api:us-east-1:689069515280:88qvmszd3i/*/*",
            "statement_id": "AllowAPIGatewayInvoke",
            "statement_id_prefix": ""
          },
          "sensitive_attributes": [],
          "identity_schema_version": 0,
          "identity": {
            "account_id": "689069515280",
            "function_name": "acvals-su-chain-demo-supply-chain-distribution",
            "qualifier": null,
            "region": "us-east-1",
            "statement_id": "AllowAPIGatewayInvoke"
          },
          "private": "bnVsbA==",
          "dependencies": [
            "aws_api_gateway_rest_api.northstar_retail",
            "aws_iam_role.northstar_retail_lambda",
            "aws_lambda_function.northstar_retail",
            "aws_lambda_layer_version.supply_chain_mock",
            "data.archive_file.northstar_retail",
            "data.archive_file.supply_chain_mock_layer"
          ]
        },
        {
          "index_key": "optimization",
          "schema_version": 0,
          "attributes": {
            "action": "lambda:InvokeFunction",
            "event_source_token": null,
            "function_name": "acvals-su-chain-demo-supply-chain-optimization",
            "function_url_auth_type": null,
            "id": "AllowAPIGatewayInvoke",
            "invoked_via_function_url": null,
            "principal": "apigateway.amazonaws.com",
            "principal_org_id": null,
            "qualifier": "",
            "region": "us-east-1",
            "source_account": null,
            "source_arn": "arn:aws:execute-api:us-east-1:689069515280:88qvmszd3i/*/*",
            "statement_id": "AllowAPIGatewayInvoke",
            "statement_id_prefix": ""
          },
          "sensitive_attributes": [],
          "identity_schema_version": 0,
          "identity": {
            "account_id": "689069515280",
            "function_name": "acvals-su-chain-demo-supply-chain-optimization",
            "qualifier": null,
            "region": "us-east-1",
            "statement_id": "AllowAPIGatewayInvoke"
          },
          "private": "bnVsbA==",
          "dependencies": [
            "aws_api_gateway_rest_api.northstar_retail",
            "aws_iam_role.northstar_retail_lambda",
            "aws_lambda_function.northstar_retail",
            "aws_lambda_layer_version.supply_chain_mock",
            "data.archive_file.northstar_retail",
            "data.archive_file.supply_chain_mock_layer"
          ]
        },
        {
          "index_key": "routing",
          "schema_version": 0,
          "attributes": {
            "action": "lambda:InvokeFunction",
            "event_source_token": null,
            "function_name": "acvals-su-chain-demo-supply-chain-routing",
            "function_url_auth_type": null,
            "id": "AllowAPIGatewayInvoke",
            "invoked_via_function_url": null,
            "principal": "apigateway.amazonaws.com",
            "principal_org_id": null,
            "qualifier": "",
            "region": "us-east-1",
            "source_account": null,
            "source_arn": "arn:aws:execute-api:us-east-1:689069515280:88qvmszd3i/*/*",
            "statement_id": "AllowAPIGatewayInvoke",
            "statement_id_prefix": ""
          },
          "sensitive_attributes": [],
          "identity_schema_version": 0,
          "identity": {
            "account_id": "689069515280",
            "function_name": "acvals-su-chain-demo-supply-chain-routing",
            "qualifier": null,
            "region": "us-east-1",
            "statement_id": "AllowAPIGatewayInvoke"
          },
          "private": "bnVsbA==",
          "dependencies": [
            "aws_api_gateway_rest_api.northstar_retail",
            "aws_iam_role.northstar_retail_lambda",
            "aws_lambda_function.northstar_retail",
            "aws_lambda_layer_version.supply_chain_mock",
            "data.archive_file.northstar_retail",
            "data.archive_file.supply_chain_mock_layer"
          ]
        }
      ]
    },
    {
      "mode": "managed",
      "type": "aws_s3_bucket",
      "name": "agent_source",
      "provider": "provider[\"registry.terraform.io/hashicorp/aws\"]",
      "instances": [
        {
          "schema_version": 0,
          "attributes": {
            "acceleration_status": "",
            "acl": null,
            "arn": "arn:aws:s3:::acvals-su-chain-src-20260509212034765000000001",
            "bucket": "acvals-su-chain-src-20260509212034765000000001",
            "bucket_domain_name": "acvals-su-chain-src-20260509212034765000000001.s3.amazonaws.com",
            "bucket_namespace": "global",
            "bucket_prefix": "acvals-su-chain-src-",
            "bucket_region": "us-east-1",
            "bucket_regional_domain_name": "acvals-su-chain-src-20260509212034765000000001.s3.us-east-1.amazonaws.com",
            "cors_rule": [],
            "force_destroy": true,
            "grant": [
              {
                "id": "efd1b6e310ffb8c3c584848e70ed0c14381633f90a81329e6b59154d43d678ef",
                "permissions": [
                  "FULL_CONTROL"
                ],
                "type": "CanonicalUser",
                "uri": ""
              }
            ],
            "hosted_zone_id": "Z3AQBSTGFYJSTF",
            "id": "acvals-su-chain-src-20260509212034765000000001",
            "lifecycle_rule": [],
            "logging": [],
            "object_lock_configuration": [],
            "object_lock_enabled": false,
            "policy": "",
            "region": "us-east-1",
            "replication_configuration": [],
            "request_payer": "BucketOwner",
            "server_side_encryption_configuration": [
              {
                "rule": [
                  {
                    "apply_server_side_encryption_by_default": [
                      {
                        "kms_master_key_id": "",
                        "sse_algorithm": "AES256"
                      }
                    ],
                    "bucket_key_enabled": false
                  }
                ]
              }
            ],
            "tags": {
              "Name": "acvals-su-chain-demo-agent-source"
            },
            "tags_all": {
              "Environment": "demo",
              "ManagedBy": "Terraform",
              "Name": "acvals-su-chain-demo-agent-source",
              "Project": "AgentCore-Supply-Chain",
              "Stack": "acvals-su-chain"
            },
            "timeouts": null,
            "versioning": [
              {
                "enabled": true,
                "mfa_delete": false
              }
            ],
            "website": [],
            "website_domain": null,
            "website_endpoint": null
          },
          "sensitive_attributes": [],
          "identity_schema_version": 0,
          "identity": {
            "account_id": "689069515280",
            "bucket": "acvals-su-chain-src-20260509212034765000000001",
            "region": "us-east-1"
          },
          "private": "eyJlMmJmYjczMC1lY2FhLTExZTYtOGY4OC0zNDM2M2JjN2M0YzAiOnsiY3JlYXRlIjoxMjAwMDAwMDAwMDAwLCJkZWxldGUiOjM2MDAwMDAwMDAwMDAsInJlYWQiOjEyMDAwMDAwMDAwMDAsInVwZGF0ZSI6MTIwMDAwMDAwMDAwMH19"
        }
      ]
    },
    {
      "mode": "managed",
      "type": "aws_s3_bucket_public_access_block",
      "name": "agent_source",
      "provider": "provider[\"registry.terraform.io/hashicorp/aws\"]",
      "instances": [
        {
          "schema_version": 0,
          "attributes": {
            "block_public_acls": true,
            "block_public_policy": true,
            "bucket": "acvals-su-chain-src-20260509212034765000000001",
            "id": "acvals-su-chain-src-20260509212034765000000001",
            "ignore_public_acls": true,
            "region": "us-east-1",
            "restrict_public_buckets": true,
            "skip_destroy": null
          },
          "sensitive_attributes": [],
          "identity_schema_version": 0,
          "identity": {
            "account_id": "689069515280",
            "bucket": "acvals-su-chain-src-20260509212034765000000001",
            "region": "us-east-1"
          },
          "private": "bnVsbA==",
          "dependencies": [
            "aws_s3_bucket.agent_source"
          ]
        }
      ]
    },
    {
      "mode": "managed",
      "type": "aws_s3_bucket_versioning",
      "name": "agent_source",
      "provider": "provider[\"registry.terraform.io/hashicorp/aws\"]",
      "instances": [
        {
          "schema_version": 0,
          "attributes": {
            "bucket": "acvals-su-chain-src-20260509212034765000000001",
            "expected_bucket_owner": "",
            "id": "acvals-su-chain-src-20260509212034765000000001",
            "mfa": null,
            "region": "us-east-1",
            "versioning_configuration": [
              {
                "mfa_delete": "",
                "status": "Enabled"
              }
            ]
          },
          "sensitive_attributes": [],
          "identity_schema_version": 1,
          "identity": {
            "account_id": "689069515280",
            "bucket": "acvals-su-chain-src-20260509212034765000000001",
            "region": "us-east-1"
          },
          "private": "bnVsbA==",
          "dependencies": [
            "aws_s3_bucket.agent_source"
          ]
        }
      ]
    },
    {
      "mode": "managed",
      "type": "aws_s3_object",
      "name": "evaluators_source",
      "provider": "provider[\"registry.terraform.io/hashicorp/aws\"]",
      "instances": [
        {
          "schema_version": 0,
          "attributes": {
            "acl": null,
            "arn": "arn:aws:s3:::acvals-su-chain-src-20260509212034765000000001/evaluators-source-acf9539a8cbe49644b6ec69bd2c5bbf7.zip",
            "bucket": "acvals-su-chain-src-20260509212034765000000001",
            "bucket_key_enabled": false,
            "cache_control": "",
            "checksum_algorithm": null,
            "checksum_crc32": "",
            "checksum_crc32c": "",
            "checksum_crc64nvme": "",
            "checksum_sha1": "",
            "checksum_sha256": "",
            "content": null,
            "content_base64": null,
            "content_disposition": "",
            "content_encoding": "",
            "content_language": "",
            "content_type": "application/octet-stream",
            "etag": "acf9539a8cbe49644b6ec69bd2c5bbf7",
            "force_destroy": false,
            "id": "acvals-su-chain-src-20260509212034765000000001/evaluators-source-acf9539a8cbe49644b6ec69bd2c5bbf7.zip",
            "key": "evaluators-source-acf9539a8cbe49644b6ec69bd2c5bbf7.zip",
            "kms_key_id": null,
            "metadata": {},
            "object_lock_legal_hold_status": "",
            "object_lock_mode": "",
            "object_lock_retain_until_date": "",
            "override_provider": [],
            "region": "us-east-1",
            "server_side_encryption": "AES256",
            "source": "./.terraform/evaluators-lambda.zip",
            "source_hash": null,
            "storage_class": "STANDARD",
            "tags": {},
            "tags_all": {
              "Environment": "demo",
              "ManagedBy": "Terraform",
              "Project": "AgentCore-Supply-Chain",
              "Stack": "acvals-su-chain"
            },
            "version_id": "FQ6psoW3TKxtRZp._D9fSym0FFgdAS3K",
            "website_redirect": ""
          },
          "sensitive_attributes": [],
          "identity_schema_version": 0,
          "identity": {
            "account_id": "689069515280",
            "bucket": "acvals-su-chain-src-20260509212034765000000001",
            "key": "evaluators-source-acf9539a8cbe49644b6ec69bd2c5bbf7.zip",
            "region": "us-east-1"
          },
          "private": "bnVsbA==",
          "dependencies": [
            "aws_s3_bucket.agent_source",
            "data.archive_file.evaluators_source"
          ]
        }
      ]
    },
    {
      "mode": "managed",
      "type": "aws_s3_object",
      "name": "mcp_source",
      "provider": "provider[\"registry.terraform.io/hashicorp/aws\"]",
      "instances": [
        {
          "schema_version": 0,
          "attributes": {
            "acl": null,
            "arn": "arn:aws:s3:::acvals-su-chain-src-20260509212034765000000001/mcp-source-f18220a8aa0717eadad8ed12144d1d82.zip",
            "bucket": "acvals-su-chain-src-20260509212034765000000001",
            "bucket_key_enabled": false,
            "cache_control": "",
            "checksum_algorithm": null,
            "checksum_crc32": "",
            "checksum_crc32c": "",
            "checksum_crc64nvme": "",
            "checksum_sha1": "",
            "checksum_sha256": "",
            "content": null,
            "content_base64": null,
            "content_disposition": "",
            "content_encoding": "",
            "content_language": "",
            "content_type": "application/octet-stream",
            "etag": "f18220a8aa0717eadad8ed12144d1d82",
            "force_destroy": false,
            "id": "acvals-su-chain-src-20260509212034765000000001/mcp-source-f18220a8aa0717eadad8ed12144d1d82.zip",
            "key": "mcp-source-f18220a8aa0717eadad8ed12144d1d82.zip",
            "kms_key_id": null,
            "metadata": {},
            "object_lock_legal_hold_status": "",
            "object_lock_mode": "",
            "object_lock_retain_until_date": "",
            "override_provider": [],
            "region": "us-east-1",
            "server_side_encryption": "AES256",
            "source": "./.terraform/mcp-source.zip",
            "source_hash": null,
            "storage_class": "STANDARD",
            "tags": {},
            "tags_all": {
              "Environment": "demo",
              "ManagedBy": "Terraform",
              "Project": "AgentCore-Supply-Chain",
              "Stack": "acvals-su-chain"
            },
            "version_id": "VIOUfVbZVPuqjqqziBDMFM82g4B3Y8VF",
            "website_redirect": ""
          },
          "sensitive_attributes": [],
          "identity_schema_version": 0,
          "identity": {
            "account_id": "689069515280",
            "bucket": "acvals-su-chain-src-20260509212034765000000001",
            "key": "mcp-source-f18220a8aa0717eadad8ed12144d1d82.zip",
            "region": "us-east-1"
          },
          "private": "bnVsbA==",
          "dependencies": [
            "aws_s3_bucket.agent_source",
            "data.archive_file.mcp_source"
          ]
        }
      ]
    },
    {
      "mode": "managed",
      "type": "aws_s3_object",
      "name": "supply_chain_source",
      "provider": "provider[\"registry.terraform.io/hashicorp/aws\"]",
      "instances": [
        {
          "schema_version": 0,
          "attributes": {
            "acl": null,
            "arn": "arn:aws:s3:::acvals-su-chain-src-20260509212034765000000001/supply-chain-source-a7400366ec8f25c04ea127af13b2ba51.zip",
            "bucket": "acvals-su-chain-src-20260509212034765000000001",
            "bucket_key_enabled": false,
            "cache_control": "",
            "checksum_algorithm": null,
            "checksum_crc32": "",
            "checksum_crc32c": "",
            "checksum_crc64nvme": "",
            "checksum_sha1": "",
            "checksum_sha256": "",
            "content": null,
            "content_base64": null,
            "content_disposition": "",
            "content_encoding": "",
            "content_language": "",
            "content_type": "application/octet-stream",
            "etag": "a7400366ec8f25c04ea127af13b2ba51",
            "force_destroy": false,
            "id": "acvals-su-chain-src-20260509212034765000000001/supply-chain-source-a7400366ec8f25c04ea127af13b2ba51.zip",
            "key": "supply-chain-source-a7400366ec8f25c04ea127af13b2ba51.zip",
            "kms_key_id": null,
            "metadata": {},
            "object_lock_legal_hold_status": "",
            "object_lock_mode": "",
            "object_lock_retain_until_date": "",
            "override_provider": [],
            "region": "us-east-1",
            "server_side_encryption": "AES256",
            "source": "./.terraform/supply-chain-source.zip",
            "source_hash": null,
            "storage_class": "STANDARD",
            "tags": {},
            "tags_all": {
              "Environment": "demo",
              "ManagedBy": "Terraform",
              "Project": "AgentCore-Supply-Chain",
              "Stack": "acvals-su-chain"
            },
            "version_id": "9LDo8b9yTtJSgvxwvmWKz9unCsx.TQ8J",
            "website_redirect": ""
          },
          "sensitive_attributes": [],
          "identity_schema_version": 0,
          "identity": {
            "account_id": "689069515280",
            "bucket": "acvals-su-chain-src-20260509212034765000000001",
            "key": "supply-chain-source-a7400366ec8f25c04ea127af13b2ba51.zip",
            "region": "us-east-1"
          },
          "private": "bnVsbA==",
          "dependencies": [
            "aws_s3_bucket.agent_source",
            "data.archive_file.supply_chain_source"
          ]
        }
      ]
    },
    {
      "mode": "managed",
      "type": "aws_security_group",
      "name": "runtime",
      "provider": "provider[\"registry.terraform.io/hashicorp/aws\"]",
      "instances": [
        {
          "schema_version": 1,
          "attributes": {
            "arn": "arn:aws:ec2:us-east-1:689069515280:security-group/sg-0fac7937a3f25a585",
            "description": "AgentCore runtime egress to VPC endpoints",
            "egress": [
              {
                "cidr_blocks": [
                  "0.0.0.0/0"
                ],
                "description": "All egress (reaches VPC endpoints)",
                "from_port": 0,
                "ipv6_cidr_blocks": [],
                "prefix_list_ids": [],
                "protocol": "-1",
                "security_groups": [],
                "self": false,
                "to_port": 0
              }
            ],
            "id": "sg-0fac7937a3f25a585",
            "ingress": [],
            "name": "acvals-su-chain-demo-runtime",
            "name_prefix": "",
            "owner_id": "689069515280",
            "region": "us-east-1",
            "revoke_rules_on_delete": false,
            "tags": {
              "Name": "acvals-su-chain-demo-runtime"
            },
            "tags_all": {
              "Environment": "demo",
              "ManagedBy": "Terraform",
              "Name": "acvals-su-chain-demo-runtime",
              "Project": "AgentCore-Supply-Chain",
              "Stack": "acvals-su-chain"
            },
            "timeouts": null,
            "vpc_id": "vpc-09af3b8d20e312e6b"
          },
          "sensitive_attributes": [],
          "identity_schema_version": 0,
          "identity": {
            "account_id": "689069515280",
            "id": "sg-0fac7937a3f25a585",
            "region": "us-east-1"
          },
          "private": "eyJlMmJmYjczMC1lY2FhLTExZTYtOGY4OC0zNDM2M2JjN2M0YzAiOnsiY3JlYXRlIjo2MDAwMDAwMDAwMDAsImRlbGV0ZSI6OTAwMDAwMDAwMDAwfSwic2NoZW1hX3ZlcnNpb24iOiIxIn0="
        }
      ]
    },
    {
      "mode": "managed",
      "type": "aws_security_group",
      "name": "vpc_endpoints",
      "provider": "provider[\"registry.terraform.io/hashicorp/aws\"]",
      "instances": [
        {
          "schema_version": 1,
          "attributes": {
            "arn": "arn:aws:ec2:us-east-1:689069515280:security-group/sg-073d2390cf11e8ab1",
            "description": "Allow HTTPS from VPC for AgentCore VPC endpoints",
            "egress": [
              {
                "cidr_blocks": [
                  "0.0.0.0/0"
                ],
                "description": "All egress",
                "from_port": 0,
                "ipv6_cidr_blocks": [],
                "prefix_list_ids": [],
                "protocol": "-1",
                "security_groups": [],
                "self": false,
                "to_port": 0
              }
            ],
            "id": "sg-073d2390cf11e8ab1",
            "ingress": [
              {
                "cidr_blocks": [
                  "192.168.0.0/16"
                ],
                "description": "HTTPS from VPC CIDR",
                "from_port": 443,
                "ipv6_cidr_blocks": [],
                "prefix_list_ids": [],
                "protocol": "tcp",
                "security_groups": [],
                "self": false,
                "to_port": 443
              }
            ],
            "name": "acvals-su-chain-demo-vpc-endpoints",
            "name_prefix": "",
            "owner_id": "689069515280",
            "region": "us-east-1",
            "revoke_rules_on_delete": false,
            "tags": {
              "Name": "acvals-su-chain-demo-vpc-endpoints"
            },
            "tags_all": {
              "Environment": "demo",
              "ManagedBy": "Terraform",
              "Name": "acvals-su-chain-demo-vpc-endpoints",
              "Project": "AgentCore-Supply-Chain",
              "Stack": "acvals-su-chain"
            },
            "timeouts": null,
            "vpc_id": "vpc-09af3b8d20e312e6b"
          },
          "sensitive_attributes": [],
          "identity_schema_version": 0,
          "identity": {
            "account_id": "689069515280",
            "id": "sg-073d2390cf11e8ab1",
            "region": "us-east-1"
          },
          "private": "eyJlMmJmYjczMC1lY2FhLTExZTYtOGY4OC0zNDM2M2JjN2M0YzAiOnsiY3JlYXRlIjo2MDAwMDAwMDAwMDAsImRlbGV0ZSI6OTAwMDAwMDAwMDAwfSwic2NoZW1hX3ZlcnNpb24iOiIxIn0=",
          "dependencies": [
            "data.aws_vpc.selected"
          ]
        }
      ]
    },
    {
      "mode": "managed",
      "type": "aws_vpc_endpoint",
      "name": "interface",
      "provider": "provider[\"registry.terraform.io/hashicorp/aws\"]",
      "instances": [
        {
          "index_key": "bedrock_agentcore",
          "schema_version": 0,
          "attributes": {
            "arn": "arn:aws:ec2:us-east-1:689069515280:vpc-endpoint/vpce-0e22e686b096d00c8",
            "auto_accept": null,
            "cidr_blocks": [],
            "dns_entry": [
              {
                "dns_name": "vpce-0e22e686b096d00c8-k51mxjv2.bedrock-agentcore.us-east-1.vpce.amazonaws.com",
                "hosted_zone_id": "Z7HUB22UULQXV"
              },
              {
                "dns_name": "vpce-0e22e686b096d00c8-k51mxjv2-us-east-1c.bedrock-agentcore.us-east-1.vpce.amazonaws.com",
                "hosted_zone_id": "Z7HUB22UULQXV"
              },
              {
                "dns_name": "vpce-0e22e686b096d00c8-k51mxjv2-us-east-1b.bedrock-agentcore.us-east-1.vpce.amazonaws.com",
                "hosted_zone_id": "Z7HUB22UULQXV"
              },
              {
                "dns_name": "bedrock-agentcore.us-east-1.amazonaws.com",
                "hosted_zone_id": "Z06252772G4IQN5NTDY44"
              }
            ],
            "dns_options": [
              {
                "dns_record_ip_type": "ipv4",
                "private_dns_only_for_inbound_resolver_endpoint": false,
                "private_dns_preference": "",
                "private_dns_specified_domains": []
              }
            ],
            "id": "vpce-0e22e686b096d00c8",
            "ip_address_type": "ipv4",
            "network_interface_ids": [
              "eni-07f967638d7a771f1",
              "eni-0fee0953c2187743a"
            ],
            "owner_id": "689069515280",
            "policy": "{\"Statement\":[{\"Action\":\"*\",\"Effect\":\"Allow\",\"Principal\":\"*\",\"Resource\":\"*\"}]}",
            "prefix_list_id": null,
            "private_dns_enabled": true,
            "region": "us-east-1",
            "requester_managed": false,
            "resource_configuration_arn": "",
            "route_table_ids": [],
            "security_group_ids": [
              "sg-073d2390cf11e8ab1"
            ],
            "service_name": "com.amazonaws.us-east-1.bedrock-agentcore",
            "service_network_arn": "",
            "service_region": "us-east-1",
            "state": "available",
            "subnet_configuration": [
              {
                "ipv4": "192.168.142.168",
                "ipv6": "",
                "subnet_id": "subnet-0db09e39c4b62f49c"
              },
              {
                "ipv4": "192.168.178.140",
                "ipv6": "",
                "subnet_id": "subnet-02cbd0f750a899b2d"
              }
            ],
            "subnet_ids": [
              "subnet-02cbd0f750a899b2d",
              "subnet-0db09e39c4b62f49c"
            ],
            "tags": {
              "Name": "acvals-su-chain-demo-bedrock_agentcore"
            },
            "tags_all": {
              "Environment": "demo",
              "ManagedBy": "Terraform",
              "Name": "acvals-su-chain-demo-bedrock_agentcore",
              "Project": "AgentCore-Supply-Chain",
              "Stack": "acvals-su-chain"
            },
            "timeouts": null,
            "vpc_endpoint_type": "Interface",
            "vpc_id": "vpc-09af3b8d20e312e6b"
          },
          "sensitive_attributes": [],
          "identity_schema_version": 0,
          "identity": {
            "account_id": "689069515280",
            "id": "vpce-0e22e686b096d00c8",
            "region": "us-east-1"
          },
          "private": "eyJlMmJmYjczMC1lY2FhLTExZTYtOGY4OC0zNDM2M2JjN2M0YzAiOnsiY3JlYXRlIjo2MDAwMDAwMDAwMDAsImRlbGV0ZSI6NjAwMDAwMDAwMDAwLCJ1cGRhdGUiOjYwMDAwMDAwMDAwMH19",
          "dependencies": [
            "aws_security_group.vpc_endpoints",
            "data.aws_region.current",
            "data.aws_subnet.runtime_subnets",
            "data.aws_vpc.selected"
          ]
        },
        {
          "index_key": "bedrock_runtime",
          "schema_version": 0,
          "attributes": {
            "arn": "arn:aws:ec2:us-east-1:689069515280:vpc-endpoint/vpce-01c72056a0150e8a1",
            "auto_accept": null,
            "cidr_blocks": [],
            "dns_entry": [
              {
                "dns_name": "vpce-01c72056a0150e8a1-jdwswxr1.bedrock-runtime.us-east-1.vpce.amazonaws.com",
                "hosted_zone_id": "Z7HUB22UULQXV"
              },
              {
                "dns_name": "vpce-01c72056a0150e8a1-jdwswxr1-us-east-1c.bedrock-runtime.us-east-1.vpce.amazonaws.com",
                "hosted_zone_id": "Z7HUB22UULQXV"
              },
              {
                "dns_name": "vpce-01c72056a0150e8a1-jdwswxr1-us-east-1b.bedrock-runtime.us-east-1.vpce.amazonaws.com",
                "hosted_zone_id": "Z7HUB22UULQXV"
              },
              {
                "dns_name": "bedrock-runtime.us-east-1.amazonaws.com",
                "hosted_zone_id": "Z07205481ZII0D6J95BU8"
              }
            ],
            "dns_options": [
              {
                "dns_record_ip_type": "ipv4",
                "private_dns_only_for_inbound_resolver_endpoint": false,
                "private_dns_preference": "",
                "private_dns_specified_domains": []
              }
            ],
            "id": "vpce-01c72056a0150e8a1",
            "ip_address_type": "ipv4",
            "network_interface_ids": [
              "eni-08b1d33efa40cdf87",
              "eni-0f1177743149c9039"
            ],
            "owner_id": "689069515280",
            "policy": "{\"Statement\":[{\"Action\":\"*\",\"Effect\":\"Allow\",\"Principal\":\"*\",\"Resource\":\"*\"}]}",
            "prefix_list_id": null,
            "private_dns_enabled": true,
            "region": "us-east-1",
            "requester_managed": false,
            "resource_configuration_arn": "",
            "route_table_ids": [],
            "security_group_ids": [
              "sg-073d2390cf11e8ab1"
            ],
            "service_name": "com.amazonaws.us-east-1.bedrock-runtime",
            "service_network_arn": "",
            "service_region": "us-east-1",
            "state": "available",
            "subnet_configuration": [
              {
                "ipv4": "192.168.135.18",
                "ipv6": "",
                "subnet_id": "subnet-0db09e39c4b62f49c"
              },
              {
                "ipv4": "192.168.186.35",
                "ipv6": "",
                "subnet_id": "subnet-02cbd0f750a899b2d"
              }
            ],
            "subnet_ids": [
              "subnet-02cbd0f750a899b2d",
              "subnet-0db09e39c4b62f49c"
            ],
            "tags": {
              "Name": "acvals-su-chain-demo-bedrock_runtime"
            },
            "tags_all": {
              "Environment": "demo",
              "ManagedBy": "Terraform",
              "Name": "acvals-su-chain-demo-bedrock_runtime",
              "Project": "AgentCore-Supply-Chain",
              "Stack": "acvals-su-chain"
            },
            "timeouts": null,
            "vpc_endpoint_type": "Interface",
            "vpc_id": "vpc-09af3b8d20e312e6b"
          },
          "sensitive_attributes": [],
          "identity_schema_version": 0,
          "identity": {
            "account_id": "689069515280",
            "id": "vpce-01c72056a0150e8a1",
            "region": "us-east-1"
          },
          "private": "eyJlMmJmYjczMC1lY2FhLTExZTYtOGY4OC0zNDM2M2JjN2M0YzAiOnsiY3JlYXRlIjo2MDAwMDAwMDAwMDAsImRlbGV0ZSI6NjAwMDAwMDAwMDAwLCJ1cGRhdGUiOjYwMDAwMDAwMDAwMH19",
          "dependencies": [
            "aws_security_group.vpc_endpoints",
            "data.aws_region.current",
            "data.aws_subnet.runtime_subnets",
            "data.aws_vpc.selected"
          ]
        },
        {
          "index_key": "ecr_api",
          "schema_version": 0,
          "attributes": {
            "arn": "arn:aws:ec2:us-east-1:689069515280:vpc-endpoint/vpce-083248216de271f4c",
            "auto_accept": null,
            "cidr_blocks": [],
            "dns_entry": [
              {
                "dns_name": "vpce-083248216de271f4c-cumtdajv.api.ecr.us-east-1.vpce.amazonaws.com",
                "hosted_zone_id": "Z7HUB22UULQXV"
              },
              {
                "dns_name": "vpce-083248216de271f4c-cumtdajv-us-east-1c.api.ecr.us-east-1.vpce.amazonaws.com",
                "hosted_zone_id": "Z7HUB22UULQXV"
              },
              {
                "dns_name": "vpce-083248216de271f4c-cumtdajv-us-east-1b.api.ecr.us-east-1.vpce.amazonaws.com",
                "hosted_zone_id": "Z7HUB22UULQXV"
              },
              {
                "dns_name": "api.ecr.us-east-1.amazonaws.com",
                "hosted_zone_id": "Z050751710D1QGIXD7ZDA"
              },
              {
                "dns_name": "ecr.us-east-1.api.aws",
                "hosted_zone_id": "Z0087697PPLV9JX1PZS8"
              }
            ],
            "dns_options": [
              {
                "dns_record_ip_type": "ipv4",
                "private_dns_only_for_inbound_resolver_endpoint": false,
                "private_dns_preference": "",
                "private_dns_specified_domains": []
              }
            ],
            "id": "vpce-083248216de271f4c",
            "ip_address_type": "ipv4",
            "network_interface_ids": [
              "eni-022743ed6bf68b2ad",
              "eni-028a6b62d81347b28"
            ],
            "owner_id": "689069515280",
            "policy": "{\"Statement\":[{\"Action\":\"*\",\"Effect\":\"Allow\",\"Principal\":\"*\",\"Resource\":\"*\"}]}",
            "prefix_list_id": null,
            "private_dns_enabled": true,
            "region": "us-east-1",
            "requester_managed": false,
            "resource_configuration_arn": "",
            "route_table_ids": [],
            "security_group_ids": [
              "sg-073d2390cf11e8ab1"
            ],
            "service_name": "com.amazonaws.us-east-1.ecr.api",
            "service_network_arn": "",
            "service_region": "us-east-1",
            "state": "available",
            "subnet_configuration": [
              {
                "ipv4": "192.168.132.99",
                "ipv6": "",
                "subnet_id": "subnet-0db09e39c4b62f49c"
              },
              {
                "ipv4": "192.168.162.238",
                "ipv6": "",
                "subnet_id": "subnet-02cbd0f750a899b2d"
              }
            ],
            "subnet_ids": [
              "subnet-02cbd0f750a899b2d",
              "subnet-0db09e39c4b62f49c"
            ],
            "tags": {
              "Name": "acvals-su-chain-demo-ecr_api"
            },
            "tags_all": {
              "Environment": "demo",
              "ManagedBy": "Terraform",
              "Name": "acvals-su-chain-demo-ecr_api",
              "Project": "AgentCore-Supply-Chain",
              "Stack": "acvals-su-chain"
            },
            "timeouts": null,
            "vpc_endpoint_type": "Interface",
            "vpc_id": "vpc-09af3b8d20e312e6b"
          },
          "sensitive_attributes": [],
          "identity_schema_version": 0,
          "identity": {
            "account_id": "689069515280",
            "id": "vpce-083248216de271f4c",
            "region": "us-east-1"
          },
          "private": "eyJlMmJmYjczMC1lY2FhLTExZTYtOGY4OC0zNDM2M2JjN2M0YzAiOnsiY3JlYXRlIjo2MDAwMDAwMDAwMDAsImRlbGV0ZSI6NjAwMDAwMDAwMDAwLCJ1cGRhdGUiOjYwMDAwMDAwMDAwMH19",
          "dependencies": [
            "aws_security_group.vpc_endpoints",
            "data.aws_region.current",
            "data.aws_subnet.runtime_subnets",
            "data.aws_vpc.selected"
          ]
        },
        {
          "index_key": "ecr_dkr",
          "schema_version": 0,
          "attributes": {
            "arn": "arn:aws:ec2:us-east-1:689069515280:vpc-endpoint/vpce-02415939b45b3532a",
            "auto_accept": null,
            "cidr_blocks": [],
            "dns_entry": [
              {
                "dns_name": "vpce-02415939b45b3532a-svosquj0.dkr.ecr.us-east-1.vpce.amazonaws.com",
                "hosted_zone_id": "Z7HUB22UULQXV"
              },
              {
                "dns_name": "vpce-02415939b45b3532a-svosquj0-us-east-1b.dkr.ecr.us-east-1.vpce.amazonaws.com",
                "hosted_zone_id": "Z7HUB22UULQXV"
              },
              {
                "dns_name": "vpce-02415939b45b3532a-svosquj0-us-east-1c.dkr.ecr.us-east-1.vpce.amazonaws.com",
                "hosted_zone_id": "Z7HUB22UULQXV"
              },
              {
                "dns_name": "dkr.ecr.us-east-1.amazonaws.com",
                "hosted_zone_id": "Z00876983MZI4GYPFM6N1"
              },
              {
                "dns_name": "*.dkr.ecr.us-east-1.amazonaws.com",
                "hosted_zone_id": "Z00876983MZI4GYPFM6N1"
              },
              {
                "dns_name": "dkr-ecr.us-east-1.on.aws",
                "hosted_zone_id": "Z01104342QCE4NGYUWH5B"
              },
              {
                "dns_name": "*.dkr-ecr.us-east-1.on.aws",
                "hosted_zone_id": "Z01104342QCE4NGYUWH5B"
              }
            ],
            "dns_options": [
              {
                "dns_record_ip_type": "ipv4",
                "private_dns_only_for_inbound_resolver_endpoint": false,
                "private_dns_preference": "",
                "private_dns_specified_domains": []
              }
            ],
            "id": "vpce-02415939b45b3532a",
            "ip_address_type": "ipv4",
            "network_interface_ids": [
              "eni-053044fe5f7694b58",
              "eni-0e8c3ae171342c700"
            ],
            "owner_id": "689069515280",
            "policy": "{\"Statement\":[{\"Action\":\"*\",\"Effect\":\"Allow\",\"Principal\":\"*\",\"Resource\":\"*\"}]}",
            "prefix_list_id": null,
            "private_dns_enabled": true,
            "region": "us-east-1",
            "requester_managed": false,
            "resource_configuration_arn": "",
            "route_table_ids": [],
            "security_group_ids": [
              "sg-073d2390cf11e8ab1"
            ],
            "service_name": "com.amazonaws.us-east-1.ecr.dkr",
            "service_network_arn": "",
            "service_region": "us-east-1",
            "state": "available",
            "subnet_configuration": [
              {
                "ipv4": "192.168.146.223",
                "ipv6": "",
                "subnet_id": "subnet-0db09e39c4b62f49c"
              },
              {
                "ipv4": "192.168.160.20",
                "ipv6": "",
                "subnet_id": "subnet-02cbd0f750a899b2d"
              }
            ],
            "subnet_ids": [
              "subnet-02cbd0f750a899b2d",
              "subnet-0db09e39c4b62f49c"
            ],
            "tags": {
              "Name": "acvals-su-chain-demo-ecr_dkr"
            },
            "tags_all": {
              "Environment": "demo",
              "ManagedBy": "Terraform",
              "Name": "acvals-su-chain-demo-ecr_dkr",
              "Project": "AgentCore-Supply-Chain",
              "Stack": "acvals-su-chain"
            },
            "timeouts": null,
            "vpc_endpoint_type": "Interface",
            "vpc_id": "vpc-09af3b8d20e312e6b"
          },
          "sensitive_attributes": [],
          "identity_schema_version": 0,
          "identity": {
            "account_id": "689069515280",
            "id": "vpce-02415939b45b3532a",
            "region": "us-east-1"
          },
          "private": "eyJlMmJmYjczMC1lY2FhLTExZTYtOGY4OC0zNDM2M2JjN2M0YzAiOnsiY3JlYXRlIjo2MDAwMDAwMDAwMDAsImRlbGV0ZSI6NjAwMDAwMDAwMDAwLCJ1cGRhdGUiOjYwMDAwMDAwMDAwMH19",
          "dependencies": [
            "aws_security_group.vpc_endpoints",
            "data.aws_region.current",
            "data.aws_subnet.runtime_subnets",
            "data.aws_vpc.selected"
          ]
        },
        {
          "index_key": "logs",
          "schema_version": 0,
          "attributes": {
            "arn": "arn:aws:ec2:us-east-1:689069515280:vpc-endpoint/vpce-01b12b7d250dee3a3",
            "auto_accept": null,
            "cidr_blocks": [],
            "dns_entry": [
              {
                "dns_name": "vpce-01b12b7d250dee3a3-5395qbzs.logs.us-east-1.vpce.amazonaws.com",
                "hosted_zone_id": "Z7HUB22UULQXV"
              },
              {
                "dns_name": "vpce-01b12b7d250dee3a3-5395qbzs-us-east-1b.logs.us-east-1.vpce.amazonaws.com",
                "hosted_zone_id": "Z7HUB22UULQXV"
              },
              {
                "dns_name": "vpce-01b12b7d250dee3a3-5395qbzs-us-east-1c.logs.us-east-1.vpce.amazonaws.com",
                "hosted_zone_id": "Z7HUB22UULQXV"
              },
              {
                "dns_name": "logs.us-east-1.amazonaws.com",
                "hosted_zone_id": "Z06255312BYZZPGNTHCQ0"
              },
              {
                "dns_name": "streaming-logs.us-east-1.amazonaws.com",
                "hosted_zone_id": "Z00879091L29W8L3CYBLT"
              },
              {
                "dns_name": "streaming-logs.us-east-1.api.aws",
                "hosted_zone_id": "Z008633324BKQGGRTI3ZH"
              },
              {
                "dns_name": "logs.us-east-1.api.aws",
                "hosted_zone_id": "Z0625530ZX6157U39HS"
              }
            ],
            "dns_options": [
              {
                "dns_record_ip_type": "ipv4",
                "private_dns_only_for_inbound_resolver_endpoint": false,
                "private_dns_preference": "",
                "private_dns_specified_domains": []
              }
            ],
            "id": "vpce-01b12b7d250dee3a3",
            "ip_address_type": "ipv4",
            "network_interface_ids": [
              "eni-0c8cd3c96e051453c",
              "eni-0e7b5908b24748e79"
            ],
            "owner_id": "689069515280",
            "policy": "{\"Statement\":[{\"Action\":\"*\",\"Effect\":\"Allow\",\"Principal\":\"*\",\"Resource\":\"*\"}]}",
            "prefix_list_id": null,
            "private_dns_enabled": true,
            "region": "us-east-1",
            "requester_managed": false,
            "resource_configuration_arn": "",
            "route_table_ids": [],
            "security_group_ids": [
              "sg-073d2390cf11e8ab1"
            ],
            "service_name": "com.amazonaws.us-east-1.logs",
            "service_network_arn": "",
            "service_region": "us-east-1",
            "state": "available",
            "subnet_configuration": [
              {
                "ipv4": "192.168.152.124",
                "ipv6": "",
                "subnet_id": "subnet-0db09e39c4b62f49c"
              },
              {
                "ipv4": "192.168.166.40",
                "ipv6": "",
                "subnet_id": "subnet-02cbd0f750a899b2d"
              }
            ],
            "subnet_ids": [
              "subnet-02cbd0f750a899b2d",
              "subnet-0db09e39c4b62f49c"
            ],
            "tags": {
              "Name": "acvals-su-chain-demo-logs"
            },
            "tags_all": {
              "Environment": "demo",
              "ManagedBy": "Terraform",
              "Name": "acvals-su-chain-demo-logs",
              "Project": "AgentCore-Supply-Chain",
              "Stack": "acvals-su-chain"
            },
            "timeouts": null,
            "vpc_endpoint_type": "Interface",
            "vpc_id": "vpc-09af3b8d20e312e6b"
          },
          "sensitive_attributes": [],
          "identity_schema_version": 0,
          "identity": {
            "account_id": "689069515280",
            "id": "vpce-01b12b7d250dee3a3",
            "region": "us-east-1"
          },
          "private": "eyJlMmJmYjczMC1lY2FhLTExZTYtOGY4OC0zNDM2M2JjN2M0YzAiOnsiY3JlYXRlIjo2MDAwMDAwMDAwMDAsImRlbGV0ZSI6NjAwMDAwMDAwMDAwLCJ1cGRhdGUiOjYwMDAwMDAwMDAwMH19",
          "dependencies": [
            "aws_security_group.vpc_endpoints",
            "data.aws_region.current",
            "data.aws_subnet.runtime_subnets",
            "data.aws_vpc.selected"
          ]
        },
        {
          "index_key": "sts",
          "schema_version": 0,
          "attributes": {
            "arn": "arn:aws:ec2:us-east-1:689069515280:vpc-endpoint/vpce-08930e662246245a3",
            "auto_accept": null,
            "cidr_blocks": [],
            "dns_entry": [
              {
                "dns_name": "vpce-08930e662246245a3-a6m18q4k.sts.us-east-1.vpce.amazonaws.com",
                "hosted_zone_id": "Z7HUB22UULQXV"
              },
              {
                "dns_name": "vpce-08930e662246245a3-a6m18q4k-us-east-1c.sts.us-east-1.vpce.amazonaws.com",
                "hosted_zone_id": "Z7HUB22UULQXV"
              },
              {
                "dns_name": "vpce-08930e662246245a3-a6m18q4k-us-east-1b.sts.us-east-1.vpce.amazonaws.com",
                "hosted_zone_id": "Z7HUB22UULQXV"
              },
              {
                "dns_name": "sts.us-east-1.amazonaws.com",
                "hosted_zone_id": "Z01105063DRSTPG8I2AL3"
              },
              {
                "dns_name": "sts.us-east-1.api.aws",
                "hosted_zone_id": "Z0623668OGT55D43LARM"
              }
            ],
            "dns_options": [
              {
                "dns_record_ip_type": "ipv4",
                "private_dns_only_for_inbound_resolver_endpoint": false,
                "private_dns_preference": "",
                "private_dns_specified_domains": []
              }
            ],
            "id": "vpce-08930e662246245a3",
            "ip_address_type": "ipv4",
            "network_interface_ids": [
              "eni-05657f260897d943c",
              "eni-0e4a75d0662438057"
            ],
            "owner_id": "689069515280",
            "policy": "{\"Statement\":[{\"Action\":\"*\",\"Effect\":\"Allow\",\"Principal\":\"*\",\"Resource\":\"*\"}]}",
            "prefix_list_id": null,
            "private_dns_enabled": true,
            "region": "us-east-1",
            "requester_managed": false,
            "resource_configuration_arn": "",
            "route_table_ids": [],
            "security_group_ids": [
              "sg-073d2390cf11e8ab1"
            ],
            "service_name": "com.amazonaws.us-east-1.sts",
            "service_network_arn": "",
            "service_region": "us-east-1",
            "state": "available",
            "subnet_configuration": [
              {
                "ipv4": "192.168.136.187",
                "ipv6": "",
                "subnet_id": "subnet-0db09e39c4b62f49c"
              },
              {
                "ipv4": "192.168.185.107",
                "ipv6": "",
                "subnet_id": "subnet-02cbd0f750a899b2d"
              }
            ],
            "subnet_ids": [
              "subnet-02cbd0f750a899b2d",
              "subnet-0db09e39c4b62f49c"
            ],
            "tags": {
              "Name": "acvals-su-chain-demo-sts"
            },
            "tags_all": {
              "Environment": "demo",
              "ManagedBy": "Terraform",
              "Name": "acvals-su-chain-demo-sts",
              "Project": "AgentCore-Supply-Chain",
              "Stack": "acvals-su-chain"
            },
            "timeouts": null,
            "vpc_endpoint_type": "Interface",
            "vpc_id": "vpc-09af3b8d20e312e6b"
          },
          "sensitive_attributes": [],
          "identity_schema_version": 0,
          "identity": {
            "account_id": "689069515280",
            "id": "vpce-08930e662246245a3",
            "region": "us-east-1"
          },
          "private": "eyJlMmJmYjczMC1lY2FhLTExZTYtOGY4OC0zNDM2M2JjN2M0YzAiOnsiY3JlYXRlIjo2MDAwMDAwMDAwMDAsImRlbGV0ZSI6NjAwMDAwMDAwMDAwLCJ1cGRhdGUiOjYwMDAwMDAwMDAwMH19",
          "dependencies": [
            "aws_security_group.vpc_endpoints",
            "data.aws_region.current",
            "data.aws_subnet.runtime_subnets",
            "data.aws_vpc.selected"
          ]
        },
        {
          "index_key": "xray",
          "schema_version": 0,
          "attributes": {
            "arn": "arn:aws:ec2:us-east-1:689069515280:vpc-endpoint/vpce-0392b7093b6ad773c",
            "auto_accept": null,
            "cidr_blocks": [],
            "dns_entry": [
              {
                "dns_name": "vpce-0392b7093b6ad773c-4ir0atlm.xray.us-east-1.vpce.amazonaws.com",
                "hosted_zone_id": "Z7HUB22UULQXV"
              },
              {
                "dns_name": "vpce-0392b7093b6ad773c-4ir0atlm-us-east-1c.xray.us-east-1.vpce.amazonaws.com",
                "hosted_zone_id": "Z7HUB22UULQXV"
              },
              {
                "dns_name": "vpce-0392b7093b6ad773c-4ir0atlm-us-east-1b.xray.us-east-1.vpce.amazonaws.com",
                "hosted_zone_id": "Z7HUB22UULQXV"
              },
              {
                "dns_name": "xray.us-east-1.amazonaws.com",
                "hosted_zone_id": "Z06245742Q1QX2T13HEE6"
              },
              {
                "dns_name": "xray.us-east-1.api.aws",
                "hosted_zone_id": "Z062454529ZRTHWIFVSQM"
              }
            ],
            "dns_options": [
              {
                "dns_record_ip_type": "ipv4",
                "private_dns_only_for_inbound_resolver_endpoint": false,
                "private_dns_preference": "",
                "private_dns_specified_domains": []
              }
            ],
            "id": "vpce-0392b7093b6ad773c",
            "ip_address_type": "ipv4",
            "network_interface_ids": [
              "eni-042e9c87ad5e1b311",
              "eni-04bcd499d4f8c447b"
            ],
            "owner_id": "689069515280",
            "policy": "{\"Statement\":[{\"Action\":\"*\",\"Effect\":\"Allow\",\"Principal\":\"*\",\"Resource\":\"*\"}]}",
            "prefix_list_id": null,
            "private_dns_enabled": true,
            "region": "us-east-1",
            "requester_managed": false,
            "resource_configuration_arn": "",
            "route_table_ids": [],
            "security_group_ids": [
              "sg-073d2390cf11e8ab1"
            ],
            "service_name": "com.amazonaws.us-east-1.xray",
            "service_network_arn": "",
            "service_region": "us-east-1",
            "state": "available",
            "subnet_configuration": [
              {
                "ipv4": "192.168.133.99",
                "ipv6": "",
                "subnet_id": "subnet-0db09e39c4b62f49c"
              },
              {
                "ipv4": "192.168.174.181",
                "ipv6": "",
                "subnet_id": "subnet-02cbd0f750a899b2d"
              }
            ],
            "subnet_ids": [
              "subnet-02cbd0f750a899b2d",
              "subnet-0db09e39c4b62f49c"
            ],
            "tags": {
              "Name": "acvals-su-chain-demo-xray"
            },
            "tags_all": {
              "Environment": "demo",
              "ManagedBy": "Terraform",
              "Name": "acvals-su-chain-demo-xray",
              "Project": "AgentCore-Supply-Chain",
              "Stack": "acvals-su-chain"
            },
            "timeouts": null,
            "vpc_endpoint_type": "Interface",
            "vpc_id": "vpc-09af3b8d20e312e6b"
          },
          "sensitive_attributes": [],
          "identity_schema_version": 0,
          "identity": {
            "account_id": "689069515280",
            "id": "vpce-0392b7093b6ad773c",
            "region": "us-east-1"
          },
          "private": "eyJlMmJmYjczMC1lY2FhLTExZTYtOGY4OC0zNDM2M2JjN2M0YzAiOnsiY3JlYXRlIjo2MDAwMDAwMDAwMDAsImRlbGV0ZSI6NjAwMDAwMDAwMDAwLCJ1cGRhdGUiOjYwMDAwMDAwMDAwMH19",
          "dependencies": [
            "aws_security_group.vpc_endpoints",
            "data.aws_region.current",
            "data.aws_subnet.runtime_subnets",
            "data.aws_vpc.selected"
          ]
        }
      ]
    },
    {
      "mode": "managed",
      "type": "aws_vpc_endpoint",
      "name": "s3",
      "provider": "provider[\"registry.terraform.io/hashicorp/aws\"]",
      "instances": [
        {
          "schema_version": 0,
          "attributes": {
            "arn": "arn:aws:ec2:us-east-1:689069515280:vpc-endpoint/vpce-0ff92623f48b01313",
            "auto_accept": null,
            "cidr_blocks": [
              "16.15.176.0/20",
              "16.182.0.0/16",
              "18.34.0.0/19",
              "52.216.0.0/15",
              "54.231.0.0/16",
              "3.5.0.0/19",
              "18.34.232.0/21",
              "16.15.192.0/18"
            ],
            "dns_entry": [],
            "dns_options": [
              {
                "dns_record_ip_type": "service-defined",
                "private_dns_only_for_inbound_resolver_endpoint": false,
                "private_dns_preference": "",
                "private_dns_specified_domains": []
              }
            ],
            "id": "vpce-0ff92623f48b01313",
            "ip_address_type": "ipv4",
            "network_interface_ids": [],
            "owner_id": "689069515280",
            "policy": "{\"Statement\":[{\"Action\":\"*\",\"Effect\":\"Allow\",\"Principal\":\"*\",\"Resource\":\"*\"}],\"Version\":\"2008-10-17\"}",
            "prefix_list_id": "pl-63a5400a",
            "private_dns_enabled": false,
            "region": "us-east-1",
            "requester_managed": false,
            "resource_configuration_arn": "",
            "route_table_ids": [
              "rtb-010e73915de999130"
            ],
            "security_group_ids": [],
            "service_name": "com.amazonaws.us-east-1.s3",
            "service_network_arn": "",
            "service_region": "us-east-1",
            "state": "available",
            "subnet_configuration": [],
            "subnet_ids": [],
            "tags": {
              "Name": "acvals-su-chain-demo-s3"
            },
            "tags_all": {
              "Environment": "demo",
              "ManagedBy": "Terraform",
              "Name": "acvals-su-chain-demo-s3",
              "Project": "AgentCore-Supply-Chain",
              "Stack": "acvals-su-chain"
            },
            "timeouts": null,
            "vpc_endpoint_type": "Gateway",
            "vpc_id": "vpc-09af3b8d20e312e6b"
          },
          "sensitive_attributes": [],
          "identity_schema_version": 0,
          "identity": {
            "account_id": "689069515280",
            "id": "vpce-0ff92623f48b01313",
            "region": "us-east-1"
          },
          "private": "eyJlMmJmYjczMC1lY2FhLTExZTYtOGY4OC0zNDM2M2JjN2M0YzAiOnsiY3JlYXRlIjo2MDAwMDAwMDAwMDAsImRlbGV0ZSI6NjAwMDAwMDAwMDAwLCJ1cGRhdGUiOjYwMDAwMDAwMDAwMH19",
          "dependencies": [
            "data.aws_region.current",
            "data.aws_route_table.main"
          ]
        }
      ]
    },
    {
      "mode": "managed",
      "type": "null_resource",
      "name": "build_evaluators",
      "provider": "provider[\"registry.terraform.io/hashicorp/null\"]",
      "instances": [
        {
          "schema_version": 0,
          "attributes": {
            "id": "7239793281078900859",
            "triggers": {
              "build_project": "arn:aws:codebuild:us-east-1:689069515280:project/acvals-su-chain-demo-evaluators-build",
              "ecr_repo": "acvals-su-chain-demo-evaluators",
              "image_tag": "latest",
              "source_md5": "acf9539a8cbe49644b6ec69bd2c5bbf7"
            }
          },
          "sensitive_attributes": [],
          "identity_schema_version": 0,
          "dependencies": [
            "aws_codebuild_project.evaluators",
            "aws_ecr_repository.evaluators",
            "aws_iam_role.image_build",
            "aws_iam_role_policy.image_build",
            "aws_s3_bucket.agent_source",
            "aws_s3_object.evaluators_source",
            "data.archive_file.evaluators_source",
            "data.aws_caller_identity.current",
            "data.aws_region.current"
          ]
        }
      ]
    },
    {
      "mode": "managed",
      "type": "null_resource",
      "name": "build_mcp",
      "provider": "provider[\"registry.terraform.io/hashicorp/null\"]",
      "instances": [
        {
          "schema_version": 0,
          "attributes": {
            "id": "5827122149604447921",
            "triggers": {
              "build_project": "arn:aws:codebuild:us-east-1:689069515280:project/acvals-su-chain-demo-mcp-build",
              "ecr_repo": "acvals-su-chain-demo-mcp-tools",
              "image_tag": "latest",
              "source_md5": "f18220a8aa0717eadad8ed12144d1d82"
            }
          },
          "sensitive_attributes": [],
          "identity_schema_version": 0,
          "dependencies": [
            "aws_codebuild_project.mcp",
            "aws_ecr_repository.mcp",
            "aws_iam_role.image_build",
            "aws_iam_role_policy.image_build",
            "aws_s3_bucket.agent_source",
            "aws_s3_object.mcp_source",
            "data.archive_file.mcp_source",
            "data.aws_caller_identity.current",
            "data.aws_region.current"
          ]
        }
      ]
    },
    {
      "mode": "managed",
      "type": "null_resource",
      "name": "build_supply_chain",
      "provider": "provider[\"registry.terraform.io/hashicorp/null\"]",
      "instances": [
        {
          "schema_version": 0,
          "attributes": {
            "id": "2012551854817545637",
            "triggers": {
              "build_project": "arn:aws:codebuild:us-east-1:689069515280:project/acvals-su-chain-demo-supply-chain-build",
              "ecr_repo": "acvals-su-chain-demo-supply-chain-agent",
              "image_tag": "latest",
              "source_md5": "a7400366ec8f25c04ea127af13b2ba51"
            }
          },
          "sensitive_attributes": [],
          "identity_schema_version": 0,
          "dependencies": [
            "aws_codebuild_project.supply_chain",
            "aws_ecr_repository.supply_chain",
            "aws_iam_role.image_build",
            "aws_iam_role_policy.image_build",
            "aws_s3_bucket.agent_source",
            "aws_s3_object.supply_chain_source",
            "data.archive_file.supply_chain_source",
            "data.aws_caller_identity.current",
            "data.aws_region.current"
          ]
        }
      ]
    }
  ],
  "check_results": null
}
